// !$*UTF8*$!
{
	archiveVersion = 1;
	classes = {
	};
	objectVersion = 46;
	objects = {

/* Begin PBXBuildFile section */
		F8B325C0198608C5001A9496 /* AppDelegate.swift in Sources */ = {isa = PBXBuildFile; fileRef = F8B325BF198608C5001A9496 /* AppDelegate.swift */; };
		F8B325C2198608C5001A9496 /* ViewController.swift in Sources */ = {isa = PBXBuildFile; fileRef = F8B325C1198608C5001A9496 /* ViewController.swift */; };
		F8B325C5198608C5001A9496 /* Main.storyboard in Resources */ = {isa = PBXBuildFile; fileRef = F8B325C3198608C5001A9496 /* Main.storyboard */; };
		F8B325C7198608C5001A9496 /* Images.xcassets in Resources */ = {isa = PBXBuildFile; fileRef = F8B325C6198608C5001A9496 /* Images.xcassets */; };
		F8B325D3198608C5001A9496 /* m7testTests.swift in Sources */ = {isa = PBXBuildFile; fileRef = F8B325D2198608C5001A9496 /* m7testTests.swift */; };
		F8B325DD198608F1001A9496 /* CoreMotion.framework in Frameworks */ = {isa = PBXBuildFile; fileRef = F8B325DC198608F1001A9496 /* CoreMotion.framework */; };
/* End PBXBuildFile section */

/* Begin PBXContainerItemProxy section */
		F8B325CD198608C5001A9496 /* PBXContainerItemProxy */ = {
			isa = PBXContainerItemProxy;
			containerPortal = F8B325B2198608C5001A9496 /* Project object */;
			proxyType = 1;
			remoteGlobalIDString = F8B325B9198608C5001A9496;
			remoteInfo = m7test;
		};
/* End PBXContainerItemProxy section */

/* Begin PBXFileReference section */
		F8B325BA198608C5001A9496 /* m7test.app */ = {isa = PBXFileReference; explicitFileType = wrapper.application; includeInIndex = 0; path = m7test.app; sourceTree = BUILT_PRODUCTS_DIR; };
		F8B325BE198608C5001A9496 /* Info.plist */ = {isa = PBXFileReference; lastKnownFileType = text.plist.xml; path = Info.plist; sourceTree = "<group>"; };
		F8B325BF198608C5001A9496 /* AppDelegate.swift */ = {isa = PBXFileReference; lastKnownFileType = sourcecode.swift; path = AppDelegate.swift; sourceTree = "<group>"; };
		F8B325C1198608C5001A9496 /* ViewController.swift */ = {isa = PBXFileReference; lastKnownFileType = sourcecode.swift; path = ViewController.swift; sourceTree = "<group>"; };
		F8B325C4198608C5001A9496 /* Base */ = {isa = PBXFileReference; lastKnownFileType = file.storyboard; name = Base; path = Base.lproj/Main.storyboard; sourceTree = "<group>"; };
		F8B325C6198608C5001A9496 /* Images.xcassets */ = {isa = PBXFileReference; lastKnownFileType = folder.assetcatalog; path = Images.xcassets; sourceTree = "<group>"; };
		F8B325CC198608C5001A9496 /* m7testTests.xctest */ = {isa = PBXFileReference; explicitFileType = wrapper.cfbundle; includeInIndex = 0; path = m7testTests.xctest; sourceTree = BUILT_PRODUCTS_DIR; };
		F8B325D1198608C5001A9496 /* Info.plist */ = {isa = PBXFileReference; lastKnownFileType = text.plist.xml; path = Info.plist; sourceTree = "<group>"; };
		F8B325D2198608C5001A9496 /* m7testTests.swift */ = {isa = PBXFileReference; lastKnownFileType = sourcecode.swift; path = m7testTests.swift; sourceTree = "<group>"; };
		F8B325DC198608F1001A9496 /* CoreMotion.framework */ = {isa = PBXFileReference; lastKnownFileType = wrapper.framework; name = CoreMotion.framework; path = System/Library/Frameworks/CoreMotion.framework; sourceTree = SDKROOT; };
/* End PBXFileReference section */

/* Begin PBXFrameworksBuildPhase section */
		F8B325B7198608C5001A9496 /* Frameworks */ = {
			isa = PBXFrameworksBuildPhase;
			buildActionMask = 2147483647;
			files = (
				F8B325DD198608F1001A9496 /* CoreMotion.framework in Frameworks */,
			);
			runOnlyForDeploymentPostprocessing = 0;
		};
		F8B325C9198608C5001A9496 /* Frameworks */ = {
			isa = PBXFrameworksBuildPhase;
			buildActionMask = 2147483647;
			files = (
			);
			runOnlyForDeploymentPostprocessing = 0;
		};
/* End PBXFrameworksBuildPhase section */

/* Begin PBXGroup section */
		F8B325B1198608C5001A9496 = {
			isa = PBXGroup;
			children = (
				F8B325DC198608F1001A9496 /* CoreMotion.framework */,
				F8B325BC198608C5001A9496 /* m7test */,
				F8B325CF198608C5001A9496 /* m7testTests */,
				F8B325BB198608C5001A9496 /* Products */,
			);
			sourceTree = "<group>";
		};
		F8B325BB198608C5001A9496 /* Products */ = {
			isa = PBXGroup;
			children = (
				F8B325BA198608C5001A9496 /* m7test.app */,
				F8B325CC198608C5001A9496 /* m7testTests.xctest */,
			);
			name = Products;
			sourceTree = "<group>";
		};
		F8B325BC198608C5001A9496 /* m7test */ = {
			isa = PBXGroup;
			children = (
				F8B325BF198608C5001A9496 /* AppDelegate.swift */,
				F8B325C1198608C5001A9496 /* ViewController.swift */,
				F8B325C3198608C5001A9496 /* Main.storyboard */,
				F8B325C6198608C5001A9496 /* Images.xcassets */,
				F8B325BD198608C5001A9496 /* Supporting Files */,
			);
			path = m7test;
			sourceTree = "<group>";
		};
		F8B325BD198608C5001A9496 /* Supporting Files */ = {
			isa = PBXGroup;
			children = (
				F8B325BE198608C5001A9496 /* Info.plist */,
			);
			name = "Supporting Files";
			sourceTree = "<group>";
		};
		F8B325CF198608C5001A9496 /* m7testTests */ = {
			isa = PBXGroup;
			children = (
				F8B325D2198608C5001A9496 /* m7testTests.swift */,
				F8B325D0198608C5001A9496 /* Supporting Files */,
			);
			path = m7testTests;
			sourceTree = "<group>";
		};
		F8B325D0198608C5001A9496 /* Supporting Files */ = {
			isa = PBXGroup;
			children = (
				F8B325D1198608C5001A9496 /* Info.plist */,
			);
			name = "Supporting Files";
			sourceTree = "<group>";
		};
/* End PBXGroup section */

/* Begin PBXNativeTarget section */
		F8B325B9198608C5001A9496 /* m7test */ = {
			isa = PBXNativeTarget;
			buildConfigurationList = F8B325D6198608C5001A9496 /* Build configuration list for PBXNativeTarget "m7test" */;
			buildPhases = (
				F8B325B6198608C5001A9496 /* Sources */,
				F8B325B7198608C5001A9496 /* Frameworks */,
				F8B325B8198608C5001A9496 /* Resources */,
			);
			buildRules = (
			);
			dependencies = (
			);
			name = m7test;
			productName = m7test;
			productReference = F8B325BA198608C5001A9496 /* m7test.app */;
			productType = "com.apple.product-type.application";
		};
		F8B325CB198608C5001A9496 /* m7testTests */ = {
			isa = PBXNativeTarget;
			buildConfigurationList = F8B325D9198608C5001A9496 /* Build configuration list for PBXNativeTarget "m7testTests" */;
			buildPhases = (
				F8B325C8198608C5001A9496 /* Sources */,
				F8B325C9198608C5001A9496 /* Frameworks */,
				F8B325CA198608C5001A9496 /* Resources */,
			);
			buildRules = (
			);
			dependencies = (
				F8B325CE198608C5001A9496 /* PBXTargetDependency */,
			);
			name = m7testTests;
			productName = m7testTests;
			productReference = F8B325CC198608C5001A9496 /* m7testTests.xctest */;
			productType = "com.apple.product-type.bundle.unit-test";
		};
/* End PBXNativeTarget section */

/* Begin PBXProject section */
		F8B325B2198608C5001A9496 /* Project object */ = {
			isa = PBXProject;
			attributes = {
				LastUpgradeCheck = 0600;
				ORGANIZATIONNAME = "ステファンアレクサンダー";
				TargetAttributes = {
					F8B325B9198608C5001A9496 = {
						CreatedOnToolsVersion = 6.0;
						DevelopmentTeam = 628U27X7NX;
					};
					F8B325CB198608C5001A9496 = {
						CreatedOnToolsVersion = 6.0;
						TestTargetID = F8B325B9198608C5001A9496;
					};
				};
			};
			buildConfigurationList = F8B325B5198608C5001A9496 /* Build configuration list for PBXProject "m7test" */;
			compatibilityVersion = "Xcode 3.2";
			developmentRegion = English;
			hasScannedForEncodings = 0;
			knownRegions = (
				en,
				Base,
			);
			mainGroup = F8B325B1198608C5001A9496;
			productRefGroup = F8B325BB198608C5001A9496 /* Products */;
			projectDirPath = "";
			projectRoot = "";
			targets = (
				F8B325B9198608C5001A9496 /* m7test */,
				F8B325CB198608C5001A9496 /* m7testTests */,
			);
		};
/* End PBXProject section */

/* Begin PBXResourcesBuildPhase section */
		F8B325B8198608C5001A9496 /* Resources */ = {
			isa = PBXResourcesBuildPhase;
			buildActionMask = 2147483647;
			files = (
				F8B325C5198608C5001A9496 /* Main.storyboard in Resources */,
				F8B325C7198608C5001A9496 /* Images.xcassets in Resources */,
			);
			runOnlyForDeploymentPostprocessing = 0;
		};
		F8B325CA198608C5001A9496 /* Resources */ = {
			isa = PBXResourcesBuildPhase;
			buildActionMask = 2147483647;
			files = (
			);
			runOnlyForDeploymentPostprocessing = 0;
		};
/* End PBXResourcesBuildPhase section */

/* Begin PBXSourcesBuildPhase section */
		F8B325B6198608C5001A9496 /* Sources */ = {
			isa = PBXSourcesBuildPhase;
			buildActionMask = 2147483647;
			files = (
				F8B325C2198608C5001A9496 /* ViewController.swift in Sources */,
				F8B325C0198608C5001A9496 /* AppDelegate.swift in Sources */,
			);
			runOnlyForDeploymentPostprocessing = 0;
		};
		F8B325C8198608C5001A9496 /* Sources */ = {
			isa = PBXSourcesBuildPhase;
			buildActionMask = 2147483647;
			files = (
				F8B325D3198608C5001A9496 /* m7testTests.swift in Sources */,
			);
			runOnlyForDeploymentPostprocessing = 0;
		};
/* End PBXSourcesBuildPhase section */

/* Begin PBXTargetDependency section */
		F8B325CE198608C5001A9496 /* PBXTargetDependency */ = {
			isa = PBXTargetDependency;
			target = F8B325B9198608C5001A9496 /* m7test */;
			targetProxy = F8B325CD198608C5001A9496 /* PBXContainerItemProxy */;
		};
/* End PBXTargetDependency section */

/* Begin PBXVariantGroup section */
		F8B325C3198608C5001A9496 /* Main.storyboard */ = {
			isa = PBXVariantGroup;
			children = (
				F8B325C4198608C5001A9496 /* Base */,
			);
			name = Main.storyboard;
			sourceTree = "<group>";
		};
/* End PBXVariantGroup section */

/* Begin XCBuildConfiguration section */
		F8B325D4198608C5001A9496 /* Debug */ = {
			isa = XCBuildConfiguration;
			buildSettings = {
				ALWAYS_SEARCH_USER_PATHS = NO;
				CLANG_CXX_LANGUAGE_STANDARD = "gnu++0x";
				CLANG_CXX_LIBRARY = "libc++";
				CLANG_ENABLE_MODULES = YES;
				CLANG_ENABLE_OBJC_ARC = YES;
				CLANG_WARN_BOOL_CONVERSION = YES;
				CLANG_WARN_CONSTANT_CONVERSION = YES;
				CLANG_WARN_DIRECT_OBJC_ISA_USAGE = YES_ERROR;
				CLANG_WARN_EMPTY_BODY = YES;
				CLANG_WARN_ENUM_CONVERSION = YES;
				CLANG_WARN_INT_CONVERSION = YES;
				CLANG_WARN_OBJC_ROOT_CLASS = YES_ERROR;
				CLANG_WARN_UNREACHABLE_CODE = YES;
				CLANG_WARN__DUPLICATE_METHOD_MATCH = YES;
				"CODE_SIGN_IDENTITY[sdk=iphoneos*]" = "iPhone Developer";
				COPY_PHASE_STRIP = NO;
				ENABLE_STRICT_OBJC_MSGSEND = YES;
				GCC_C_LANGUAGE_STANDARD = gnu99;
				GCC_DYNAMIC_NO_PIC = NO;
				GCC_OPTIMIZATION_LEVEL = 0;
				GCC_PREPROCESSOR_DEFINITIONS = (
					"DEBUG=1",
					"$(inherited)",
				);
				GCC_SYMBOLS_PRIVATE_EXTERN = NO;
				GCC_WARN_64_TO_32_BIT_CONVERSION = YES;
				GCC_WARN_ABOUT_RETURN_TYPE = YES_ERROR;
				GCC_WARN_UNDECLARED_SELECTOR = YES;
				GCC_WARN_UNINITIALIZED_AUTOS = YES_AGGRESSIVE;
				GCC_WARN_UNUSED_FUNCTION = YES;
				GCC_WARN_UNUSED_VARIABLE = YES;
				IPHONEOS_DEPLOYMENT_TARGET = 8.0;
				MTL_ENABLE_DEBUG_INFO = YES;
				ONLY_ACTIVE_ARCH = YES;
				SDKROOT = iphoneos;
				SWIFT_OPTIMIZATION_LEVEL = "-Onone";
			};
			name = Debug;
		};
		F8B325D5198608C5001A9496 /* Release */ = {
			isa = XCBuildConfiguration;
			buildSettings = {
				ALWAYS_SEARCH_USER_PATHS = NO;
				CLANG_CXX_LANGUAGE_STANDARD = "gnu++0x";
				CLANG_CXX_LIBRARY = "libc++";
				CLANG_ENABLE_MODULES = YES;
				CLANG_ENABLE_OBJC_ARC = YES;
				CLANG_WARN_BOOL_CONVERSION = YES;
				CLANG_WARN_CONSTANT_CONVERSION = YES;
				CLANG_WARN_DIRECT_OBJC_ISA_USAGE = YES_ERROR;
				CLANG_WARN_EMPTY_BODY = YES;
				CLANG_WARN_ENUM_CONVERSION = YES;
				CLANG_WARN_INT_CONVERSION = YES;
				CLANG_WARN_OBJC_ROOT_CLASS = YES_ERROR;
				CLANG_WARN_UNREACHABLE_CODE = YES;
				CLANG_WARN__DUPLICATE_METHOD_MATCH = YES;
				"CODE_SIGN_IDENTITY[sdk=iphoneos*]" = "iPhone Developer";
				COPY_PHASE_STRIP = YES;
				ENABLE_NS_ASSERTIONS = NO;
				ENABLE_STRICT_OBJC_MSGSEND = YES;
				GCC_C_LANGUAGE_STANDARD = gnu99;
				GCC_WARN_64_TO_32_BIT_CONVERSION = YES;
				GCC_WARN_ABOUT_RETURN_TYPE = YES_ERROR;
				GCC_WARN_UNDECLARED_SELECTOR = YES;
				GCC_WARN_UNINITIALIZED_AUTOS = YES_AGGRESSIVE;
				GCC_WARN_UNUSED_FUNCTION = YES;
				GCC_WARN_UNUSED_VARIABLE = YES;
				IPHONEOS_DEPLOYMENT_TARGET = 8.0;
				MTL_ENABLE_DEBUG_INFO = NO;
				SDKROOT = iphoneos;
				VALIDATE_PRODUCT = YES;
			};
			name = Release;
		};
		F8B325D7198608C5001A9496 /* Debug */ = {
			isa = XCBuildConfiguration;
			buildSettings = {
				ASSETCATALOG_COMPILER_APPICON_NAME = AppIcon;
				ASSETCATALOG_COMPILER_LAUNCHIMAGE_NAME = LaunchImage;
				CODE_SIGN_IDENTITY = "iPhone Developer: あすか 若尾 (R2QSF3WF97)";
				INFOPLIST_FILE = m7test/Info.plist;
				IPHONEOS_DEPLOYMENT_TARGET = 7.1;
				LD_RUNPATH_SEARCH_PATHS = "$(inherited) @executable_path/Frameworks";
				PRODUCT_NAME = "$(TARGET_NAME)";
			};
			name = Debug;
		};
		F8B325D8198608C5001A9496 /* Release */ = {
			isa = XCBuildConfiguration;
			buildSettings = {
				ASSETCATALOG_COMPILER_APPICON_NAME = AppIcon;
				ASSETCATALOG_COMPILER_LAUNCHIMAGE_NAME = LaunchImage;
				CODE_SIGN_IDENTITY = "iPhone Developer: あすか 若尾 (R2QSF3WF97)";
				INFOPLIST_FILE = m7test/Info.plist;
				IPHONEOS_DEPLOYMENT_TARGET = 7.1;
				LD_RUNPATH_SEARCH_PATHS = "$(inherited) @executable_path/Frameworks";
				PRODUCT_NAME = "$(TARGET_NAME)";
			};
			name = Release;
		};
		F8B325DA198608C5001A9496 /* Debug */ = {
			isa = XCBuildConfiguration;
			buildSettings = {
				BUNDLE_LOADER = "$(BUILT_PRODUCTS_DIR)/m7test.app/m7test";
				FRAMEWORK_SEARCH_PATHS = (
					"$(SDKROOT)/Developer/Library/Frameworks",
					"$(inherited)",
				);
				GCC_PREPROCESSOR_DEFINITIONS = (
					"DEBUG=1",
					"$(inherited)",
				);
				INFOPLIST_FILE = m7testTests/Info.plist;
				LD_RUNPATH_SEARCH_PATHS = "$(inherited) @executable_path/Frameworks @loader_path/Frameworks";
				PRODUCT_NAME = "$(TARGET_NAME)";
				TEST_HOST = "$(BUNDLE_LOADER)";
			};
			name = Debug;
		};
		F8B325DB198608C5001A9496 /* Release */ = {
			isa = XCBuildConfiguration;
			buildSettings = {
				BUNDLE_LOADER = "$(BUILT_PRODUCTS_DIR)/m7test.app/m7test";
				FRAMEWORK_SEARCH_PATHS = (
					"$(SDKROOT)/Developer/Library/Frameworks",
					"$(inherited)",
				);
				INFOPLIST_FILE = m7testTests/Info.plist;
				LD_RUNPATH_SEARCH_PATHS = "$(inherited) @executable_path/Frameworks @loader_path/Frameworks";
				PRODUCT_NAME = "$(TARGET_NAME)";
				TEST_HOST = "$(BUNDLE_LOADER)";
			};
			name = Release;
		};
/* End XCBuildConfiguration section */

/* Begin XCConfigurationList section */
		F8B325B5198608C5001A9496 /* Build configuration list for PBXProject "m7test" */ = {
			isa = XCConfigurationList;
			buildConfigurations = (
				F8B325D4198608C5001A9496 /* Debug */,
				F8B325D5198608C5001A9496 /* Release */,
			);
			defaultConfigurationIsVisible = 0;
			defaultConfigurationName = Release;
		};
		F8B325D6198608C5001A9496 /* Build configuration list for PBXNativeTarget "m7test" */ = {
			isa = XCConfigurationList;
			buildConfigurations = (
				F8B325D7198608C5001A9496 /* Debug */,
				F8B325D8198608C5001A9496 /* Release */,
			);
			defaultConfigurationIsVisible = 0;
			defaultConfigurationName = Release;
		};
		F8B325D9198608C5001A9496 /* Build configuration list for PBXNativeTarget "m7testTests" */ = {
			isa = XCConfigurationList;
			buildConfigurations = (
				F8B325DA198608C5001A9496 /* Debug */,
				F8B325DB198608C5001A9496 /* Release */,
			);
			defaultConfigurationIsVisible = 0;
			defaultConfigurationName = Release;
		};
/* End XCConfigurationList section */
	};
	rootObject = F8B325B2198608C5001A9496 /* Project object */;
}
