// !$*UTF8*$!
{
	archiveVersion = 1;
	classes = {
	};
	objectVersion = 46;
	objects = {

/* Begin PBXBuildFile section */
		F81723A8198B2B3900142BC3 /* Accounts.framework in Frameworks */ = {isa = PBXBuildFile; fileRef = F81723A7198B2B3900142BC3 /* Accounts.framework */; };
		F83C4F6319873BEF00DBFD8B /* AppDelegate.swift in Sources */ = {isa = PBXBuildFile; fileRef = F83C4F6219873BEF00DBFD8B /* AppDelegate.swift */; };
		F83C4F6519873BEF00DBFD8B /* ViewController.swift in Sources */ = {isa = PBXBuildFile; fileRef = F83C4F6419873BEF00DBFD8B /* ViewController.swift */; };
		F83C4F6819873BEF00DBFD8B /* Main.storyboard in Resources */ = {isa = PBXBuildFile; fileRef = F83C4F6619873BEF00DBFD8B /* Main.storyboard */; };
		F83C4F6A19873BEF00DBFD8B /* Images.xcassets in Resources */ = {isa = PBXBuildFile; fileRef = F83C4F6919873BEF00DBFD8B /* Images.xcassets */; };
		F83C4F7619873BEF00DBFD8B /* multipeerConnectivityTestTests.swift in Sources */ = {isa = PBXBuildFile; fileRef = F83C4F7519873BEF00DBFD8B /* multipeerConnectivityTestTests.swift */; };
		F83C4F8019873BFA00DBFD8B /* MultipeerConnectivity.framework in Frameworks */ = {isa = PBXBuildFile; fileRef = F83C4F7F19873BFA00DBFD8B /* MultipeerConnectivity.framework */; };
/* End PBXBuildFile section */

/* Begin PBXContainerItemProxy section */
		F83C4F7019873BEF00DBFD8B /* PBXContainerItemProxy */ = {
			isa = PBXContainerItemProxy;
			containerPortal = F83C4F5519873BEF00DBFD8B /* Project object */;
			proxyType = 1;
			remoteGlobalIDString = F83C4F5C19873BEF00DBFD8B;
			remoteInfo = multipeerConnectivityTest;
		};
/* End PBXContainerItemProxy section */

/* Begin PBXFileReference section */
		F81723A7198B2B3900142BC3 /* Accounts.framework */ = {isa = PBXFileReference; lastKnownFileType = wrapper.framework; name = Accounts.framework; path = System/Library/Frameworks/Accounts.framework; sourceTree = SDKROOT; };
		F83C4F5D19873BEF00DBFD8B /* multipeerConnectivityTest.app */ = {isa = PBXFileReference; explicitFileType = wrapper.application; includeInIndex = 0; path = multipeerConnectivityTest.app; sourceTree = BUILT_PRODUCTS_DIR; };
		F83C4F6119873BEF00DBFD8B /* Info.plist */ = {isa = PBXFileReference; lastKnownFileType = text.plist.xml; path = Info.plist; sourceTree = "<group>"; };
		F83C4F6219873BEF00DBFD8B /* AppDelegate.swift */ = {isa = PBXFileReference; lastKnownFileType = sourcecode.swift; path = AppDelegate.swift; sourceTree = "<group>"; };
		F83C4F6419873BEF00DBFD8B /* ViewController.swift */ = {isa = PBXFileReference; lastKnownFileType = sourcecode.swift; path = ViewController.swift; sourceTree = "<group>"; };
		F83C4F6719873BEF00DBFD8B /* Base */ = {isa = PBXFileReference; lastKnownFileType = file.storyboard; name = Base; path = Base.lproj/Main.storyboard; sourceTree = "<group>"; };
		F83C4F6919873BEF00DBFD8B /* Images.xcassets */ = {isa = PBXFileReference; lastKnownFileType = folder.assetcatalog; path = Images.xcassets; sourceTree = "<group>"; };
		F83C4F6F19873BEF00DBFD8B /* multipeerConnectivityTestTests.xctest */ = {isa = PBXFileReference; explicitFileType = wrapper.cfbundle; includeInIndex = 0; path = multipeerConnectivityTestTests.xctest; sourceTree = BUILT_PRODUCTS_DIR; };
		F83C4F7419873BEF00DBFD8B /* Info.plist */ = {isa = PBXFileReference; lastKnownFileType = text.plist.xml; path = Info.plist; sourceTree = "<group>"; };
		F83C4F7519873BEF00DBFD8B /* multipeerConnectivityTestTests.swift */ = {isa = PBXFileReference; lastKnownFileType = sourcecode.swift; path = multipeerConnectivityTestTests.swift; sourceTree = "<group>"; };
		F83C4F7F19873BFA00DBFD8B /* MultipeerConnectivity.framework */ = {isa = PBXFileReference; lastKnownFileType = wrapper.framework; name = MultipeerConnectivity.framework; path = System/Library/Frameworks/MultipeerConnectivity.framework; sourceTree = SDKROOT; };
/* End PBXFileReference section */

/* Begin PBXFrameworksBuildPhase section */
		F83C4F5A19873BEF00DBFD8B /* Frameworks */ = {
			isa = PBXFrameworksBuildPhase;
			buildActionMask = 2147483647;
			files = (
				F81723A8198B2B3900142BC3 /* Accounts.framework in Frameworks */,
				F83C4F8019873BFA00DBFD8B /* MultipeerConnectivity.framework in Frameworks */,
			);
			runOnlyForDeploymentPostprocessing = 0;
		};
		F83C4F6C19873BEF00DBFD8B /* Frameworks */ = {
			isa = PBXFrameworksBuildPhase;
			buildActionMask = 2147483647;
			files = (
			);
			runOnlyForDeploymentPostprocessing = 0;
		};
/* End PBXFrameworksBuildPhase section */

/* Begin PBXGroup section */
		F83C4F5419873BEF00DBFD8B = {
			isa = PBXGroup;
			children = (
				F81723A7198B2B3900142BC3 /* Accounts.framework */,
				F83C4F7F19873BFA00DBFD8B /* MultipeerConnectivity.framework */,
				F83C4F5F19873BEF00DBFD8B /* multipeerConnectivityTest */,
				F83C4F7219873BEF00DBFD8B /* multipeerConnectivityTestTests */,
				F83C4F5E19873BEF00DBFD8B /* Products */,
			);
			sourceTree = "<group>";
		};
		F83C4F5E19873BEF00DBFD8B /* Products */ = {
			isa = PBXGroup;
			children = (
				F83C4F5D19873BEF00DBFD8B /* multipeerConnectivityTest.app */,
				F83C4F6F19873BEF00DBFD8B /* multipeerConnectivityTestTests.xctest */,
			);
			name = Products;
			sourceTree = "<group>";
		};
		F83C4F5F19873BEF00DBFD8B /* multipeerConnectivityTest */ = {
			isa = PBXGroup;
			children = (
				F83C4F6219873BEF00DBFD8B /* AppDelegate.swift */,
				F83C4F6419873BEF00DBFD8B /* ViewController.swift */,
				F83C4F6619873BEF00DBFD8B /* Main.storyboard */,
				F83C4F6919873BEF00DBFD8B /* Images.xcassets */,
				F83C4F6019873BEF00DBFD8B /* Supporting Files */,
			);
			path = multipeerConnectivityTest;
			sourceTree = "<group>";
		};
		F83C4F6019873BEF00DBFD8B /* Supporting Files */ = {
			isa = PBXGroup;
			children = (
				F83C4F6119873BEF00DBFD8B /* Info.plist */,
			);
			name = "Supporting Files";
			sourceTree = "<group>";
		};
		F83C4F7219873BEF00DBFD8B /* multipeerConnectivityTestTests */ = {
			isa = PBXGroup;
			children = (
				F83C4F7519873BEF00DBFD8B /* multipeerConnectivityTestTests.swift */,
				F83C4F7319873BEF00DBFD8B /* Supporting Files */,
			);
			path = multipeerConnectivityTestTests;
			sourceTree = "<group>";
		};
		F83C4F7319873BEF00DBFD8B /* Supporting Files */ = {
			isa = PBXGroup;
			children = (
				F83C4F7419873BEF00DBFD8B /* Info.plist */,
			);
			name = "Supporting Files";
			sourceTree = "<group>";
		};
/* End PBXGroup section */

/* Begin PBXNativeTarget section */
		F83C4F5C19873BEF00DBFD8B /* multipeerConnectivityTest */ = {
			isa = PBXNativeTarget;
			buildConfigurationList = F83C4F7919873BEF00DBFD8B /* Build configuration list for PBXNativeTarget "multipeerConnectivityTest" */;
			buildPhases = (
				F83C4F5919873BEF00DBFD8B /* Sources */,
				F83C4F5A19873BEF00DBFD8B /* Frameworks */,
				F83C4F5B19873BEF00DBFD8B /* Resources */,
			);
			buildRules = (
			);
			dependencies = (
			);
			name = multipeerConnectivityTest;
			productName = multipeerConnectivityTest;
			productReference = F83C4F5D19873BEF00DBFD8B /* multipeerConnectivityTest.app */;
			productType = "com.apple.product-type.application";
		};
		F83C4F6E19873BEF00DBFD8B /* multipeerConnectivityTestTests */ = {
			isa = PBXNativeTarget;
			buildConfigurationList = F83C4F7C19873BEF00DBFD8B /* Build configuration list for PBXNativeTarget "multipeerConnectivityTestTests" */;
			buildPhases = (
				F83C4F6B19873BEF00DBFD8B /* Sources */,
				F83C4F6C19873BEF00DBFD8B /* Frameworks */,
				F83C4F6D19873BEF00DBFD8B /* Resources */,
			);
			buildRules = (
			);
			dependencies = (
				F83C4F7119873BEF00DBFD8B /* PBXTargetDependency */,
			);
			name = multipeerConnectivityTestTests;
			productName = multipeerConnectivityTestTests;
			productReference = F83C4F6F19873BEF00DBFD8B /* multipeerConnectivityTestTests.xctest */;
			productType = "com.apple.product-type.bundle.unit-test";
		};
/* End PBXNativeTarget section */

/* Begin PBXProject section */
		F83C4F5519873BEF00DBFD8B /* Project object */ = {
			isa = PBXProject;
			attributes = {
				LastUpgradeCheck = 0600;
				ORGANIZATIONNAME = "ステファンアレクサンダー";
				TargetAttributes = {
					F83C4F5C19873BEF00DBFD8B = {
						CreatedOnToolsVersion = 6.0;
						DevelopmentTeam = 628U27X7NX;
					};
					F83C4F6E19873BEF00DBFD8B = {
						CreatedOnToolsVersion = 6.0;
						TestTargetID = F83C4F5C19873BEF00DBFD8B;
					};
				};
			};
			buildConfigurationList = F83C4F5819873BEF00DBFD8B /* Build configuration list for PBXProject "multipeerConnectivityTest" */;
			compatibilityVersion = "Xcode 3.2";
			developmentRegion = English;
			hasScannedForEncodings = 0;
			knownRegions = (
				en,
				Base,
			);
			mainGroup = F83C4F5419873BEF00DBFD8B;
			productRefGroup = F83C4F5E19873BEF00DBFD8B /* Products */;
			projectDirPath = "";
			projectRoot = "";
			targets = (
				F83C4F5C19873BEF00DBFD8B /* multipeerConnectivityTest */,
				F83C4F6E19873BEF00DBFD8B /* multipeerConnectivityTestTests */,
			);
		};
/* End PBXProject section */

/* Begin PBXResourcesBuildPhase section */
		F83C4F5B19873BEF00DBFD8B /* Resources */ = {
			isa = PBXResourcesBuildPhase;
			buildActionMask = 2147483647;
			files = (
				F83C4F6819873BEF00DBFD8B /* Main.storyboard in Resources */,
				F83C4F6A19873BEF00DBFD8B /* Images.xcassets in Resources */,
			);
			runOnlyForDeploymentPostprocessing = 0;
		};
		F83C4F6D19873BEF00DBFD8B /* Resources */ = {
			isa = PBXResourcesBuildPhase;
			buildActionMask = 2147483647;
			files = (
			);
			runOnlyForDeploymentPostprocessing = 0;
		};
/* End PBXResourcesBuildPhase section */

/* Begin PBXSourcesBuildPhase section */
		F83C4F5919873BEF00DBFD8B /* Sources */ = {
			isa = PBXSourcesBuildPhase;
			buildActionMask = 2147483647;
			files = (
				F83C4F6519873BEF00DBFD8B /* ViewController.swift in Sources */,
				F83C4F6319873BEF00DBFD8B /* AppDelegate.swift in Sources */,
			);
			runOnlyForDeploymentPostprocessing = 0;
		};
		F83C4F6B19873BEF00DBFD8B /* Sources */ = {
			isa = PBXSourcesBuildPhase;
			buildActionMask = 2147483647;
			files = (
				F83C4F7619873BEF00DBFD8B /* multipeerConnectivityTestTests.swift in Sources */,
			);
			runOnlyForDeploymentPostprocessing = 0;
		};
/* End PBXSourcesBuildPhase section */

/* Begin PBXTargetDependency section */
		F83C4F7119873BEF00DBFD8B /* PBXTargetDependency */ = {
			isa = PBXTargetDependency;
			target = F83C4F5C19873BEF00DBFD8B /* multipeerConnectivityTest */;
			targetProxy = F83C4F7019873BEF00DBFD8B /* PBXContainerItemProxy */;
		};
/* End PBXTargetDependency section */

/* Begin PBXVariantGroup section */
		F83C4F6619873BEF00DBFD8B /* Main.storyboard */ = {
			isa = PBXVariantGroup;
			children = (
				F83C4F6719873BEF00DBFD8B /* Base */,
			);
			name = Main.storyboard;
			sourceTree = "<group>";
		};
/* End PBXVariantGroup section */

/* Begin XCBuildConfiguration section */
		F83C4F7719873BEF00DBFD8B /* Debug */ = {
			isa = XCBuildConfiguration;
			buildSettings = {
				ALWAYS_SEARCH_USER_PATHS = NO;
				CLANG_CXX_LANGUAGE_STANDARD = "gnu++0x";
				CLANG_CXX_LIBRARY = "libc++";
				CLANG_ENABLE_MODULES = YES;
				CLANG_ENABLE_OBJC_ARC = YES;
				CLANG_WARN_BOOL_CONVERSION = YES;
				CLANG_WARN_CONSTANT_CONVERSION = YES;
				CLANG_WARN_DIRECT_OBJC_ISA_USAGE = YES_ERROR;
				CLANG_WARN_EMPTY_BODY = YES;
				CLANG_WARN_ENUM_CONVERSION = YES;
				CLANG_WARN_INT_CONVERSION = YES;
				CLANG_WARN_OBJC_ROOT_CLASS = YES_ERROR;
				CLANG_WARN_UNREACHABLE_CODE = YES;
				CLANG_WARN__DUPLICATE_METHOD_MATCH = YES;
				"CODE_SIGN_IDENTITY[sdk=iphoneos*]" = "iPhone Developer";
				COPY_PHASE_STRIP = NO;
				ENABLE_STRICT_OBJC_MSGSEND = YES;
				GCC_C_LANGUAGE_STANDARD = gnu99;
				GCC_DYNAMIC_NO_PIC = NO;
				GCC_OPTIMIZATION_LEVEL = 0;
				GCC_PREPROCESSOR_DEFINITIONS = (
					"DEBUG=1",
					"$(inherited)",
				);
				GCC_SYMBOLS_PRIVATE_EXTERN = NO;
				GCC_WARN_64_TO_32_BIT_CONVERSION = YES;
				GCC_WARN_ABOUT_RETURN_TYPE = YES_ERROR;
				GCC_WARN_UNDECLARED_SELECTOR = YES;
				GCC_WARN_UNINITIALIZED_AUTOS = YES_AGGRESSIVE;
				GCC_WARN_UNUSED_FUNCTION = YES;
				GCC_WARN_UNUSED_VARIABLE = YES;
				IPHONEOS_DEPLOYMENT_TARGET = 8.0;
				MTL_ENABLE_DEBUG_INFO = YES;
				ONLY_ACTIVE_ARCH = YES;
				SDKROOT = iphoneos;
				SWIFT_OPTIMIZATION_LEVEL = "-Onone";
			};
			name = Debug;
		};
		F83C4F7819873BEF00DBFD8B /* Release */ = {
			isa = XCBuildConfiguration;
			buildSettings = {
				ALWAYS_SEARCH_USER_PATHS = NO;
				CLANG_CXX_LANGUAGE_STANDARD = "gnu++0x";
				CLANG_CXX_LIBRARY = "libc++";
				CLANG_ENABLE_MODULES = YES;
				CLANG_ENABLE_OBJC_ARC = YES;
				CLANG_WARN_BOOL_CONVERSION = YES;
				CLANG_WARN_CONSTANT_CONVERSION = YES;
				CLANG_WARN_DIRECT_OBJC_ISA_USAGE = YES_ERROR;
				CLANG_WARN_EMPTY_BODY = YES;
				CLANG_WARN_ENUM_CONVERSION = YES;
				CLANG_WARN_INT_CONVERSION = YES;
				CLANG_WARN_OBJC_ROOT_CLASS = YES_ERROR;
				CLANG_WARN_UNREACHABLE_CODE = YES;
				CLANG_WARN__DUPLICATE_METHOD_MATCH = YES;
				"CODE_SIGN_IDENTITY[sdk=iphoneos*]" = "iPhone Developer";
				COPY_PHASE_STRIP = YES;
				ENABLE_NS_ASSERTIONS = NO;
				ENABLE_STRICT_OBJC_MSGSEND = YES;
				GCC_C_LANGUAGE_STANDARD = gnu99;
				GCC_WARN_64_TO_32_BIT_CONVERSION = YES;
				GCC_WARN_ABOUT_RETURN_TYPE = YES_ERROR;
				GCC_WARN_UNDECLARED_SELECTOR = YES;
				GCC_WARN_UNINITIALIZED_AUTOS = YES_AGGRESSIVE;
				GCC_WARN_UNUSED_FUNCTION = YES;
				GCC_WARN_UNUSED_VARIABLE = YES;
				IPHONEOS_DEPLOYMENT_TARGET = 8.0;
				MTL_ENABLE_DEBUG_INFO = NO;
				SDKROOT = iphoneos;
				VALIDATE_PRODUCT = YES;
			};
			name = Release;
		};
		F83C4F7A19873BEF00DBFD8B /* Debug */ = {
			isa = XCBuildConfiguration;
			buildSettings = {
				ASSETCATALOG_COMPILER_APPICON_NAME = AppIcon;
				ASSETCATALOG_COMPILER_LAUNCHIMAGE_NAME = LaunchImage;
				CODE_SIGN_IDENTITY = "iPhone Developer: やまと 歌丸 (H4XC24B75K)";
				INFOPLIST_FILE = multipeerConnectivityTest/Info.plist;
				IPHONEOS_DEPLOYMENT_TARGET = 7.1;
				LD_RUNPATH_SEARCH_PATHS = "$(inherited) @executable_path/Frameworks";
				PRODUCT_NAME = "$(TARGET_NAME)";
			};
			name = Debug;
		};
		F83C4F7B19873BEF00DBFD8B /* Release */ = {
			isa = XCBuildConfiguration;
			buildSettings = {
				ASSETCATALOG_COMPILER_APPICON_NAME = AppIcon;
				ASSETCATALOG_COMPILER_LAUNCHIMAGE_NAME = LaunchImage;
				CODE_SIGN_IDENTITY = "iPhone Developer: やまと 歌丸 (H4XC24B75K)";
				INFOPLIST_FILE = multipeerConnectivityTest/Info.plist;
				IPHONEOS_DEPLOYMENT_TARGET = 7.1;
				LD_RUNPATH_SEARCH_PATHS = "$(inherited) @executable_path/Frameworks";
				PRODUCT_NAME = "$(TARGET_NAME)";
			};
			name = Release;
		};
		F83C4F7D19873BEF00DBFD8B /* Debug */ = {
			isa = XCBuildConfiguration;
			buildSettings = {
				BUNDLE_LOADER = "$(BUILT_PRODUCTS_DIR)/multipeerConnectivityTest.app/multipeerConnectivityTest";
				FRAMEWORK_SEARCH_PATHS = (
					"$(SDKROOT)/Developer/Library/Frameworks",
					"$(inherited)",
				);
				GCC_PREPROCESSOR_DEFINITIONS = (
					"DEBUG=1",
					"$(inherited)",
				);
				INFOPLIST_FILE = multipeerConnectivityTestTests/Info.plist;
				LD_RUNPATH_SEARCH_PATHS = "$(inherited) @executable_path/Frameworks @loader_path/Frameworks";
				PRODUCT_NAME = "$(TARGET_NAME)";
				TEST_HOST = "$(BUNDLE_LOADER)";
			};
			name = Debug;
		};
		F83C4F7E19873BEF00DBFD8B /* Release */ = {
			isa = XCBuildConfiguration;
			buildSettings = {
				BUNDLE_LOADER = "$(BUILT_PRODUCTS_DIR)/multipeerConnectivityTest.app/multipeerConnectivityTest";
				FRAMEWORK_SEARCH_PATHS = (
					"$(SDKROOT)/Developer/Library/Frameworks",
					"$(inherited)",
				);
				INFOPLIST_FILE = multipeerConnectivityTestTests/Info.plist;
				LD_RUNPATH_SEARCH_PATHS = "$(inherited) @executable_path/Frameworks @loader_path/Frameworks";
				PRODUCT_NAME = "$(TARGET_NAME)";
				TEST_HOST = "$(BUNDLE_LOADER)";
			};
			name = Release;
		};
/* End XCBuildConfiguration section */

/* Begin XCConfigurationList section */
		F83C4F5819873BEF00DBFD8B /* Build configuration list for PBXProject "multipeerConnectivityTest" */ = {
			isa = XCConfigurationList;
			buildConfigurations = (
				F83C4F7719873BEF00DBFD8B /* Debug */,
				F83C4F7819873BEF00DBFD8B /* Release */,
			);
			defaultConfigurationIsVisible = 0;
			defaultConfigurationName = Release;
		};
		F83C4F7919873BEF00DBFD8B /* Build configuration list for PBXNativeTarget "multipeerConnectivityTest" */ = {
			isa = XCConfigurationList;
			buildConfigurations = (
				F83C4F7A19873BEF00DBFD8B /* Debug */,
				F83C4F7B19873BEF00DBFD8B /* Release */,
			);
			defaultConfigurationIsVisible = 0;
			defaultConfigurationName = Release;
		};
		F83C4F7C19873BEF00DBFD8B /* Build configuration list for PBXNativeTarget "multipeerConnectivityTestTests" */ = {
			isa = XCConfigurationList;
			buildConfigurations = (
				F83C4F7D19873BEF00DBFD8B /* Debug */,
				F83C4F7E19873BEF00DBFD8B /* Release */,
			);
			defaultConfigurationIsVisible = 0;
			defaultConfigurationName = Release;
		};
/* End XCConfigurationList section */
	};
	rootObject = F83C4F5519873BEF00DBFD8B /* Project object */;
}
