// !$*UTF8*$!
{
	archiveVersion = 1;
	classes = {
	};
	objectVersion = 46;
	objects = {

/* Begin PBXBuildFile section */
		F8277986196F9816000D1B37 /* AppDelegate.swift in Sources */ = {isa = PBXBuildFile; fileRef = F8277985196F9816000D1B37 /* AppDelegate.swift */; };
		F8277988196F9816000D1B37 /* ViewController.swift in Sources */ = {isa = PBXBuildFile; fileRef = F8277987196F9816000D1B37 /* ViewController.swift */; };
		F827798B196F9816000D1B37 /* Main.storyboard in Resources */ = {isa = PBXBuildFile; fileRef = F8277989196F9816000D1B37 /* Main.storyboard */; };
		F827798D196F9816000D1B37 /* Images.xcassets in Resources */ = {isa = PBXBuildFile; fileRef = F827798C196F9816000D1B37 /* Images.xcassets */; };
		F8277999196F9816000D1B37 /* ServerTestTests.swift in Sources */ = {isa = PBXBuildFile; fileRef = F8277998196F9816000D1B37 /* ServerTestTests.swift */; };
/* End PBXBuildFile section */

/* Begin PBXContainerItemProxy section */
		F8277993196F9816000D1B37 /* PBXContainerItemProxy */ = {
			isa = PBXContainerItemProxy;
			containerPortal = F8277978196F9816000D1B37 /* Project object */;
			proxyType = 1;
			remoteGlobalIDString = F827797F196F9816000D1B37;
			remoteInfo = ServerTest;
		};
/* End PBXContainerItemProxy section */

/* Begin PBXFileReference section */
		F8277980196F9816000D1B37 /* ServerTest.app */ = {isa = PBXFileReference; explicitFileType = wrapper.application; includeInIndex = 0; path = ServerTest.app; sourceTree = BUILT_PRODUCTS_DIR; };
		F8277984196F9816000D1B37 /* Info.plist */ = {isa = PBXFileReference; lastKnownFileType = text.plist.xml; path = Info.plist; sourceTree = "<group>"; };
		F8277985196F9816000D1B37 /* AppDelegate.swift */ = {isa = PBXFileReference; lastKnownFileType = sourcecode.swift; path = AppDelegate.swift; sourceTree = "<group>"; };
		F8277987196F9816000D1B37 /* ViewController.swift */ = {isa = PBXFileReference; lastKnownFileType = sourcecode.swift; path = ViewController.swift; sourceTree = "<group>"; };
		F827798A196F9816000D1B37 /* Base */ = {isa = PBXFileReference; lastKnownFileType = file.storyboard; name = Base; path = Base.lproj/Main.storyboard; sourceTree = "<group>"; };
		F827798C196F9816000D1B37 /* Images.xcassets */ = {isa = PBXFileReference; lastKnownFileType = folder.assetcatalog; path = Images.xcassets; sourceTree = "<group>"; };
		F8277992196F9816000D1B37 /* ServerTestTests.xctest */ = {isa = PBXFileReference; explicitFileType = wrapper.cfbundle; includeInIndex = 0; path = ServerTestTests.xctest; sourceTree = BUILT_PRODUCTS_DIR; };
		F8277997196F9816000D1B37 /* Info.plist */ = {isa = PBXFileReference; lastKnownFileType = text.plist.xml; path = Info.plist; sourceTree = "<group>"; };
		F8277998196F9816000D1B37 /* ServerTestTests.swift */ = {isa = PBXFileReference; lastKnownFileType = sourcecode.swift; path = ServerTestTests.swift; sourceTree = "<group>"; };
/* End PBXFileReference section */

/* Begin PBXFrameworksBuildPhase section */
		F827797D196F9816000D1B37 /* Frameworks */ = {
			isa = PBXFrameworksBuildPhase;
			buildActionMask = 2147483647;
			files = (
			);
			runOnlyForDeploymentPostprocessing = 0;
		};
		F827798F196F9816000D1B37 /* Frameworks */ = {
			isa = PBXFrameworksBuildPhase;
			buildActionMask = 2147483647;
			files = (
			);
			runOnlyForDeploymentPostprocessing = 0;
		};
/* End PBXFrameworksBuildPhase section */

/* Begin PBXGroup section */
		F8277977196F9816000D1B37 = {
			isa = PBXGroup;
			children = (
				F8277982196F9816000D1B37 /* ServerTest */,
				F8277995196F9816000D1B37 /* ServerTestTests */,
				F8277981196F9816000D1B37 /* Products */,
			);
			sourceTree = "<group>";
		};
		F8277981196F9816000D1B37 /* Products */ = {
			isa = PBXGroup;
			children = (
				F8277980196F9816000D1B37 /* ServerTest.app */,
				F8277992196F9816000D1B37 /* ServerTestTests.xctest */,
			);
			name = Products;
			sourceTree = "<group>";
		};
		F8277982196F9816000D1B37 /* ServerTest */ = {
			isa = PBXGroup;
			children = (
				F8277985196F9816000D1B37 /* AppDelegate.swift */,
				F8277987196F9816000D1B37 /* ViewController.swift */,
				F8277989196F9816000D1B37 /* Main.storyboard */,
				F827798C196F9816000D1B37 /* Images.xcassets */,
				F8277983196F9816000D1B37 /* Supporting Files */,
			);
			path = ServerTest;
			sourceTree = "<group>";
		};
		F8277983196F9816000D1B37 /* Supporting Files */ = {
			isa = PBXGroup;
			children = (
				F8277984196F9816000D1B37 /* Info.plist */,
			);
			name = "Supporting Files";
			sourceTree = "<group>";
		};
		F8277995196F9816000D1B37 /* ServerTestTests */ = {
			isa = PBXGroup;
			children = (
				F8277998196F9816000D1B37 /* ServerTestTests.swift */,
				F8277996196F9816000D1B37 /* Supporting Files */,
			);
			path = ServerTestTests;
			sourceTree = "<group>";
		};
		F8277996196F9816000D1B37 /* Supporting Files */ = {
			isa = PBXGroup;
			children = (
				F8277997196F9816000D1B37 /* Info.plist */,
			);
			name = "Supporting Files";
			sourceTree = "<group>";
		};
/* End PBXGroup section */

/* Begin PBXNativeTarget section */
		F827797F196F9816000D1B37 /* ServerTest */ = {
			isa = PBXNativeTarget;
			buildConfigurationList = F827799C196F9816000D1B37 /* Build configuration list for PBXNativeTarget "ServerTest" */;
			buildPhases = (
				F827797C196F9816000D1B37 /* Sources */,
				F827797D196F9816000D1B37 /* Frameworks */,
				F827797E196F9816000D1B37 /* Resources */,
			);
			buildRules = (
			);
			dependencies = (
			);
			name = ServerTest;
			productName = ServerTest;
			productReference = F8277980196F9816000D1B37 /* ServerTest.app */;
			productType = "com.apple.product-type.application";
		};
		F8277991196F9816000D1B37 /* ServerTestTests */ = {
			isa = PBXNativeTarget;
			buildConfigurationList = F827799F196F9816000D1B37 /* Build configuration list for PBXNativeTarget "ServerTestTests" */;
			buildPhases = (
				F827798E196F9816000D1B37 /* Sources */,
				F827798F196F9816000D1B37 /* Frameworks */,
				F8277990196F9816000D1B37 /* Resources */,
			);
			buildRules = (
			);
			dependencies = (
				F8277994196F9816000D1B37 /* PBXTargetDependency */,
			);
			name = ServerTestTests;
			productName = ServerTestTests;
			productReference = F8277992196F9816000D1B37 /* ServerTestTests.xctest */;
			productType = "com.apple.product-type.bundle.unit-test";
		};
/* End PBXNativeTarget section */

/* Begin PBXProject section */
		F8277978196F9816000D1B37 /* Project object */ = {
			isa = PBXProject;
			attributes = {
				LastUpgradeCheck = 0600;
				ORGANIZATIONNAME = "ステファンアレクサンダー";
				TargetAttributes = {
					F827797F196F9816000D1B37 = {
						CreatedOnToolsVersion = 6.0;
						DevelopmentTeam = 628U27X7NX;
					};
					F8277991196F9816000D1B37 = {
						CreatedOnToolsVersion = 6.0;
						TestTargetID = F827797F196F9816000D1B37;
					};
				};
			};
			buildConfigurationList = F827797B196F9816000D1B37 /* Build configuration list for PBXProject "ServerTest" */;
			compatibilityVersion = "Xcode 3.2";
			developmentRegion = English;
			hasScannedForEncodings = 0;
			knownRegions = (
				en,
				Base,
			);
			mainGroup = F8277977196F9816000D1B37;
			productRefGroup = F8277981196F9816000D1B37 /* Products */;
			projectDirPath = "";
			projectRoot = "";
			targets = (
				F827797F196F9816000D1B37 /* ServerTest */,
				F8277991196F9816000D1B37 /* ServerTestTests */,
			);
		};
/* End PBXProject section */

/* Begin PBXResourcesBuildPhase section */
		F827797E196F9816000D1B37 /* Resources */ = {
			isa = PBXResourcesBuildPhase;
			buildActionMask = 2147483647;
			files = (
				F827798B196F9816000D1B37 /* Main.storyboard in Resources */,
				F827798D196F9816000D1B37 /* Images.xcassets in Resources */,
			);
			runOnlyForDeploymentPostprocessing = 0;
		};
		F8277990196F9816000D1B37 /* Resources */ = {
			isa = PBXResourcesBuildPhase;
			buildActionMask = 2147483647;
			files = (
			);
			runOnlyForDeploymentPostprocessing = 0;
		};
/* End PBXResourcesBuildPhase section */

/* Begin PBXSourcesBuildPhase section */
		F827797C196F9816000D1B37 /* Sources */ = {
			isa = PBXSourcesBuildPhase;
			buildActionMask = 2147483647;
			files = (
				F8277988196F9816000D1B37 /* ViewController.swift in Sources */,
				F8277986196F9816000D1B37 /* AppDelegate.swift in Sources */,
			);
			runOnlyForDeploymentPostprocessing = 0;
		};
		F827798E196F9816000D1B37 /* Sources */ = {
			isa = PBXSourcesBuildPhase;
			buildActionMask = 2147483647;
			files = (
				F8277999196F9816000D1B37 /* ServerTestTests.swift in Sources */,
			);
			runOnlyForDeploymentPostprocessing = 0;
		};
/* End PBXSourcesBuildPhase section */

/* Begin PBXTargetDependency section */
		F8277994196F9816000D1B37 /* PBXTargetDependency */ = {
			isa = PBXTargetDependency;
			target = F827797F196F9816000D1B37 /* ServerTest */;
			targetProxy = F8277993196F9816000D1B37 /* PBXContainerItemProxy */;
		};
/* End PBXTargetDependency section */

/* Begin PBXVariantGroup section */
		F8277989196F9816000D1B37 /* Main.storyboard */ = {
			isa = PBXVariantGroup;
			children = (
				F827798A196F9816000D1B37 /* Base */,
			);
			name = Main.storyboard;
			sourceTree = "<group>";
		};
/* End PBXVariantGroup section */

/* Begin XCBuildConfiguration section */
		F827799A196F9816000D1B37 /* Debug */ = {
			isa = XCBuildConfiguration;
			buildSettings = {
				ALWAYS_SEARCH_USER_PATHS = NO;
				CLANG_CXX_LANGUAGE_STANDARD = "gnu++0x";
				CLANG_CXX_LIBRARY = "libc++";
				CLANG_ENABLE_MODULES = YES;
				CLANG_ENABLE_OBJC_ARC = YES;
				CLANG_WARN_BOOL_CONVERSION = YES;
				CLANG_WARN_CONSTANT_CONVERSION = YES;
				CLANG_WARN_DIRECT_OBJC_ISA_USAGE = YES_ERROR;
				CLANG_WARN_EMPTY_BODY = YES;
				CLANG_WARN_ENUM_CONVERSION = YES;
				CLANG_WARN_INT_CONVERSION = YES;
				CLANG_WARN_OBJC_ROOT_CLASS = YES_ERROR;
				CLANG_WARN_UNREACHABLE_CODE = YES;
				CLANG_WARN__DUPLICATE_METHOD_MATCH = YES;
				"CODE_SIGN_IDENTITY[sdk=iphoneos*]" = "iPhone Developer";
				COPY_PHASE_STRIP = NO;
				ENABLE_STRICT_OBJC_MSGSEND = YES;
				GCC_C_LANGUAGE_STANDARD = gnu99;
				GCC_DYNAMIC_NO_PIC = NO;
				GCC_OPTIMIZATION_LEVEL = 0;
				GCC_PREPROCESSOR_DEFINITIONS = (
					"DEBUG=1",
					"$(inherited)",
				);
				GCC_SYMBOLS_PRIVATE_EXTERN = NO;
				GCC_WARN_64_TO_32_BIT_CONVERSION = YES;
				GCC_WARN_ABOUT_RETURN_TYPE = YES_ERROR;
				GCC_WARN_UNDECLARED_SELECTOR = YES;
				GCC_WARN_UNINITIALIZED_AUTOS = YES_AGGRESSIVE;
				GCC_WARN_UNUSED_FUNCTION = YES;
				GCC_WARN_UNUSED_VARIABLE = YES;
				IPHONEOS_DEPLOYMENT_TARGET = 8.0;
				MTL_ENABLE_DEBUG_INFO = YES;
				ONLY_ACTIVE_ARCH = YES;
				SDKROOT = iphoneos;
				SWIFT_OPTIMIZATION_LEVEL = "-Onone";
			};
			name = Debug;
		};
		F827799B196F9816000D1B37 /* Release */ = {
			isa = XCBuildConfiguration;
			buildSettings = {
				ALWAYS_SEARCH_USER_PATHS = NO;
				CLANG_CXX_LANGUAGE_STANDARD = "gnu++0x";
				CLANG_CXX_LIBRARY = "libc++";
				CLANG_ENABLE_MODULES = YES;
				CLANG_ENABLE_OBJC_ARC = YES;
				CLANG_WARN_BOOL_CONVERSION = YES;
				CLANG_WARN_CONSTANT_CONVERSION = YES;
				CLANG_WARN_DIRECT_OBJC_ISA_USAGE = YES_ERROR;
				CLANG_WARN_EMPTY_BODY = YES;
				CLANG_WARN_ENUM_CONVERSION = YES;
				CLANG_WARN_INT_CONVERSION = YES;
				CLANG_WARN_OBJC_ROOT_CLASS = YES_ERROR;
				CLANG_WARN_UNREACHABLE_CODE = YES;
				CLANG_WARN__DUPLICATE_METHOD_MATCH = YES;
				"CODE_SIGN_IDENTITY[sdk=iphoneos*]" = "iPhone Developer";
				COPY_PHASE_STRIP = YES;
				ENABLE_NS_ASSERTIONS = NO;
				ENABLE_STRICT_OBJC_MSGSEND = YES;
				GCC_C_LANGUAGE_STANDARD = gnu99;
				GCC_WARN_64_TO_32_BIT_CONVERSION = YES;
				GCC_WARN_ABOUT_RETURN_TYPE = YES_ERROR;
				GCC_WARN_UNDECLARED_SELECTOR = YES;
				GCC_WARN_UNINITIALIZED_AUTOS = YES_AGGRESSIVE;
				GCC_WARN_UNUSED_FUNCTION = YES;
				GCC_WARN_UNUSED_VARIABLE = YES;
				IPHONEOS_DEPLOYMENT_TARGET = 8.0;
				MTL_ENABLE_DEBUG_INFO = NO;
				SDKROOT = iphoneos;
				VALIDATE_PRODUCT = YES;
			};
			name = Release;
		};
		F827799D196F9816000D1B37 /* Debug */ = {
			isa = XCBuildConfiguration;
			buildSettings = {
				ASSETCATALOG_COMPILER_APPICON_NAME = AppIcon;
				ASSETCATALOG_COMPILER_LAUNCHIMAGE_NAME = LaunchImage;
				CODE_SIGN_IDENTITY = "iPhone Developer: やまと 歌丸 (H4XC24B75K)";
				INFOPLIST_FILE = ServerTest/Info.plist;
				IPHONEOS_DEPLOYMENT_TARGET = 7.1;
				LD_RUNPATH_SEARCH_PATHS = "$(inherited) @executable_path/Frameworks";
				PRODUCT_NAME = "$(TARGET_NAME)";
			};
			name = Debug;
		};
		F827799E196F9816000D1B37 /* Release */ = {
			isa = XCBuildConfiguration;
			buildSettings = {
				ASSETCATALOG_COMPILER_APPICON_NAME = AppIcon;
				ASSETCATALOG_COMPILER_LAUNCHIMAGE_NAME = LaunchImage;
				CODE_SIGN_IDENTITY = "iPhone Developer: やまと 歌丸 (H4XC24B75K)";
				INFOPLIST_FILE = ServerTest/Info.plist;
				IPHONEOS_DEPLOYMENT_TARGET = 7.1;
				LD_RUNPATH_SEARCH_PATHS = "$(inherited) @executable_path/Frameworks";
				PRODUCT_NAME = "$(TARGET_NAME)";
			};
			name = Release;
		};
		F82779A0196F9816000D1B37 /* Debug */ = {
			isa = XCBuildConfiguration;
			buildSettings = {
				BUNDLE_LOADER = "$(BUILT_PRODUCTS_DIR)/ServerTest.app/ServerTest";
				FRAMEWORK_SEARCH_PATHS = (
					"$(SDKROOT)/Developer/Library/Frameworks",
					"$(inherited)",
				);
				GCC_PREPROCESSOR_DEFINITIONS = (
					"DEBUG=1",
					"$(inherited)",
				);
				INFOPLIST_FILE = ServerTestTests/Info.plist;
				LD_RUNPATH_SEARCH_PATHS = "$(inherited) @executable_path/Frameworks @loader_path/Frameworks";
				PRODUCT_NAME = "$(TARGET_NAME)";
				TEST_HOST = "$(BUNDLE_LOADER)";
			};
			name = Debug;
		};
		F82779A1196F9816000D1B37 /* Release */ = {
			isa = XCBuildConfiguration;
			buildSettings = {
				BUNDLE_LOADER = "$(BUILT_PRODUCTS_DIR)/ServerTest.app/ServerTest";
				FRAMEWORK_SEARCH_PATHS = (
					"$(SDKROOT)/Developer/Library/Frameworks",
					"$(inherited)",
				);
				INFOPLIST_FILE = ServerTestTests/Info.plist;
				LD_RUNPATH_SEARCH_PATHS = "$(inherited) @executable_path/Frameworks @loader_path/Frameworks";
				PRODUCT_NAME = "$(TARGET_NAME)";
				TEST_HOST = "$(BUNDLE_LOADER)";
			};
			name = Release;
		};
/* End XCBuildConfiguration section */

/* Begin XCConfigurationList section */
		F827797B196F9816000D1B37 /* Build configuration list for PBXProject "ServerTest" */ = {
			isa = XCConfigurationList;
			buildConfigurations = (
				F827799A196F9816000D1B37 /* Debug */,
				F827799B196F9816000D1B37 /* Release */,
			);
			defaultConfigurationIsVisible = 0;
			defaultConfigurationName = Release;
		};
		F827799C196F9816000D1B37 /* Build configuration list for PBXNativeTarget "ServerTest" */ = {
			isa = XCConfigurationList;
			buildConfigurations = (
				F827799D196F9816000D1B37 /* Debug */,
				F827799E196F9816000D1B37 /* Release */,
			);
			defaultConfigurationIsVisible = 0;
		};
		F827799F196F9816000D1B37 /* Build configuration list for PBXNativeTarget "ServerTestTests" */ = {
			isa = XCConfigurationList;
			buildConfigurations = (
				F82779A0196F9816000D1B37 /* Debug */,
				F82779A1196F9816000D1B37 /* Release */,
			);
			defaultConfigurationIsVisible = 0;
		};
/* End XCConfigurationList section */
	};
	rootObject = F8277978196F9816000D1B37 /* Project object */;
}
