// !$*UTF8*$!
{
	archiveVersion = 1;
	classes = {
	};
	objectVersion = 46;
	objects = {

/* Begin PBXBuildFile section */
		A1E7C92F19AC4FD9004CCAC4 /* AppDelegate.swift in Sources */ = {isa = PBXBuildFile; fileRef = A1E7C92E19AC4FD9004CCAC4 /* AppDelegate.swift */; };
		A1E7C93119AC4FD9004CCAC4 /* ViewController.swift in Sources */ = {isa = PBXBuildFile; fileRef = A1E7C93019AC4FD9004CCAC4 /* ViewController.swift */; };
		A1E7C93419AC4FD9004CCAC4 /* Main.storyboard in Resources */ = {isa = PBXBuildFile; fileRef = A1E7C93219AC4FD9004CCAC4 /* Main.storyboard */; };
		A1E7C93619AC4FD9004CCAC4 /* Images.xcassets in Resources */ = {isa = PBXBuildFile; fileRef = A1E7C93519AC4FD9004CCAC4 /* Images.xcassets */; };
		A1E7C94219AC4FD9004CCAC4 /* Character_Creator_and_Trait_AssignmentTests.swift in Sources */ = {isa = PBXBuildFile; fileRef = A1E7C94119AC4FD9004CCAC4 /* Character_Creator_and_Trait_AssignmentTests.swift */; };
/* End PBXBuildFile section */

/* Begin PBXContainerItemProxy section */
		A1E7C93C19AC4FD9004CCAC4 /* PBXContainerItemProxy */ = {
			isa = PBXContainerItemProxy;
			containerPortal = A1E7C92119AC4FD9004CCAC4 /* Project object */;
			proxyType = 1;
			remoteGlobalIDString = A1E7C92819AC4FD9004CCAC4;
			remoteInfo = "Character Creator and Trait Assignment";
		};
/* End PBXContainerItemProxy section */

/* Begin PBXFileReference section */
		A1E7C92919AC4FD9004CCAC4 /* Character Creator and Trait Assignment.app */ = {isa = PBXFileReference; explicitFileType = wrapper.application; includeInIndex = 0; path = "Character Creator and Trait Assignment.app"; sourceTree = BUILT_PRODUCTS_DIR; };
		A1E7C92D19AC4FD9004CCAC4 /* Info.plist */ = {isa = PBXFileReference; lastKnownFileType = text.plist.xml; path = Info.plist; sourceTree = "<group>"; };
		A1E7C92E19AC4FD9004CCAC4 /* AppDelegate.swift */ = {isa = PBXFileReference; lastKnownFileType = sourcecode.swift; path = AppDelegate.swift; sourceTree = "<group>"; };
		A1E7C93019AC4FD9004CCAC4 /* ViewController.swift */ = {isa = PBXFileReference; lastKnownFileType = sourcecode.swift; path = ViewController.swift; sourceTree = "<group>"; };
		A1E7C93319AC4FD9004CCAC4 /* Base */ = {isa = PBXFileReference; lastKnownFileType = file.storyboard; name = Base; path = Base.lproj/Main.storyboard; sourceTree = "<group>"; };
		A1E7C93519AC4FD9004CCAC4 /* Images.xcassets */ = {isa = PBXFileReference; lastKnownFileType = folder.assetcatalog; path = Images.xcassets; sourceTree = "<group>"; };
		A1E7C93B19AC4FD9004CCAC4 /* Character Creator and Trait AssignmentTests.xctest */ = {isa = PBXFileReference; explicitFileType = wrapper.cfbundle; includeInIndex = 0; path = "Character Creator and Trait AssignmentTests.xctest"; sourceTree = BUILT_PRODUCTS_DIR; };
		A1E7C94019AC4FD9004CCAC4 /* Info.plist */ = {isa = PBXFileReference; lastKnownFileType = text.plist.xml; path = Info.plist; sourceTree = "<group>"; };
		A1E7C94119AC4FD9004CCAC4 /* Character_Creator_and_Trait_AssignmentTests.swift */ = {isa = PBXFileReference; lastKnownFileType = sourcecode.swift; path = Character_Creator_and_Trait_AssignmentTests.swift; sourceTree = "<group>"; };
/* End PBXFileReference section */

/* Begin PBXFrameworksBuildPhase section */
		A1E7C92619AC4FD9004CCAC4 /* Frameworks */ = {
			isa = PBXFrameworksBuildPhase;
			buildActionMask = 2147483647;
			files = (
			);
			runOnlyForDeploymentPostprocessing = 0;
		};
		A1E7C93819AC4FD9004CCAC4 /* Frameworks */ = {
			isa = PBXFrameworksBuildPhase;
			buildActionMask = 2147483647;
			files = (
			);
			runOnlyForDeploymentPostprocessing = 0;
		};
/* End PBXFrameworksBuildPhase section */

/* Begin PBXGroup section */
		A1E7C92019AC4FD9004CCAC4 = {
			isa = PBXGroup;
			children = (
				A1E7C92B19AC4FD9004CCAC4 /* Character Creator and Trait Assignment */,
				A1E7C93E19AC4FD9004CCAC4 /* Character Creator and Trait AssignmentTests */,
				A1E7C92A19AC4FD9004CCAC4 /* Products */,
			);
			sourceTree = "<group>";
		};
		A1E7C92A19AC4FD9004CCAC4 /* Products */ = {
			isa = PBXGroup;
			children = (
				A1E7C92919AC4FD9004CCAC4 /* Character Creator and Trait Assignment.app */,
				A1E7C93B19AC4FD9004CCAC4 /* Character Creator and Trait AssignmentTests.xctest */,
			);
			name = Products;
			sourceTree = "<group>";
		};
		A1E7C92B19AC4FD9004CCAC4 /* Character Creator and Trait Assignment */ = {
			isa = PBXGroup;
			children = (
				A1E7C92E19AC4FD9004CCAC4 /* AppDelegate.swift */,
				A1E7C93019AC4FD9004CCAC4 /* ViewController.swift */,
				A1E7C93219AC4FD9004CCAC4 /* Main.storyboard */,
				A1E7C93519AC4FD9004CCAC4 /* Images.xcassets */,
				A1E7C92C19AC4FD9004CCAC4 /* Supporting Files */,
			);
			path = "Character Creator and Trait Assignment";
			sourceTree = "<group>";
		};
		A1E7C92C19AC4FD9004CCAC4 /* Supporting Files */ = {
			isa = PBXGroup;
			children = (
				A1E7C92D19AC4FD9004CCAC4 /* Info.plist */,
			);
			name = "Supporting Files";
			sourceTree = "<group>";
		};
		A1E7C93E19AC4FD9004CCAC4 /* Character Creator and Trait AssignmentTests */ = {
			isa = PBXGroup;
			children = (
				A1E7C94119AC4FD9004CCAC4 /* Character_Creator_and_Trait_AssignmentTests.swift */,
				A1E7C93F19AC4FD9004CCAC4 /* Supporting Files */,
			);
			path = "Character Creator and Trait AssignmentTests";
			sourceTree = "<group>";
		};
		A1E7C93F19AC4FD9004CCAC4 /* Supporting Files */ = {
			isa = PBXGroup;
			children = (
				A1E7C94019AC4FD9004CCAC4 /* Info.plist */,
			);
			name = "Supporting Files";
			sourceTree = "<group>";
		};
/* End PBXGroup section */

/* Begin PBXNativeTarget section */
		A1E7C92819AC4FD9004CCAC4 /* Character Creator and Trait Assignment */ = {
			isa = PBXNativeTarget;
			buildConfigurationList = A1E7C94519AC4FD9004CCAC4 /* Build configuration list for PBXNativeTarget "Character Creator and Trait Assignment" */;
			buildPhases = (
				A1E7C92519AC4FD9004CCAC4 /* Sources */,
				A1E7C92619AC4FD9004CCAC4 /* Frameworks */,
				A1E7C92719AC4FD9004CCAC4 /* Resources */,
			);
			buildRules = (
			);
			dependencies = (
			);
			name = "Character Creator and Trait Assignment";
			productName = "Character Creator and Trait Assignment";
			productReference = A1E7C92919AC4FD9004CCAC4 /* Character Creator and Trait Assignment.app */;
			productType = "com.apple.product-type.application";
		};
		A1E7C93A19AC4FD9004CCAC4 /* Character Creator and Trait AssignmentTests */ = {
			isa = PBXNativeTarget;
			buildConfigurationList = A1E7C94819AC4FD9004CCAC4 /* Build configuration list for PBXNativeTarget "Character Creator and Trait AssignmentTests" */;
			buildPhases = (
				A1E7C93719AC4FD9004CCAC4 /* Sources */,
				A1E7C93819AC4FD9004CCAC4 /* Frameworks */,
				A1E7C93919AC4FD9004CCAC4 /* Resources */,
			);
			buildRules = (
			);
			dependencies = (
				A1E7C93D19AC4FD9004CCAC4 /* PBXTargetDependency */,
			);
			name = "Character Creator and Trait AssignmentTests";
			productName = "Character Creator and Trait AssignmentTests";
			productReference = A1E7C93B19AC4FD9004CCAC4 /* Character Creator and Trait AssignmentTests.xctest */;
			productType = "com.apple.product-type.bundle.unit-test";
		};
/* End PBXNativeTarget section */

/* Begin PBXProject section */
		A1E7C92119AC4FD9004CCAC4 /* Project object */ = {
			isa = PBXProject;
			attributes = {
				LastUpgradeCheck = 0600;
				ORGANIZATIONNAME = "Maxwell Perlman";
				TargetAttributes = {
					A1E7C92819AC4FD9004CCAC4 = {
						CreatedOnToolsVersion = 6.0;
					};
					A1E7C93A19AC4FD9004CCAC4 = {
						CreatedOnToolsVersion = 6.0;
						TestTargetID = A1E7C92819AC4FD9004CCAC4;
					};
				};
			};
			buildConfigurationList = A1E7C92419AC4FD9004CCAC4 /* Build configuration list for PBXProject "Character Creator and Trait Assignment" */;
			compatibilityVersion = "Xcode 3.2";
			developmentRegion = English;
			hasScannedForEncodings = 0;
			knownRegions = (
				en,
				Base,
			);
			mainGroup = A1E7C92019AC4FD9004CCAC4;
			productRefGroup = A1E7C92A19AC4FD9004CCAC4 /* Products */;
			projectDirPath = "";
			projectRoot = "";
			targets = (
				A1E7C92819AC4FD9004CCAC4 /* Character Creator and Trait Assignment */,
				A1E7C93A19AC4FD9004CCAC4 /* Character Creator and Trait AssignmentTests */,
			);
		};
/* End PBXProject section */

/* Begin PBXResourcesBuildPhase section */
		A1E7C92719AC4FD9004CCAC4 /* Resources */ = {
			isa = PBXResourcesBuildPhase;
			buildActionMask = 2147483647;
			files = (
				A1E7C93419AC4FD9004CCAC4 /* Main.storyboard in Resources */,
				A1E7C93619AC4FD9004CCAC4 /* Images.xcassets in Resources */,
			);
			runOnlyForDeploymentPostprocessing = 0;
		};
		A1E7C93919AC4FD9004CCAC4 /* Resources */ = {
			isa = PBXResourcesBuildPhase;
			buildActionMask = 2147483647;
			files = (
			);
			runOnlyForDeploymentPostprocessing = 0;
		};
/* End PBXResourcesBuildPhase section */

/* Begin PBXSourcesBuildPhase section */
		A1E7C92519AC4FD9004CCAC4 /* Sources */ = {
			isa = PBXSourcesBuildPhase;
			buildActionMask = 2147483647;
			files = (
				A1E7C93119AC4FD9004CCAC4 /* ViewController.swift in Sources */,
				A1E7C92F19AC4FD9004CCAC4 /* AppDelegate.swift in Sources */,
			);
			runOnlyForDeploymentPostprocessing = 0;
		};
		A1E7C93719AC4FD9004CCAC4 /* Sources */ = {
			isa = PBXSourcesBuildPhase;
			buildActionMask = 2147483647;
			files = (
				A1E7C94219AC4FD9004CCAC4 /* Character_Creator_and_Trait_AssignmentTests.swift in Sources */,
			);
			runOnlyForDeploymentPostprocessing = 0;
		};
/* End PBXSourcesBuildPhase section */

/* Begin PBXTargetDependency section */
		A1E7C93D19AC4FD9004CCAC4 /* PBXTargetDependency */ = {
			isa = PBXTargetDependency;
			target = A1E7C92819AC4FD9004CCAC4 /* Character Creator and Trait Assignment */;
			targetProxy = A1E7C93C19AC4FD9004CCAC4 /* PBXContainerItemProxy */;
		};
/* End PBXTargetDependency section */

/* Begin PBXVariantGroup section */
		A1E7C93219AC4FD9004CCAC4 /* Main.storyboard */ = {
			isa = PBXVariantGroup;
			children = (
				A1E7C93319AC4FD9004CCAC4 /* Base */,
			);
			name = Main.storyboard;
			sourceTree = "<group>";
		};
/* End PBXVariantGroup section */

/* Begin XCBuildConfiguration section */
		A1E7C94319AC4FD9004CCAC4 /* Debug */ = {
			isa = XCBuildConfiguration;
			buildSettings = {
				ALWAYS_SEARCH_USER_PATHS = NO;
				CLANG_CXX_LANGUAGE_STANDARD = "gnu++0x";
				CLANG_CXX_LIBRARY = "libc++";
				CLANG_ENABLE_MODULES = YES;
				CLANG_ENABLE_OBJC_ARC = YES;
				CLANG_WARN_BOOL_CONVERSION = YES;
				CLANG_WARN_CONSTANT_CONVERSION = YES;
				CLANG_WARN_DIRECT_OBJC_ISA_USAGE = YES_ERROR;
				CLANG_WARN_EMPTY_BODY = YES;
				CLANG_WARN_ENUM_CONVERSION = YES;
				CLANG_WARN_INT_CONVERSION = YES;
				CLANG_WARN_OBJC_ROOT_CLASS = YES_ERROR;
				CLANG_WARN_UNREACHABLE_CODE = YES;
				CLANG_WARN__DUPLICATE_METHOD_MATCH = YES;
				"CODE_SIGN_IDENTITY[sdk=iphoneos*]" = "iPhone Developer";
				COPY_PHASE_STRIP = NO;
				ENABLE_STRICT_OBJC_MSGSEND = YES;
				GCC_C_LANGUAGE_STANDARD = gnu99;
				GCC_DYNAMIC_NO_PIC = NO;
				GCC_OPTIMIZATION_LEVEL = 0;
				GCC_PREPROCESSOR_DEFINITIONS = (
					"DEBUG=1",
					"$(inherited)",
				);
				GCC_SYMBOLS_PRIVATE_EXTERN = NO;
				GCC_WARN_64_TO_32_BIT_CONVERSION = YES;
				GCC_WARN_ABOUT_RETURN_TYPE = YES_ERROR;
				GCC_WARN_UNDECLARED_SELECTOR = YES;
				GCC_WARN_UNINITIALIZED_AUTOS = YES_AGGRESSIVE;
				GCC_WARN_UNUSED_FUNCTION = YES;
				GCC_WARN_UNUSED_VARIABLE = YES;
				IPHONEOS_DEPLOYMENT_TARGET = 8.0;
				MTL_ENABLE_DEBUG_INFO = YES;
				ONLY_ACTIVE_ARCH = YES;
				SDKROOT = iphoneos;
				SWIFT_OPTIMIZATION_LEVEL = "-Onone";
			};
			name = Debug;
		};
		A1E7C94419AC4FD9004CCAC4 /* Release */ = {
			isa = XCBuildConfiguration;
			buildSettings = {
				ALWAYS_SEARCH_USER_PATHS = NO;
				CLANG_CXX_LANGUAGE_STANDARD = "gnu++0x";
				CLANG_CXX_LIBRARY = "libc++";
				CLANG_ENABLE_MODULES = YES;
				CLANG_ENABLE_OBJC_ARC = YES;
				CLANG_WARN_BOOL_CONVERSION = YES;
				CLANG_WARN_CONSTANT_CONVERSION = YES;
				CLANG_WARN_DIRECT_OBJC_ISA_USAGE = YES_ERROR;
				CLANG_WARN_EMPTY_BODY = YES;
				CLANG_WARN_ENUM_CONVERSION = YES;
				CLANG_WARN_INT_CONVERSION = YES;
				CLANG_WARN_OBJC_ROOT_CLASS = YES_ERROR;
				CLANG_WARN_UNREACHABLE_CODE = YES;
				CLANG_WARN__DUPLICATE_METHOD_MATCH = YES;
				"CODE_SIGN_IDENTITY[sdk=iphoneos*]" = "iPhone Developer";
				COPY_PHASE_STRIP = YES;
				ENABLE_NS_ASSERTIONS = NO;
				ENABLE_STRICT_OBJC_MSGSEND = YES;
				GCC_C_LANGUAGE_STANDARD = gnu99;
				GCC_WARN_64_TO_32_BIT_CONVERSION = YES;
				GCC_WARN_ABOUT_RETURN_TYPE = YES_ERROR;
				GCC_WARN_UNDECLARED_SELECTOR = YES;
				GCC_WARN_UNINITIALIZED_AUTOS = YES_AGGRESSIVE;
				GCC_WARN_UNUSED_FUNCTION = YES;
				GCC_WARN_UNUSED_VARIABLE = YES;
				IPHONEOS_DEPLOYMENT_TARGET = 8.0;
				MTL_ENABLE_DEBUG_INFO = NO;
				SDKROOT = iphoneos;
				VALIDATE_PRODUCT = YES;
			};
			name = Release;
		};
		A1E7C94619AC4FD9004CCAC4 /* Debug */ = {
			isa = XCBuildConfiguration;
			buildSettings = {
				ASSETCATALOG_COMPILER_APPICON_NAME = AppIcon;
				ASSETCATALOG_COMPILER_LAUNCHIMAGE_NAME = LaunchImage;
				INFOPLIST_FILE = "Character Creator and Trait Assignment/Info.plist";
				LD_RUNPATH_SEARCH_PATHS = "$(inherited) @executable_path/Frameworks";
				PRODUCT_NAME = "$(TARGET_NAME)";
			};
			name = Debug;
		};
		A1E7C94719AC4FD9004CCAC4 /* Release */ = {
			isa = XCBuildConfiguration;
			buildSettings = {
				ASSETCATALOG_COMPILER_APPICON_NAME = AppIcon;
				ASSETCATALOG_COMPILER_LAUNCHIMAGE_NAME = LaunchImage;
				INFOPLIST_FILE = "Character Creator and Trait Assignment/Info.plist";
				LD_RUNPATH_SEARCH_PATHS = "$(inherited) @executable_path/Frameworks";
				PRODUCT_NAME = "$(TARGET_NAME)";
			};
			name = Release;
		};
		A1E7C94919AC4FD9004CCAC4 /* Debug */ = {
			isa = XCBuildConfiguration;
			buildSettings = {
				BUNDLE_LOADER = "$(BUILT_PRODUCTS_DIR)/Character Creator and Trait Assignment.app/Character Creator and Trait Assignment";
				FRAMEWORK_SEARCH_PATHS = (
					"$(SDKROOT)/Developer/Library/Frameworks",
					"$(inherited)",
				);
				GCC_PREPROCESSOR_DEFINITIONS = (
					"DEBUG=1",
					"$(inherited)",
				);
				INFOPLIST_FILE = "Character Creator and Trait AssignmentTests/Info.plist";
				LD_RUNPATH_SEARCH_PATHS = "$(inherited) @executable_path/Frameworks @loader_path/Frameworks";
				PRODUCT_NAME = "$(TARGET_NAME)";
				TEST_HOST = "$(BUNDLE_LOADER)";
			};
			name = Debug;
		};
		A1E7C94A19AC4FD9004CCAC4 /* Release */ = {
			isa = XCBuildConfiguration;
			buildSettings = {
				BUNDLE_LOADER = "$(BUILT_PRODUCTS_DIR)/Character Creator and Trait Assignment.app/Character Creator and Trait Assignment";
				FRAMEWORK_SEARCH_PATHS = (
					"$(SDKROOT)/Developer/Library/Frameworks",
					"$(inherited)",
				);
				INFOPLIST_FILE = "Character Creator and Trait AssignmentTests/Info.plist";
				LD_RUNPATH_SEARCH_PATHS = "$(inherited) @executable_path/Frameworks @loader_path/Frameworks";
				PRODUCT_NAME = "$(TARGET_NAME)";
				TEST_HOST = "$(BUNDLE_LOADER)";
			};
			name = Release;
		};
/* End XCBuildConfiguration section */

/* Begin XCConfigurationList section */
		A1E7C92419AC4FD9004CCAC4 /* Build configuration list for PBXProject "Character Creator and Trait Assignment" */ = {
			isa = XCConfigurationList;
			buildConfigurations = (
				A1E7C94319AC4FD9004CCAC4 /* Debug */,
				A1E7C94419AC4FD9004CCAC4 /* Release */,
			);
			defaultConfigurationIsVisible = 0;
			defaultConfigurationName = Release;
		};
		A1E7C94519AC4FD9004CCAC4 /* Build configuration list for PBXNativeTarget "Character Creator and Trait Assignment" */ = {
			isa = XCConfigurationList;
			buildConfigurations = (
				A1E7C94619AC4FD9004CCAC4 /* Debug */,
				A1E7C94719AC4FD9004CCAC4 /* Release */,
			);
			defaultConfigurationIsVisible = 0;
		};
		A1E7C94819AC4FD9004CCAC4 /* Build configuration list for PBXNativeTarget "Character Creator and Trait AssignmentTests" */ = {
			isa = XCConfigurationList;
			buildConfigurations = (
				A1E7C94919AC4FD9004CCAC4 /* Debug */,
				A1E7C94A19AC4FD9004CCAC4 /* Release */,
			);
			defaultConfigurationIsVisible = 0;
		};
/* End XCConfigurationList section */
	};
	rootObject = A1E7C92119AC4FD9004CCAC4 /* Project object */;
}
