// !$*UTF8*$!
{
	archiveVersion = 1;
	classes = {
	};
	objectVersion = 46;
	objects = {

/* Begin PBXBuildFile section */
		F8BAAFC81991B68800372A63 /* AppDelegate.swift in Sources */ = {isa = PBXBuildFile; fileRef = F8BAAFC71991B68800372A63 /* AppDelegate.swift */; };
		F8BAAFCA1991B68800372A63 /* ViewController.swift in Sources */ = {isa = PBXBuildFile; fileRef = F8BAAFC91991B68800372A63 /* ViewController.swift */; };
		F8BAAFCD1991B68800372A63 /* Main.storyboard in Resources */ = {isa = PBXBuildFile; fileRef = F8BAAFCB1991B68800372A63 /* Main.storyboard */; };
		F8BAAFCF1991B68800372A63 /* Images.xcassets in Resources */ = {isa = PBXBuildFile; fileRef = F8BAAFCE1991B68800372A63 /* Images.xcassets */; };
		F8BAAFDB1991B68800372A63 /* twitterSelectionTests.swift in Sources */ = {isa = PBXBuildFile; fileRef = F8BAAFDA1991B68800372A63 /* twitterSelectionTests.swift */; };
		F8BAAFE51991B72F00372A63 /* Accounts.framework in Frameworks */ = {isa = PBXBuildFile; fileRef = F8BAAFE41991B72F00372A63 /* Accounts.framework */; };
		F8BAAFE91991C36200372A63 /* SecondViewContoller.swift in Sources */ = {isa = PBXBuildFile; fileRef = F8BAAFE81991C36200372A63 /* SecondViewContoller.swift */; };
/* End PBXBuildFile section */

/* Begin PBXContainerItemProxy section */
		F8BAAFD51991B68800372A63 /* PBXContainerItemProxy */ = {
			isa = PBXContainerItemProxy;
			containerPortal = F8BAAFBA1991B68800372A63 /* Project object */;
			proxyType = 1;
			remoteGlobalIDString = F8BAAFC11991B68800372A63;
			remoteInfo = twitterSelection;
		};
/* End PBXContainerItemProxy section */

/* Begin PBXFileReference section */
		F8BAAFC21991B68800372A63 /* twitterSelection.app */ = {isa = PBXFileReference; explicitFileType = wrapper.application; includeInIndex = 0; path = twitterSelection.app; sourceTree = BUILT_PRODUCTS_DIR; };
		F8BAAFC61991B68800372A63 /* Info.plist */ = {isa = PBXFileReference; lastKnownFileType = text.plist.xml; path = Info.plist; sourceTree = "<group>"; };
		F8BAAFC71991B68800372A63 /* AppDelegate.swift */ = {isa = PBXFileReference; lastKnownFileType = sourcecode.swift; path = AppDelegate.swift; sourceTree = "<group>"; };
		F8BAAFC91991B68800372A63 /* ViewController.swift */ = {isa = PBXFileReference; lastKnownFileType = sourcecode.swift; path = ViewController.swift; sourceTree = "<group>"; };
		F8BAAFCC1991B68800372A63 /* Base */ = {isa = PBXFileReference; lastKnownFileType = file.storyboard; name = Base; path = Base.lproj/Main.storyboard; sourceTree = "<group>"; };
		F8BAAFCE1991B68800372A63 /* Images.xcassets */ = {isa = PBXFileReference; lastKnownFileType = folder.assetcatalog; path = Images.xcassets; sourceTree = "<group>"; };
		F8BAAFD41991B68800372A63 /* twitterSelectionTests.xctest */ = {isa = PBXFileReference; explicitFileType = wrapper.cfbundle; includeInIndex = 0; path = twitterSelectionTests.xctest; sourceTree = BUILT_PRODUCTS_DIR; };
		F8BAAFD91991B68800372A63 /* Info.plist */ = {isa = PBXFileReference; lastKnownFileType = text.plist.xml; path = Info.plist; sourceTree = "<group>"; };
		F8BAAFDA1991B68800372A63 /* twitterSelectionTests.swift */ = {isa = PBXFileReference; lastKnownFileType = sourcecode.swift; path = twitterSelectionTests.swift; sourceTree = "<group>"; };
		F8BAAFE41991B72F00372A63 /* Accounts.framework */ = {isa = PBXFileReference; lastKnownFileType = wrapper.framework; name = Accounts.framework; path = System/Library/Frameworks/Accounts.framework; sourceTree = SDKROOT; };
		F8BAAFE81991C36200372A63 /* SecondViewContoller.swift */ = {isa = PBXFileReference; fileEncoding = 4; lastKnownFileType = sourcecode.swift; name = SecondViewContoller.swift; path = ../SecondViewContoller.swift; sourceTree = "<group>"; };
/* End PBXFileReference section */

/* Begin PBXFrameworksBuildPhase section */
		F8BAAFBF1991B68800372A63 /* Frameworks */ = {
			isa = PBXFrameworksBuildPhase;
			buildActionMask = 2147483647;
			files = (
				F8BAAFE51991B72F00372A63 /* Accounts.framework in Frameworks */,
			);
			runOnlyForDeploymentPostprocessing = 0;
		};
		F8BAAFD11991B68800372A63 /* Frameworks */ = {
			isa = PBXFrameworksBuildPhase;
			buildActionMask = 2147483647;
			files = (
			);
			runOnlyForDeploymentPostprocessing = 0;
		};
/* End PBXFrameworksBuildPhase section */

/* Begin PBXGroup section */
		F8BAAFB91991B68800372A63 = {
			isa = PBXGroup;
			children = (
				F8BAAFE41991B72F00372A63 /* Accounts.framework */,
				F8BAAFC41991B68800372A63 /* twitterSelection */,
				F8BAAFD71991B68800372A63 /* twitterSelectionTests */,
				F8BAAFC31991B68800372A63 /* Products */,
			);
			sourceTree = "<group>";
		};
		F8BAAFC31991B68800372A63 /* Products */ = {
			isa = PBXGroup;
			children = (
				F8BAAFC21991B68800372A63 /* twitterSelection.app */,
				F8BAAFD41991B68800372A63 /* twitterSelectionTests.xctest */,
			);
			name = Products;
			sourceTree = "<group>";
		};
		F8BAAFC41991B68800372A63 /* twitterSelection */ = {
			isa = PBXGroup;
			children = (
				F8BAAFE81991C36200372A63 /* SecondViewContoller.swift */,
				F8BAAFC71991B68800372A63 /* AppDelegate.swift */,
				F8BAAFC91991B68800372A63 /* ViewController.swift */,
				F8BAAFCB1991B68800372A63 /* Main.storyboard */,
				F8BAAFCE1991B68800372A63 /* Images.xcassets */,
				F8BAAFC51991B68800372A63 /* Supporting Files */,
			);
			path = twitterSelection;
			sourceTree = "<group>";
		};
		F8BAAFC51991B68800372A63 /* Supporting Files */ = {
			isa = PBXGroup;
			children = (
				F8BAAFC61991B68800372A63 /* Info.plist */,
			);
			name = "Supporting Files";
			sourceTree = "<group>";
		};
		F8BAAFD71991B68800372A63 /* twitterSelectionTests */ = {
			isa = PBXGroup;
			children = (
				F8BAAFDA1991B68800372A63 /* twitterSelectionTests.swift */,
				F8BAAFD81991B68800372A63 /* Supporting Files */,
			);
			path = twitterSelectionTests;
			sourceTree = "<group>";
		};
		F8BAAFD81991B68800372A63 /* Supporting Files */ = {
			isa = PBXGroup;
			children = (
				F8BAAFD91991B68800372A63 /* Info.plist */,
			);
			name = "Supporting Files";
			sourceTree = "<group>";
		};
/* End PBXGroup section */

/* Begin PBXNativeTarget section */
		F8BAAFC11991B68800372A63 /* twitterSelection */ = {
			isa = PBXNativeTarget;
			buildConfigurationList = F8BAAFDE1991B68800372A63 /* Build configuration list for PBXNativeTarget "twitterSelection" */;
			buildPhases = (
				F8BAAFBE1991B68800372A63 /* Sources */,
				F8BAAFBF1991B68800372A63 /* Frameworks */,
				F8BAAFC01991B68800372A63 /* Resources */,
			);
			buildRules = (
			);
			dependencies = (
			);
			name = twitterSelection;
			productName = twitterSelection;
			productReference = F8BAAFC21991B68800372A63 /* twitterSelection.app */;
			productType = "com.apple.product-type.application";
		};
		F8BAAFD31991B68800372A63 /* twitterSelectionTests */ = {
			isa = PBXNativeTarget;
			buildConfigurationList = F8BAAFE11991B68800372A63 /* Build configuration list for PBXNativeTarget "twitterSelectionTests" */;
			buildPhases = (
				F8BAAFD01991B68800372A63 /* Sources */,
				F8BAAFD11991B68800372A63 /* Frameworks */,
				F8BAAFD21991B68800372A63 /* Resources */,
			);
			buildRules = (
			);
			dependencies = (
				F8BAAFD61991B68800372A63 /* PBXTargetDependency */,
			);
			name = twitterSelectionTests;
			productName = twitterSelectionTests;
			productReference = F8BAAFD41991B68800372A63 /* twitterSelectionTests.xctest */;
			productType = "com.apple.product-type.bundle.unit-test";
		};
/* End PBXNativeTarget section */

/* Begin PBXProject section */
		F8BAAFBA1991B68800372A63 /* Project object */ = {
			isa = PBXProject;
			attributes = {
				LastUpgradeCheck = 0600;
				ORGANIZATIONNAME = "ステファンアレクサンダー";
				TargetAttributes = {
					F8BAAFC11991B68800372A63 = {
						CreatedOnToolsVersion = 6.0;
						DevelopmentTeam = 628U27X7NX;
					};
					F8BAAFD31991B68800372A63 = {
						CreatedOnToolsVersion = 6.0;
						TestTargetID = F8BAAFC11991B68800372A63;
					};
				};
			};
			buildConfigurationList = F8BAAFBD1991B68800372A63 /* Build configuration list for PBXProject "twitterSelection" */;
			compatibilityVersion = "Xcode 3.2";
			developmentRegion = English;
			hasScannedForEncodings = 0;
			knownRegions = (
				en,
				Base,
			);
			mainGroup = F8BAAFB91991B68800372A63;
			productRefGroup = F8BAAFC31991B68800372A63 /* Products */;
			projectDirPath = "";
			projectRoot = "";
			targets = (
				F8BAAFC11991B68800372A63 /* twitterSelection */,
				F8BAAFD31991B68800372A63 /* twitterSelectionTests */,
			);
		};
/* End PBXProject section */

/* Begin PBXResourcesBuildPhase section */
		F8BAAFC01991B68800372A63 /* Resources */ = {
			isa = PBXResourcesBuildPhase;
			buildActionMask = 2147483647;
			files = (
				F8BAAFCD1991B68800372A63 /* Main.storyboard in Resources */,
				F8BAAFCF1991B68800372A63 /* Images.xcassets in Resources */,
			);
			runOnlyForDeploymentPostprocessing = 0;
		};
		F8BAAFD21991B68800372A63 /* Resources */ = {
			isa = PBXResourcesBuildPhase;
			buildActionMask = 2147483647;
			files = (
			);
			runOnlyForDeploymentPostprocessing = 0;
		};
/* End PBXResourcesBuildPhase section */

/* Begin PBXSourcesBuildPhase section */
		F8BAAFBE1991B68800372A63 /* Sources */ = {
			isa = PBXSourcesBuildPhase;
			buildActionMask = 2147483647;
			files = (
				F8BAAFE91991C36200372A63 /* SecondViewContoller.swift in Sources */,
				F8BAAFCA1991B68800372A63 /* ViewController.swift in Sources */,
				F8BAAFC81991B68800372A63 /* AppDelegate.swift in Sources */,
			);
			runOnlyForDeploymentPostprocessing = 0;
		};
		F8BAAFD01991B68800372A63 /* Sources */ = {
			isa = PBXSourcesBuildPhase;
			buildActionMask = 2147483647;
			files = (
				F8BAAFDB1991B68800372A63 /* twitterSelectionTests.swift in Sources */,
			);
			runOnlyForDeploymentPostprocessing = 0;
		};
/* End PBXSourcesBuildPhase section */

/* Begin PBXTargetDependency section */
		F8BAAFD61991B68800372A63 /* PBXTargetDependency */ = {
			isa = PBXTargetDependency;
			target = F8BAAFC11991B68800372A63 /* twitterSelection */;
			targetProxy = F8BAAFD51991B68800372A63 /* PBXContainerItemProxy */;
		};
/* End PBXTargetDependency section */

/* Begin PBXVariantGroup section */
		F8BAAFCB1991B68800372A63 /* Main.storyboard */ = {
			isa = PBXVariantGroup;
			children = (
				F8BAAFCC1991B68800372A63 /* Base */,
			);
			name = Main.storyboard;
			sourceTree = "<group>";
		};
/* End PBXVariantGroup section */

/* Begin XCBuildConfiguration section */
		F8BAAFDC1991B68800372A63 /* Debug */ = {
			isa = XCBuildConfiguration;
			buildSettings = {
				ALWAYS_SEARCH_USER_PATHS = NO;
				CLANG_CXX_LANGUAGE_STANDARD = "gnu++0x";
				CLANG_CXX_LIBRARY = "libc++";
				CLANG_ENABLE_MODULES = YES;
				CLANG_ENABLE_OBJC_ARC = YES;
				CLANG_WARN_BOOL_CONVERSION = YES;
				CLANG_WARN_CONSTANT_CONVERSION = YES;
				CLANG_WARN_DIRECT_OBJC_ISA_USAGE = YES_ERROR;
				CLANG_WARN_EMPTY_BODY = YES;
				CLANG_WARN_ENUM_CONVERSION = YES;
				CLANG_WARN_INT_CONVERSION = YES;
				CLANG_WARN_OBJC_ROOT_CLASS = YES_ERROR;
				CLANG_WARN_UNREACHABLE_CODE = YES;
				CLANG_WARN__DUPLICATE_METHOD_MATCH = YES;
				"CODE_SIGN_IDENTITY[sdk=iphoneos*]" = "iPhone Developer";
				COPY_PHASE_STRIP = NO;
				ENABLE_STRICT_OBJC_MSGSEND = YES;
				GCC_C_LANGUAGE_STANDARD = gnu99;
				GCC_DYNAMIC_NO_PIC = NO;
				GCC_OPTIMIZATION_LEVEL = 0;
				GCC_PREPROCESSOR_DEFINITIONS = (
					"DEBUG=1",
					"$(inherited)",
				);
				GCC_SYMBOLS_PRIVATE_EXTERN = NO;
				GCC_WARN_64_TO_32_BIT_CONVERSION = YES;
				GCC_WARN_ABOUT_RETURN_TYPE = YES_ERROR;
				GCC_WARN_UNDECLARED_SELECTOR = YES;
				GCC_WARN_UNINITIALIZED_AUTOS = YES_AGGRESSIVE;
				GCC_WARN_UNUSED_FUNCTION = YES;
				GCC_WARN_UNUSED_VARIABLE = YES;
				IPHONEOS_DEPLOYMENT_TARGET = 8.0;
				MTL_ENABLE_DEBUG_INFO = YES;
				ONLY_ACTIVE_ARCH = YES;
				SDKROOT = iphoneos;
				SWIFT_OPTIMIZATION_LEVEL = "-Onone";
			};
			name = Debug;
		};
		F8BAAFDD1991B68800372A63 /* Release */ = {
			isa = XCBuildConfiguration;
			buildSettings = {
				ALWAYS_SEARCH_USER_PATHS = NO;
				CLANG_CXX_LANGUAGE_STANDARD = "gnu++0x";
				CLANG_CXX_LIBRARY = "libc++";
				CLANG_ENABLE_MODULES = YES;
				CLANG_ENABLE_OBJC_ARC = YES;
				CLANG_WARN_BOOL_CONVERSION = YES;
				CLANG_WARN_CONSTANT_CONVERSION = YES;
				CLANG_WARN_DIRECT_OBJC_ISA_USAGE = YES_ERROR;
				CLANG_WARN_EMPTY_BODY = YES;
				CLANG_WARN_ENUM_CONVERSION = YES;
				CLANG_WARN_INT_CONVERSION = YES;
				CLANG_WARN_OBJC_ROOT_CLASS = YES_ERROR;
				CLANG_WARN_UNREACHABLE_CODE = YES;
				CLANG_WARN__DUPLICATE_METHOD_MATCH = YES;
				"CODE_SIGN_IDENTITY[sdk=iphoneos*]" = "iPhone Developer";
				COPY_PHASE_STRIP = YES;
				ENABLE_NS_ASSERTIONS = NO;
				ENABLE_STRICT_OBJC_MSGSEND = YES;
				GCC_C_LANGUAGE_STANDARD = gnu99;
				GCC_WARN_64_TO_32_BIT_CONVERSION = YES;
				GCC_WARN_ABOUT_RETURN_TYPE = YES_ERROR;
				GCC_WARN_UNDECLARED_SELECTOR = YES;
				GCC_WARN_UNINITIALIZED_AUTOS = YES_AGGRESSIVE;
				GCC_WARN_UNUSED_FUNCTION = YES;
				GCC_WARN_UNUSED_VARIABLE = YES;
				IPHONEOS_DEPLOYMENT_TARGET = 8.0;
				MTL_ENABLE_DEBUG_INFO = NO;
				SDKROOT = iphoneos;
				VALIDATE_PRODUCT = YES;
			};
			name = Release;
		};
		F8BAAFDF1991B68800372A63 /* Debug */ = {
			isa = XCBuildConfiguration;
			buildSettings = {
				ASSETCATALOG_COMPILER_APPICON_NAME = AppIcon;
				ASSETCATALOG_COMPILER_LAUNCHIMAGE_NAME = LaunchImage;
				CODE_SIGN_IDENTITY = "iPhone Developer: やまと 歌丸 (H4XC24B75K)";
				INFOPLIST_FILE = twitterSelection/Info.plist;
				IPHONEOS_DEPLOYMENT_TARGET = 7.1;
				LD_RUNPATH_SEARCH_PATHS = "$(inherited) @executable_path/Frameworks";
				PRODUCT_NAME = "$(TARGET_NAME)";
			};
			name = Debug;
		};
		F8BAAFE01991B68800372A63 /* Release */ = {
			isa = XCBuildConfiguration;
			buildSettings = {
				ASSETCATALOG_COMPILER_APPICON_NAME = AppIcon;
				ASSETCATALOG_COMPILER_LAUNCHIMAGE_NAME = LaunchImage;
				CODE_SIGN_IDENTITY = "iPhone Developer: やまと 歌丸 (H4XC24B75K)";
				INFOPLIST_FILE = twitterSelection/Info.plist;
				IPHONEOS_DEPLOYMENT_TARGET = 7.1;
				LD_RUNPATH_SEARCH_PATHS = "$(inherited) @executable_path/Frameworks";
				PRODUCT_NAME = "$(TARGET_NAME)";
			};
			name = Release;
		};
		F8BAAFE21991B68800372A63 /* Debug */ = {
			isa = XCBuildConfiguration;
			buildSettings = {
				BUNDLE_LOADER = "$(BUILT_PRODUCTS_DIR)/twitterSelection.app/twitterSelection";
				FRAMEWORK_SEARCH_PATHS = (
					"$(SDKROOT)/Developer/Library/Frameworks",
					"$(inherited)",
				);
				GCC_PREPROCESSOR_DEFINITIONS = (
					"DEBUG=1",
					"$(inherited)",
				);
				INFOPLIST_FILE = twitterSelectionTests/Info.plist;
				LD_RUNPATH_SEARCH_PATHS = "$(inherited) @executable_path/Frameworks @loader_path/Frameworks";
				PRODUCT_NAME = "$(TARGET_NAME)";
				TEST_HOST = "$(BUNDLE_LOADER)";
			};
			name = Debug;
		};
		F8BAAFE31991B68800372A63 /* Release */ = {
			isa = XCBuildConfiguration;
			buildSettings = {
				BUNDLE_LOADER = "$(BUILT_PRODUCTS_DIR)/twitterSelection.app/twitterSelection";
				FRAMEWORK_SEARCH_PATHS = (
					"$(SDKROOT)/Developer/Library/Frameworks",
					"$(inherited)",
				);
				INFOPLIST_FILE = twitterSelectionTests/Info.plist;
				LD_RUNPATH_SEARCH_PATHS = "$(inherited) @executable_path/Frameworks @loader_path/Frameworks";
				PRODUCT_NAME = "$(TARGET_NAME)";
				TEST_HOST = "$(BUNDLE_LOADER)";
			};
			name = Release;
		};
/* End XCBuildConfiguration section */

/* Begin XCConfigurationList section */
		F8BAAFBD1991B68800372A63 /* Build configuration list for PBXProject "twitterSelection" */ = {
			isa = XCConfigurationList;
			buildConfigurations = (
				F8BAAFDC1991B68800372A63 /* Debug */,
				F8BAAFDD1991B68800372A63 /* Release */,
			);
			defaultConfigurationIsVisible = 0;
			defaultConfigurationName = Release;
		};
		F8BAAFDE1991B68800372A63 /* Build configuration list for PBXNativeTarget "twitterSelection" */ = {
			isa = XCConfigurationList;
			buildConfigurations = (
				F8BAAFDF1991B68800372A63 /* Debug */,
				F8BAAFE01991B68800372A63 /* Release */,
			);
			defaultConfigurationIsVisible = 0;
		};
		F8BAAFE11991B68800372A63 /* Build configuration list for PBXNativeTarget "twitterSelectionTests" */ = {
			isa = XCConfigurationList;
			buildConfigurations = (
				F8BAAFE21991B68800372A63 /* Debug */,
				F8BAAFE31991B68800372A63 /* Release */,
			);
			defaultConfigurationIsVisible = 0;
		};
/* End XCConfigurationList section */
	};
	rootObject = F8BAAFBA1991B68800372A63 /* Project object */;
}
