// !$*UTF8*$!
{
	archiveVersion = 1;
	classes = {
	};
	objectVersion = 46;
	objects = {

/* Begin PBXBuildFile section */
		F0B2F750198617D100432E1C /* AppDelegate.swift in Sources */ = {isa = PBXBuildFile; fileRef = F0B2F74F198617D100432E1C /* AppDelegate.swift */; };
		F0B2F752198617D100432E1C /* ViewController.swift in Sources */ = {isa = PBXBuildFile; fileRef = F0B2F751198617D100432E1C /* ViewController.swift */; };
		F0B2F755198617D100432E1C /* Main.storyboard in Resources */ = {isa = PBXBuildFile; fileRef = F0B2F753198617D100432E1C /* Main.storyboard */; };
		F0B2F757198617D100432E1C /* Images.xcassets in Resources */ = {isa = PBXBuildFile; fileRef = F0B2F756198617D100432E1C /* Images.xcassets */; };
		F0B2F763198617D100432E1C /* emunanaEXTests.swift in Sources */ = {isa = PBXBuildFile; fileRef = F0B2F762198617D100432E1C /* emunanaEXTests.swift */; };
		F814761419933F50001A7CF9 /* CoreMotion.framework in Frameworks */ = {isa = PBXBuildFile; fileRef = F814761319933F50001A7CF9 /* CoreMotion.framework */; settings = {ATTRIBUTES = (Required, ); }; };
/* End PBXBuildFile section */

/* Begin PBXContainerItemProxy section */
		F0B2F75D198617D100432E1C /* PBXContainerItemProxy */ = {
			isa = PBXContainerItemProxy;
			containerPortal = F0B2F742198617D000432E1C /* Project object */;
			proxyType = 1;
			remoteGlobalIDString = F0B2F749198617D000432E1C;
			remoteInfo = emunanaEX;
		};
/* End PBXContainerItemProxy section */

/* Begin PBXFileReference section */
		F0B2F74A198617D100432E1C /* emunanaEX.app */ = {isa = PBXFileReference; explicitFileType = wrapper.application; includeInIndex = 0; path = emunanaEX.app; sourceTree = BUILT_PRODUCTS_DIR; };
		F0B2F74E198617D100432E1C /* Info.plist */ = {isa = PBXFileReference; lastKnownFileType = text.plist.xml; path = Info.plist; sourceTree = "<group>"; };
		F0B2F74F198617D100432E1C /* AppDelegate.swift */ = {isa = PBXFileReference; lastKnownFileType = sourcecode.swift; path = AppDelegate.swift; sourceTree = "<group>"; };
		F0B2F751198617D100432E1C /* ViewController.swift */ = {isa = PBXFileReference; lastKnownFileType = sourcecode.swift; path = ViewController.swift; sourceTree = "<group>"; };
		F0B2F754198617D100432E1C /* Base */ = {isa = PBXFileReference; lastKnownFileType = file.storyboard; name = Base; path = Base.lproj/Main.storyboard; sourceTree = "<group>"; };
		F0B2F756198617D100432E1C /* Images.xcassets */ = {isa = PBXFileReference; lastKnownFileType = folder.assetcatalog; path = Images.xcassets; sourceTree = "<group>"; };
		F0B2F75C198617D100432E1C /* emunanaEXTests.xctest */ = {isa = PBXFileReference; explicitFileType = wrapper.cfbundle; includeInIndex = 0; path = emunanaEXTests.xctest; sourceTree = BUILT_PRODUCTS_DIR; };
		F0B2F761198617D100432E1C /* Info.plist */ = {isa = PBXFileReference; lastKnownFileType = text.plist.xml; path = Info.plist; sourceTree = "<group>"; };
		F0B2F762198617D100432E1C /* emunanaEXTests.swift */ = {isa = PBXFileReference; lastKnownFileType = sourcecode.swift; path = emunanaEXTests.swift; sourceTree = "<group>"; };
		F814761319933F50001A7CF9 /* CoreMotion.framework */ = {isa = PBXFileReference; lastKnownFileType = wrapper.framework; name = CoreMotion.framework; path = System/Library/Frameworks/CoreMotion.framework; sourceTree = SDKROOT; };
/* End PBXFileReference section */

/* Begin PBXFrameworksBuildPhase section */
		F0B2F747198617D000432E1C /* Frameworks */ = {
			isa = PBXFrameworksBuildPhase;
			buildActionMask = 2147483647;
			files = (
				F814761419933F50001A7CF9 /* CoreMotion.framework in Frameworks */,
			);
			runOnlyForDeploymentPostprocessing = 0;
		};
		F0B2F759198617D100432E1C /* Frameworks */ = {
			isa = PBXFrameworksBuildPhase;
			buildActionMask = 2147483647;
			files = (
			);
			runOnlyForDeploymentPostprocessing = 0;
		};
/* End PBXFrameworksBuildPhase section */

/* Begin PBXGroup section */
		F0B2F741198617D000432E1C = {
			isa = PBXGroup;
			children = (
				F814761319933F50001A7CF9 /* CoreMotion.framework */,
				F0B2F74C198617D100432E1C /* emunanaEX */,
				F0B2F75F198617D100432E1C /* emunanaEXTests */,
				F0B2F74B198617D100432E1C /* Products */,
			);
			sourceTree = "<group>";
		};
		F0B2F74B198617D100432E1C /* Products */ = {
			isa = PBXGroup;
			children = (
				F0B2F74A198617D100432E1C /* emunanaEX.app */,
				F0B2F75C198617D100432E1C /* emunanaEXTests.xctest */,
			);
			name = Products;
			sourceTree = "<group>";
		};
		F0B2F74C198617D100432E1C /* emunanaEX */ = {
			isa = PBXGroup;
			children = (
				F0B2F74F198617D100432E1C /* AppDelegate.swift */,
				F0B2F751198617D100432E1C /* ViewController.swift */,
				F0B2F753198617D100432E1C /* Main.storyboard */,
				F0B2F756198617D100432E1C /* Images.xcassets */,
				F0B2F74D198617D100432E1C /* Supporting Files */,
			);
			path = emunanaEX;
			sourceTree = "<group>";
		};
		F0B2F74D198617D100432E1C /* Supporting Files */ = {
			isa = PBXGroup;
			children = (
				F0B2F74E198617D100432E1C /* Info.plist */,
			);
			name = "Supporting Files";
			sourceTree = "<group>";
		};
		F0B2F75F198617D100432E1C /* emunanaEXTests */ = {
			isa = PBXGroup;
			children = (
				F0B2F762198617D100432E1C /* emunanaEXTests.swift */,
				F0B2F760198617D100432E1C /* Supporting Files */,
			);
			path = emunanaEXTests;
			sourceTree = "<group>";
		};
		F0B2F760198617D100432E1C /* Supporting Files */ = {
			isa = PBXGroup;
			children = (
				F0B2F761198617D100432E1C /* Info.plist */,
			);
			name = "Supporting Files";
			sourceTree = "<group>";
		};
/* End PBXGroup section */

/* Begin PBXNativeTarget section */
		F0B2F749198617D000432E1C /* emunanaEX */ = {
			isa = PBXNativeTarget;
			buildConfigurationList = F0B2F766198617D100432E1C /* Build configuration list for PBXNativeTarget "emunanaEX" */;
			buildPhases = (
				F0B2F746198617D000432E1C /* Sources */,
				F0B2F747198617D000432E1C /* Frameworks */,
				F0B2F748198617D000432E1C /* Resources */,
			);
			buildRules = (
			);
			dependencies = (
			);
			name = emunanaEX;
			productName = emunanaEX;
			productReference = F0B2F74A198617D100432E1C /* emunanaEX.app */;
			productType = "com.apple.product-type.application";
		};
		F0B2F75B198617D100432E1C /* emunanaEXTests */ = {
			isa = PBXNativeTarget;
			buildConfigurationList = F0B2F769198617D100432E1C /* Build configuration list for PBXNativeTarget "emunanaEXTests" */;
			buildPhases = (
				F0B2F758198617D100432E1C /* Sources */,
				F0B2F759198617D100432E1C /* Frameworks */,
				F0B2F75A198617D100432E1C /* Resources */,
			);
			buildRules = (
			);
			dependencies = (
				F0B2F75E198617D100432E1C /* PBXTargetDependency */,
			);
			name = emunanaEXTests;
			productName = emunanaEXTests;
			productReference = F0B2F75C198617D100432E1C /* emunanaEXTests.xctest */;
			productType = "com.apple.product-type.bundle.unit-test";
		};
/* End PBXNativeTarget section */

/* Begin PBXProject section */
		F0B2F742198617D000432E1C /* Project object */ = {
			isa = PBXProject;
			attributes = {
				LastUpgradeCheck = 0600;
				ORGANIZATIONNAME = "若尾あすか";
				TargetAttributes = {
					F0B2F749198617D000432E1C = {
						CreatedOnToolsVersion = 6.0;
						DevelopmentTeam = 628U27X7NX;
					};
					F0B2F75B198617D100432E1C = {
						CreatedOnToolsVersion = 6.0;
						TestTargetID = F0B2F749198617D000432E1C;
					};
				};
			};
			buildConfigurationList = F0B2F745198617D000432E1C /* Build configuration list for PBXProject "emunanaEX" */;
			compatibilityVersion = "Xcode 3.2";
			developmentRegion = English;
			hasScannedForEncodings = 0;
			knownRegions = (
				en,
				Base,
			);
			mainGroup = F0B2F741198617D000432E1C;
			productRefGroup = F0B2F74B198617D100432E1C /* Products */;
			projectDirPath = "";
			projectRoot = "";
			targets = (
				F0B2F749198617D000432E1C /* emunanaEX */,
				F0B2F75B198617D100432E1C /* emunanaEXTests */,
			);
		};
/* End PBXProject section */

/* Begin PBXResourcesBuildPhase section */
		F0B2F748198617D000432E1C /* Resources */ = {
			isa = PBXResourcesBuildPhase;
			buildActionMask = 2147483647;
			files = (
				F0B2F755198617D100432E1C /* Main.storyboard in Resources */,
				F0B2F757198617D100432E1C /* Images.xcassets in Resources */,
			);
			runOnlyForDeploymentPostprocessing = 0;
		};
		F0B2F75A198617D100432E1C /* Resources */ = {
			isa = PBXResourcesBuildPhase;
			buildActionMask = 2147483647;
			files = (
			);
			runOnlyForDeploymentPostprocessing = 0;
		};
/* End PBXResourcesBuildPhase section */

/* Begin PBXSourcesBuildPhase section */
		F0B2F746198617D000432E1C /* Sources */ = {
			isa = PBXSourcesBuildPhase;
			buildActionMask = 2147483647;
			files = (
				F0B2F752198617D100432E1C /* ViewController.swift in Sources */,
				F0B2F750198617D100432E1C /* AppDelegate.swift in Sources */,
			);
			runOnlyForDeploymentPostprocessing = 0;
		};
		F0B2F758198617D100432E1C /* Sources */ = {
			isa = PBXSourcesBuildPhase;
			buildActionMask = 2147483647;
			files = (
				F0B2F763198617D100432E1C /* emunanaEXTests.swift in Sources */,
			);
			runOnlyForDeploymentPostprocessing = 0;
		};
/* End PBXSourcesBuildPhase section */

/* Begin PBXTargetDependency section */
		F0B2F75E198617D100432E1C /* PBXTargetDependency */ = {
			isa = PBXTargetDependency;
			target = F0B2F749198617D000432E1C /* emunanaEX */;
			targetProxy = F0B2F75D198617D100432E1C /* PBXContainerItemProxy */;
		};
/* End PBXTargetDependency section */

/* Begin PBXVariantGroup section */
		F0B2F753198617D100432E1C /* Main.storyboard */ = {
			isa = PBXVariantGroup;
			children = (
				F0B2F754198617D100432E1C /* Base */,
			);
			name = Main.storyboard;
			sourceTree = "<group>";
		};
/* End PBXVariantGroup section */

/* Begin XCBuildConfiguration section */
		F0B2F764198617D100432E1C /* Debug */ = {
			isa = XCBuildConfiguration;
			buildSettings = {
				ALWAYS_SEARCH_USER_PATHS = NO;
				CLANG_CXX_LANGUAGE_STANDARD = "gnu++0x";
				CLANG_CXX_LIBRARY = "libc++";
				CLANG_ENABLE_MODULES = YES;
				CLANG_ENABLE_OBJC_ARC = YES;
				CLANG_WARN_BOOL_CONVERSION = YES;
				CLANG_WARN_CONSTANT_CONVERSION = YES;
				CLANG_WARN_DIRECT_OBJC_ISA_USAGE = YES_ERROR;
				CLANG_WARN_EMPTY_BODY = YES;
				CLANG_WARN_ENUM_CONVERSION = YES;
				CLANG_WARN_INT_CONVERSION = YES;
				CLANG_WARN_OBJC_ROOT_CLASS = YES_ERROR;
				CLANG_WARN_UNREACHABLE_CODE = YES;
				CLANG_WARN__DUPLICATE_METHOD_MATCH = YES;
				"CODE_SIGN_IDENTITY[sdk=iphoneos*]" = "iPhone Developer";
				COPY_PHASE_STRIP = NO;
				ENABLE_STRICT_OBJC_MSGSEND = YES;
				GCC_C_LANGUAGE_STANDARD = gnu99;
				GCC_DYNAMIC_NO_PIC = NO;
				GCC_OPTIMIZATION_LEVEL = 0;
				GCC_PREPROCESSOR_DEFINITIONS = (
					"DEBUG=1",
					"$(inherited)",
				);
				GCC_SYMBOLS_PRIVATE_EXTERN = NO;
				GCC_WARN_64_TO_32_BIT_CONVERSION = YES;
				GCC_WARN_ABOUT_RETURN_TYPE = YES_ERROR;
				GCC_WARN_UNDECLARED_SELECTOR = YES;
				GCC_WARN_UNINITIALIZED_AUTOS = YES_AGGRESSIVE;
				GCC_WARN_UNUSED_FUNCTION = YES;
				GCC_WARN_UNUSED_VARIABLE = YES;
				IPHONEOS_DEPLOYMENT_TARGET = 8.0;
				MTL_ENABLE_DEBUG_INFO = YES;
				ONLY_ACTIVE_ARCH = YES;
				SDKROOT = iphoneos;
				SWIFT_OPTIMIZATION_LEVEL = "-Onone";
				TARGETED_DEVICE_FAMILY = "1,2";
			};
			name = Debug;
		};
		F0B2F765198617D100432E1C /* Release */ = {
			isa = XCBuildConfiguration;
			buildSettings = {
				ALWAYS_SEARCH_USER_PATHS = NO;
				CLANG_CXX_LANGUAGE_STANDARD = "gnu++0x";
				CLANG_CXX_LIBRARY = "libc++";
				CLANG_ENABLE_MODULES = YES;
				CLANG_ENABLE_OBJC_ARC = YES;
				CLANG_WARN_BOOL_CONVERSION = YES;
				CLANG_WARN_CONSTANT_CONVERSION = YES;
				CLANG_WARN_DIRECT_OBJC_ISA_USAGE = YES_ERROR;
				CLANG_WARN_EMPTY_BODY = YES;
				CLANG_WARN_ENUM_CONVERSION = YES;
				CLANG_WARN_INT_CONVERSION = YES;
				CLANG_WARN_OBJC_ROOT_CLASS = YES_ERROR;
				CLANG_WARN_UNREACHABLE_CODE = YES;
				CLANG_WARN__DUPLICATE_METHOD_MATCH = YES;
				"CODE_SIGN_IDENTITY[sdk=iphoneos*]" = "iPhone Developer";
				COPY_PHASE_STRIP = YES;
				ENABLE_NS_ASSERTIONS = NO;
				ENABLE_STRICT_OBJC_MSGSEND = YES;
				GCC_C_LANGUAGE_STANDARD = gnu99;
				GCC_WARN_64_TO_32_BIT_CONVERSION = YES;
				GCC_WARN_ABOUT_RETURN_TYPE = YES_ERROR;
				GCC_WARN_UNDECLARED_SELECTOR = YES;
				GCC_WARN_UNINITIALIZED_AUTOS = YES_AGGRESSIVE;
				GCC_WARN_UNUSED_FUNCTION = YES;
				GCC_WARN_UNUSED_VARIABLE = YES;
				IPHONEOS_DEPLOYMENT_TARGET = 8.0;
				MTL_ENABLE_DEBUG_INFO = NO;
				SDKROOT = iphoneos;
				TARGETED_DEVICE_FAMILY = "1,2";
				VALIDATE_PRODUCT = YES;
			};
			name = Release;
		};
		F0B2F767198617D100432E1C /* Debug */ = {
			isa = XCBuildConfiguration;
			buildSettings = {
				ASSETCATALOG_COMPILER_APPICON_NAME = AppIcon;
				ASSETCATALOG_COMPILER_LAUNCHIMAGE_NAME = LaunchImage;
				CODE_SIGN_IDENTITY = "iPhone Developer: やまと 歌丸 (H4XC24B75K)";
				INFOPLIST_FILE = emunanaEX/Info.plist;
				IPHONEOS_DEPLOYMENT_TARGET = 7.1;
				LD_RUNPATH_SEARCH_PATHS = "$(inherited) @executable_path/Frameworks";
				PRODUCT_NAME = "$(TARGET_NAME)";
			};
			name = Debug;
		};
		F0B2F768198617D100432E1C /* Release */ = {
			isa = XCBuildConfiguration;
			buildSettings = {
				ASSETCATALOG_COMPILER_APPICON_NAME = AppIcon;
				ASSETCATALOG_COMPILER_LAUNCHIMAGE_NAME = LaunchImage;
				CODE_SIGN_IDENTITY = "iPhone Developer: やまと 歌丸 (H4XC24B75K)";
				INFOPLIST_FILE = emunanaEX/Info.plist;
				IPHONEOS_DEPLOYMENT_TARGET = 7.1;
				LD_RUNPATH_SEARCH_PATHS = "$(inherited) @executable_path/Frameworks";
				PRODUCT_NAME = "$(TARGET_NAME)";
			};
			name = Release;
		};
		F0B2F76A198617D100432E1C /* Debug */ = {
			isa = XCBuildConfiguration;
			buildSettings = {
				BUNDLE_LOADER = "$(BUILT_PRODUCTS_DIR)/emunanaEX.app/emunanaEX";
				FRAMEWORK_SEARCH_PATHS = (
					"$(SDKROOT)/Developer/Library/Frameworks",
					"$(inherited)",
				);
				GCC_PREPROCESSOR_DEFINITIONS = (
					"DEBUG=1",
					"$(inherited)",
				);
				INFOPLIST_FILE = emunanaEXTests/Info.plist;
				LD_RUNPATH_SEARCH_PATHS = "$(inherited) @executable_path/Frameworks @loader_path/Frameworks";
				PRODUCT_NAME = "$(TARGET_NAME)";
				TEST_HOST = "$(BUNDLE_LOADER)";
			};
			name = Debug;
		};
		F0B2F76B198617D100432E1C /* Release */ = {
			isa = XCBuildConfiguration;
			buildSettings = {
				BUNDLE_LOADER = "$(BUILT_PRODUCTS_DIR)/emunanaEX.app/emunanaEX";
				FRAMEWORK_SEARCH_PATHS = (
					"$(SDKROOT)/Developer/Library/Frameworks",
					"$(inherited)",
				);
				INFOPLIST_FILE = emunanaEXTests/Info.plist;
				LD_RUNPATH_SEARCH_PATHS = "$(inherited) @executable_path/Frameworks @loader_path/Frameworks";
				PRODUCT_NAME = "$(TARGET_NAME)";
				TEST_HOST = "$(BUNDLE_LOADER)";
			};
			name = Release;
		};
/* End XCBuildConfiguration section */

/* Begin XCConfigurationList section */
		F0B2F745198617D000432E1C /* Build configuration list for PBXProject "emunanaEX" */ = {
			isa = XCConfigurationList;
			buildConfigurations = (
				F0B2F764198617D100432E1C /* Debug */,
				F0B2F765198617D100432E1C /* Release */,
			);
			defaultConfigurationIsVisible = 0;
			defaultConfigurationName = Release;
		};
		F0B2F766198617D100432E1C /* Build configuration list for PBXNativeTarget "emunanaEX" */ = {
			isa = XCConfigurationList;
			buildConfigurations = (
				F0B2F767198617D100432E1C /* Debug */,
				F0B2F768198617D100432E1C /* Release */,
			);
			defaultConfigurationIsVisible = 0;
			defaultConfigurationName = Release;
		};
		F0B2F769198617D100432E1C /* Build configuration list for PBXNativeTarget "emunanaEXTests" */ = {
			isa = XCConfigurationList;
			buildConfigurations = (
				F0B2F76A198617D100432E1C /* Debug */,
				F0B2F76B198617D100432E1C /* Release */,
			);
			defaultConfigurationIsVisible = 0;
			defaultConfigurationName = Release;
		};
/* End XCConfigurationList section */
	};
	rootObject = F0B2F742198617D000432E1C /* Project object */;
}
