// !$*UTF8*$!
{
	archiveVersion = 1;
	classes = {
	};
	objectVersion = 46;
	objects = {

/* Begin PBXBuildFile section */
		F8D0FD4119A4733300D187EB /* AppDelegate.swift in Sources */ = {isa = PBXBuildFile; fileRef = F8D0FD4019A4733300D187EB /* AppDelegate.swift */; };
		F8D0FD4319A4733300D187EB /* ViewController.swift in Sources */ = {isa = PBXBuildFile; fileRef = F8D0FD4219A4733300D187EB /* ViewController.swift */; };
		F8D0FD4619A4733300D187EB /* Main.storyboard in Resources */ = {isa = PBXBuildFile; fileRef = F8D0FD4419A4733300D187EB /* Main.storyboard */; };
		F8D0FD4819A4733300D187EB /* Images.xcassets in Resources */ = {isa = PBXBuildFile; fileRef = F8D0FD4719A4733300D187EB /* Images.xcassets */; };
		F8D0FD5419A4733300D187EB /* backgroundPedometerTests.swift in Sources */ = {isa = PBXBuildFile; fileRef = F8D0FD5319A4733300D187EB /* backgroundPedometerTests.swift */; };
		F8D0FD5E19A4738F00D187EB /* CoreMotion.framework in Frameworks */ = {isa = PBXBuildFile; fileRef = F8D0FD5D19A4738F00D187EB /* CoreMotion.framework */; };
/* End PBXBuildFile section */

/* Begin PBXContainerItemProxy section */
		F8D0FD4E19A4733300D187EB /* PBXContainerItemProxy */ = {
			isa = PBXContainerItemProxy;
			containerPortal = F8D0FD3319A4733300D187EB /* Project object */;
			proxyType = 1;
			remoteGlobalIDString = F8D0FD3A19A4733300D187EB;
			remoteInfo = backgroundPedometer;
		};
/* End PBXContainerItemProxy section */

/* Begin PBXFileReference section */
		F8D0FD3B19A4733300D187EB /* backgroundPedometer.app */ = {isa = PBXFileReference; explicitFileType = wrapper.application; includeInIndex = 0; path = backgroundPedometer.app; sourceTree = BUILT_PRODUCTS_DIR; };
		F8D0FD3F19A4733300D187EB /* Info.plist */ = {isa = PBXFileReference; lastKnownFileType = text.plist.xml; path = Info.plist; sourceTree = "<group>"; };
		F8D0FD4019A4733300D187EB /* AppDelegate.swift */ = {isa = PBXFileReference; lastKnownFileType = sourcecode.swift; path = AppDelegate.swift; sourceTree = "<group>"; };
		F8D0FD4219A4733300D187EB /* ViewController.swift */ = {isa = PBXFileReference; lastKnownFileType = sourcecode.swift; path = ViewController.swift; sourceTree = "<group>"; };
		F8D0FD4519A4733300D187EB /* Base */ = {isa = PBXFileReference; lastKnownFileType = file.storyboard; name = Base; path = Base.lproj/Main.storyboard; sourceTree = "<group>"; };
		F8D0FD4719A4733300D187EB /* Images.xcassets */ = {isa = PBXFileReference; lastKnownFileType = folder.assetcatalog; path = Images.xcassets; sourceTree = "<group>"; };
		F8D0FD4D19A4733300D187EB /* backgroundPedometerTests.xctest */ = {isa = PBXFileReference; explicitFileType = wrapper.cfbundle; includeInIndex = 0; path = backgroundPedometerTests.xctest; sourceTree = BUILT_PRODUCTS_DIR; };
		F8D0FD5219A4733300D187EB /* Info.plist */ = {isa = PBXFileReference; lastKnownFileType = text.plist.xml; path = Info.plist; sourceTree = "<group>"; };
		F8D0FD5319A4733300D187EB /* backgroundPedometerTests.swift */ = {isa = PBXFileReference; lastKnownFileType = sourcecode.swift; path = backgroundPedometerTests.swift; sourceTree = "<group>"; };
		F8D0FD5D19A4738F00D187EB /* CoreMotion.framework */ = {isa = PBXFileReference; lastKnownFileType = wrapper.framework; name = CoreMotion.framework; path = System/Library/Frameworks/CoreMotion.framework; sourceTree = SDKROOT; };
/* End PBXFileReference section */

/* Begin PBXFrameworksBuildPhase section */
		F8D0FD3819A4733300D187EB /* Frameworks */ = {
			isa = PBXFrameworksBuildPhase;
			buildActionMask = 2147483647;
			files = (
				F8D0FD5E19A4738F00D187EB /* CoreMotion.framework in Frameworks */,
			);
			runOnlyForDeploymentPostprocessing = 0;
		};
		F8D0FD4A19A4733300D187EB /* Frameworks */ = {
			isa = PBXFrameworksBuildPhase;
			buildActionMask = 2147483647;
			files = (
			);
			runOnlyForDeploymentPostprocessing = 0;
		};
/* End PBXFrameworksBuildPhase section */

/* Begin PBXGroup section */
		F8D0FD3219A4733300D187EB = {
			isa = PBXGroup;
			children = (
				F8D0FD5D19A4738F00D187EB /* CoreMotion.framework */,
				F8D0FD3D19A4733300D187EB /* backgroundPedometer */,
				F8D0FD5019A4733300D187EB /* backgroundPedometerTests */,
				F8D0FD3C19A4733300D187EB /* Products */,
			);
			sourceTree = "<group>";
		};
		F8D0FD3C19A4733300D187EB /* Products */ = {
			isa = PBXGroup;
			children = (
				F8D0FD3B19A4733300D187EB /* backgroundPedometer.app */,
				F8D0FD4D19A4733300D187EB /* backgroundPedometerTests.xctest */,
			);
			name = Products;
			sourceTree = "<group>";
		};
		F8D0FD3D19A4733300D187EB /* backgroundPedometer */ = {
			isa = PBXGroup;
			children = (
				F8D0FD4019A4733300D187EB /* AppDelegate.swift */,
				F8D0FD4219A4733300D187EB /* ViewController.swift */,
				F8D0FD4419A4733300D187EB /* Main.storyboard */,
				F8D0FD4719A4733300D187EB /* Images.xcassets */,
				F8D0FD3E19A4733300D187EB /* Supporting Files */,
			);
			path = backgroundPedometer;
			sourceTree = "<group>";
		};
		F8D0FD3E19A4733300D187EB /* Supporting Files */ = {
			isa = PBXGroup;
			children = (
				F8D0FD3F19A4733300D187EB /* Info.plist */,
			);
			name = "Supporting Files";
			sourceTree = "<group>";
		};
		F8D0FD5019A4733300D187EB /* backgroundPedometerTests */ = {
			isa = PBXGroup;
			children = (
				F8D0FD5319A4733300D187EB /* backgroundPedometerTests.swift */,
				F8D0FD5119A4733300D187EB /* Supporting Files */,
			);
			path = backgroundPedometerTests;
			sourceTree = "<group>";
		};
		F8D0FD5119A4733300D187EB /* Supporting Files */ = {
			isa = PBXGroup;
			children = (
				F8D0FD5219A4733300D187EB /* Info.plist */,
			);
			name = "Supporting Files";
			sourceTree = "<group>";
		};
/* End PBXGroup section */

/* Begin PBXNativeTarget section */
		F8D0FD3A19A4733300D187EB /* backgroundPedometer */ = {
			isa = PBXNativeTarget;
			buildConfigurationList = F8D0FD5719A4733300D187EB /* Build configuration list for PBXNativeTarget "backgroundPedometer" */;
			buildPhases = (
				F8D0FD3719A4733300D187EB /* Sources */,
				F8D0FD3819A4733300D187EB /* Frameworks */,
				F8D0FD3919A4733300D187EB /* Resources */,
			);
			buildRules = (
			);
			dependencies = (
			);
			name = backgroundPedometer;
			productName = backgroundPedometer;
			productReference = F8D0FD3B19A4733300D187EB /* backgroundPedometer.app */;
			productType = "com.apple.product-type.application";
		};
		F8D0FD4C19A4733300D187EB /* backgroundPedometerTests */ = {
			isa = PBXNativeTarget;
			buildConfigurationList = F8D0FD5A19A4733300D187EB /* Build configuration list for PBXNativeTarget "backgroundPedometerTests" */;
			buildPhases = (
				F8D0FD4919A4733300D187EB /* Sources */,
				F8D0FD4A19A4733300D187EB /* Frameworks */,
				F8D0FD4B19A4733300D187EB /* Resources */,
			);
			buildRules = (
			);
			dependencies = (
				F8D0FD4F19A4733300D187EB /* PBXTargetDependency */,
			);
			name = backgroundPedometerTests;
			productName = backgroundPedometerTests;
			productReference = F8D0FD4D19A4733300D187EB /* backgroundPedometerTests.xctest */;
			productType = "com.apple.product-type.bundle.unit-test";
		};
/* End PBXNativeTarget section */

/* Begin PBXProject section */
		F8D0FD3319A4733300D187EB /* Project object */ = {
			isa = PBXProject;
			attributes = {
				LastUpgradeCheck = 0600;
				ORGANIZATIONNAME = "ステファンアレクサンダー";
				TargetAttributes = {
					F8D0FD3A19A4733300D187EB = {
						CreatedOnToolsVersion = 6.0;
					};
					F8D0FD4C19A4733300D187EB = {
						CreatedOnToolsVersion = 6.0;
						TestTargetID = F8D0FD3A19A4733300D187EB;
					};
				};
			};
			buildConfigurationList = F8D0FD3619A4733300D187EB /* Build configuration list for PBXProject "backgroundPedometer" */;
			compatibilityVersion = "Xcode 3.2";
			developmentRegion = English;
			hasScannedForEncodings = 0;
			knownRegions = (
				en,
				Base,
			);
			mainGroup = F8D0FD3219A4733300D187EB;
			productRefGroup = F8D0FD3C19A4733300D187EB /* Products */;
			projectDirPath = "";
			projectRoot = "";
			targets = (
				F8D0FD3A19A4733300D187EB /* backgroundPedometer */,
				F8D0FD4C19A4733300D187EB /* backgroundPedometerTests */,
			);
		};
/* End PBXProject section */

/* Begin PBXResourcesBuildPhase section */
		F8D0FD3919A4733300D187EB /* Resources */ = {
			isa = PBXResourcesBuildPhase;
			buildActionMask = 2147483647;
			files = (
				F8D0FD4619A4733300D187EB /* Main.storyboard in Resources */,
				F8D0FD4819A4733300D187EB /* Images.xcassets in Resources */,
			);
			runOnlyForDeploymentPostprocessing = 0;
		};
		F8D0FD4B19A4733300D187EB /* Resources */ = {
			isa = PBXResourcesBuildPhase;
			buildActionMask = 2147483647;
			files = (
			);
			runOnlyForDeploymentPostprocessing = 0;
		};
/* End PBXResourcesBuildPhase section */

/* Begin PBXSourcesBuildPhase section */
		F8D0FD3719A4733300D187EB /* Sources */ = {
			isa = PBXSourcesBuildPhase;
			buildActionMask = 2147483647;
			files = (
				F8D0FD4319A4733300D187EB /* ViewController.swift in Sources */,
				F8D0FD4119A4733300D187EB /* AppDelegate.swift in Sources */,
			);
			runOnlyForDeploymentPostprocessing = 0;
		};
		F8D0FD4919A4733300D187EB /* Sources */ = {
			isa = PBXSourcesBuildPhase;
			buildActionMask = 2147483647;
			files = (
				F8D0FD5419A4733300D187EB /* backgroundPedometerTests.swift in Sources */,
			);
			runOnlyForDeploymentPostprocessing = 0;
		};
/* End PBXSourcesBuildPhase section */

/* Begin PBXTargetDependency section */
		F8D0FD4F19A4733300D187EB /* PBXTargetDependency */ = {
			isa = PBXTargetDependency;
			target = F8D0FD3A19A4733300D187EB /* backgroundPedometer */;
			targetProxy = F8D0FD4E19A4733300D187EB /* PBXContainerItemProxy */;
		};
/* End PBXTargetDependency section */

/* Begin PBXVariantGroup section */
		F8D0FD4419A4733300D187EB /* Main.storyboard */ = {
			isa = PBXVariantGroup;
			children = (
				F8D0FD4519A4733300D187EB /* Base */,
			);
			name = Main.storyboard;
			sourceTree = "<group>";
		};
/* End PBXVariantGroup section */

/* Begin XCBuildConfiguration section */
		F8D0FD5519A4733300D187EB /* Debug */ = {
			isa = XCBuildConfiguration;
			buildSettings = {
				ALWAYS_SEARCH_USER_PATHS = NO;
				CLANG_CXX_LANGUAGE_STANDARD = "gnu++0x";
				CLANG_CXX_LIBRARY = "libc++";
				CLANG_ENABLE_MODULES = YES;
				CLANG_ENABLE_OBJC_ARC = YES;
				CLANG_WARN_BOOL_CONVERSION = YES;
				CLANG_WARN_CONSTANT_CONVERSION = YES;
				CLANG_WARN_DIRECT_OBJC_ISA_USAGE = YES_ERROR;
				CLANG_WARN_EMPTY_BODY = YES;
				CLANG_WARN_ENUM_CONVERSION = YES;
				CLANG_WARN_INT_CONVERSION = YES;
				CLANG_WARN_OBJC_ROOT_CLASS = YES_ERROR;
				CLANG_WARN_UNREACHABLE_CODE = YES;
				CLANG_WARN__DUPLICATE_METHOD_MATCH = YES;
				"CODE_SIGN_IDENTITY[sdk=iphoneos*]" = "iPhone Developer";
				COPY_PHASE_STRIP = NO;
				ENABLE_STRICT_OBJC_MSGSEND = YES;
				GCC_C_LANGUAGE_STANDARD = gnu99;
				GCC_DYNAMIC_NO_PIC = NO;
				GCC_OPTIMIZATION_LEVEL = 0;
				GCC_PREPROCESSOR_DEFINITIONS = (
					"DEBUG=1",
					"$(inherited)",
				);
				GCC_SYMBOLS_PRIVATE_EXTERN = NO;
				GCC_WARN_64_TO_32_BIT_CONVERSION = YES;
				GCC_WARN_ABOUT_RETURN_TYPE = YES_ERROR;
				GCC_WARN_UNDECLARED_SELECTOR = YES;
				GCC_WARN_UNINITIALIZED_AUTOS = YES_AGGRESSIVE;
				GCC_WARN_UNUSED_FUNCTION = YES;
				GCC_WARN_UNUSED_VARIABLE = YES;
				IPHONEOS_DEPLOYMENT_TARGET = 8.0;
				MTL_ENABLE_DEBUG_INFO = YES;
				ONLY_ACTIVE_ARCH = YES;
				SDKROOT = iphoneos;
				SWIFT_OPTIMIZATION_LEVEL = "-Onone";
			};
			name = Debug;
		};
		F8D0FD5619A4733300D187EB /* Release */ = {
			isa = XCBuildConfiguration;
			buildSettings = {
				ALWAYS_SEARCH_USER_PATHS = NO;
				CLANG_CXX_LANGUAGE_STANDARD = "gnu++0x";
				CLANG_CXX_LIBRARY = "libc++";
				CLANG_ENABLE_MODULES = YES;
				CLANG_ENABLE_OBJC_ARC = YES;
				CLANG_WARN_BOOL_CONVERSION = YES;
				CLANG_WARN_CONSTANT_CONVERSION = YES;
				CLANG_WARN_DIRECT_OBJC_ISA_USAGE = YES_ERROR;
				CLANG_WARN_EMPTY_BODY = YES;
				CLANG_WARN_ENUM_CONVERSION = YES;
				CLANG_WARN_INT_CONVERSION = YES;
				CLANG_WARN_OBJC_ROOT_CLASS = YES_ERROR;
				CLANG_WARN_UNREACHABLE_CODE = YES;
				CLANG_WARN__DUPLICATE_METHOD_MATCH = YES;
				"CODE_SIGN_IDENTITY[sdk=iphoneos*]" = "iPhone Developer";
				COPY_PHASE_STRIP = YES;
				ENABLE_NS_ASSERTIONS = NO;
				ENABLE_STRICT_OBJC_MSGSEND = YES;
				GCC_C_LANGUAGE_STANDARD = gnu99;
				GCC_WARN_64_TO_32_BIT_CONVERSION = YES;
				GCC_WARN_ABOUT_RETURN_TYPE = YES_ERROR;
				GCC_WARN_UNDECLARED_SELECTOR = YES;
				GCC_WARN_UNINITIALIZED_AUTOS = YES_AGGRESSIVE;
				GCC_WARN_UNUSED_FUNCTION = YES;
				GCC_WARN_UNUSED_VARIABLE = YES;
				IPHONEOS_DEPLOYMENT_TARGET = 8.0;
				MTL_ENABLE_DEBUG_INFO = NO;
				SDKROOT = iphoneos;
				VALIDATE_PRODUCT = YES;
			};
			name = Release;
		};
		F8D0FD5819A4733300D187EB /* Debug */ = {
			isa = XCBuildConfiguration;
			buildSettings = {
				ASSETCATALOG_COMPILER_APPICON_NAME = AppIcon;
				ASSETCATALOG_COMPILER_LAUNCHIMAGE_NAME = LaunchImage;
				INFOPLIST_FILE = backgroundPedometer/Info.plist;
				IPHONEOS_DEPLOYMENT_TARGET = 7.1;
				LD_RUNPATH_SEARCH_PATHS = "$(inherited) @executable_path/Frameworks";
				PRODUCT_NAME = "$(TARGET_NAME)";
			};
			name = Debug;
		};
		F8D0FD5919A4733300D187EB /* Release */ = {
			isa = XCBuildConfiguration;
			buildSettings = {
				ASSETCATALOG_COMPILER_APPICON_NAME = AppIcon;
				ASSETCATALOG_COMPILER_LAUNCHIMAGE_NAME = LaunchImage;
				INFOPLIST_FILE = backgroundPedometer/Info.plist;
				IPHONEOS_DEPLOYMENT_TARGET = 7.1;
				LD_RUNPATH_SEARCH_PATHS = "$(inherited) @executable_path/Frameworks";
				PRODUCT_NAME = "$(TARGET_NAME)";
			};
			name = Release;
		};
		F8D0FD5B19A4733300D187EB /* Debug */ = {
			isa = XCBuildConfiguration;
			buildSettings = {
				BUNDLE_LOADER = "$(TEST_HOST)";
				FRAMEWORK_SEARCH_PATHS = (
					"$(SDKROOT)/Developer/Library/Frameworks",
					"$(inherited)",
				);
				GCC_PREPROCESSOR_DEFINITIONS = (
					"DEBUG=1",
					"$(inherited)",
				);
				INFOPLIST_FILE = backgroundPedometerTests/Info.plist;
				LD_RUNPATH_SEARCH_PATHS = "$(inherited) @executable_path/Frameworks @loader_path/Frameworks";
				PRODUCT_NAME = "$(TARGET_NAME)";
				TEST_HOST = "$(BUILT_PRODUCTS_DIR)/backgroundPedometer.app/backgroundPedometer";
			};
			name = Debug;
		};
		F8D0FD5C19A4733300D187EB /* Release */ = {
			isa = XCBuildConfiguration;
			buildSettings = {
				BUNDLE_LOADER = "$(TEST_HOST)";
				FRAMEWORK_SEARCH_PATHS = (
					"$(SDKROOT)/Developer/Library/Frameworks",
					"$(inherited)",
				);
				INFOPLIST_FILE = backgroundPedometerTests/Info.plist;
				LD_RUNPATH_SEARCH_PATHS = "$(inherited) @executable_path/Frameworks @loader_path/Frameworks";
				PRODUCT_NAME = "$(TARGET_NAME)";
				TEST_HOST = "$(BUILT_PRODUCTS_DIR)/backgroundPedometer.app/backgroundPedometer";
			};
			name = Release;
		};
/* End XCBuildConfiguration section */

/* Begin XCConfigurationList section */
		F8D0FD3619A4733300D187EB /* Build configuration list for PBXProject "backgroundPedometer" */ = {
			isa = XCConfigurationList;
			buildConfigurations = (
				F8D0FD5519A4733300D187EB /* Debug */,
				F8D0FD5619A4733300D187EB /* Release */,
			);
			defaultConfigurationIsVisible = 0;
			defaultConfigurationName = Release;
		};
		F8D0FD5719A4733300D187EB /* Build configuration list for PBXNativeTarget "backgroundPedometer" */ = {
			isa = XCConfigurationList;
			buildConfigurations = (
				F8D0FD5819A4733300D187EB /* Debug */,
				F8D0FD5919A4733300D187EB /* Release */,
			);
			defaultConfigurationIsVisible = 0;
		};
		F8D0FD5A19A4733300D187EB /* Build configuration list for PBXNativeTarget "backgroundPedometerTests" */ = {
			isa = XCConfigurationList;
			buildConfigurations = (
				F8D0FD5B19A4733300D187EB /* Debug */,
				F8D0FD5C19A4733300D187EB /* Release */,
			);
			defaultConfigurationIsVisible = 0;
		};
/* End XCConfigurationList section */
	};
	rootObject = F8D0FD3319A4733300D187EB /* Project object */;
}
