// !$*UTF8*$!
{
	archiveVersion = 1;
	classes = {
	};
	objectVersion = 46;
	objects = {

/* Begin PBXBuildFile section */
		A139CB15197E029300A1E8F4 /* Ability.swift in Sources */ = {isa = PBXBuildFile; fileRef = A139CB14197E029300A1E8F4 /* Ability.swift */; };
		A139CB19197E1BAE00A1E8F4 /* Utility.swift in Sources */ = {isa = PBXBuildFile; fileRef = A139CB18197E1BAE00A1E8F4 /* Utility.swift */; };
		A139CB1B197E1E3E00A1E8F4 /* Combat.swift in Sources */ = {isa = PBXBuildFile; fileRef = A139CB1A197E1E3E00A1E8F4 /* Combat.swift */; };
		A139CB1D197E30E600A1E8F4 /* slime.png in Resources */ = {isa = PBXBuildFile; fileRef = A139CB1C197E30E600A1E8F4 /* slime.png */; };
		A139CB1F197E36F700A1E8F4 /* dead.png in Resources */ = {isa = PBXBuildFile; fileRef = A139CB1E197E36F700A1E8F4 /* dead.png */; };
		A139CB21197E379A00A1E8F4 /* gameover.png in Resources */ = {isa = PBXBuildFile; fileRef = A139CB20197E379A00A1E8F4 /* gameover.png */; };
		A147A9B01978C34C0073C61C /* Enemy.swift in Sources */ = {isa = PBXBuildFile; fileRef = A147A9AF1978C34C0073C61C /* Enemy.swift */; };
		A147A9B21978DD6E0073C61C /* Entity.swift in Sources */ = {isa = PBXBuildFile; fileRef = A147A9B11978DD6E0073C61C /* Entity.swift */; };
		A147A9B61978F47A0073C61C /* enemies.json in Resources */ = {isa = PBXBuildFile; fileRef = A147A9B51978F47A0073C61C /* enemies.json */; };
		A161E830197C97D6002D2901 /* Job Code.txt in Resources */ = {isa = PBXBuildFile; fileRef = A161E82F197C97D6002D2901 /* Job Code.txt */; };
		A1F4A6FA1977A702001579BC /* AppDelegate.swift in Sources */ = {isa = PBXBuildFile; fileRef = A1F4A6F91977A702001579BC /* AppDelegate.swift */; };
		A1F4A6FC1977A702001579BC /* ViewController.swift in Sources */ = {isa = PBXBuildFile; fileRef = A1F4A6FB1977A702001579BC /* ViewController.swift */; };
		A1F4A6FF1977A702001579BC /* Main.storyboard in Resources */ = {isa = PBXBuildFile; fileRef = A1F4A6FD1977A702001579BC /* Main.storyboard */; };
		A1F4A7011977A702001579BC /* Images.xcassets in Resources */ = {isa = PBXBuildFile; fileRef = A1F4A7001977A702001579BC /* Images.xcassets */; };
		A1F4A70D1977A702001579BC /* CombatSystemTests.swift in Sources */ = {isa = PBXBuildFile; fileRef = A1F4A70C1977A702001579BC /* CombatSystemTests.swift */; };
		A1F4A7191977A936001579BC /* Player.swift in Sources */ = {isa = PBXBuildFile; fileRef = A1F4A7181977A936001579BC /* Player.swift */; };
/* End PBXBuildFile section */

/* Begin PBXContainerItemProxy section */
		A1F4A7071977A702001579BC /* PBXContainerItemProxy */ = {
			isa = PBXContainerItemProxy;
			containerPortal = A1F4A6EC1977A701001579BC /* Project object */;
			proxyType = 1;
			remoteGlobalIDString = A1F4A6F31977A701001579BC;
			remoteInfo = CombatSystem;
		};
/* End PBXContainerItemProxy section */

/* Begin PBXFileReference section */
		A12A03691978A9E900A1DD0F /* CombatSystem-Bridging-Header.h */ = {isa = PBXFileReference; lastKnownFileType = sourcecode.c.h; path = "CombatSystem-Bridging-Header.h"; sourceTree = "<group>"; };
		A139CB14197E029300A1E8F4 /* Ability.swift */ = {isa = PBXFileReference; fileEncoding = 4; lastKnownFileType = sourcecode.swift; path = Ability.swift; sourceTree = "<group>"; };
		A139CB18197E1BAE00A1E8F4 /* Utility.swift */ = {isa = PBXFileReference; fileEncoding = 4; lastKnownFileType = sourcecode.swift; path = Utility.swift; sourceTree = "<group>"; };
		A139CB1A197E1E3E00A1E8F4 /* Combat.swift */ = {isa = PBXFileReference; fileEncoding = 4; lastKnownFileType = sourcecode.swift; path = Combat.swift; sourceTree = "<group>"; };
		A139CB1C197E30E600A1E8F4 /* slime.png */ = {isa = PBXFileReference; lastKnownFileType = image.png; path = slime.png; sourceTree = "<group>"; };
		A139CB1E197E36F700A1E8F4 /* dead.png */ = {isa = PBXFileReference; lastKnownFileType = image.png; path = dead.png; sourceTree = "<group>"; };
		A139CB20197E379A00A1E8F4 /* gameover.png */ = {isa = PBXFileReference; lastKnownFileType = image.png; path = gameover.png; sourceTree = "<group>"; };
		A147A9AF1978C34C0073C61C /* Enemy.swift */ = {isa = PBXFileReference; fileEncoding = 4; lastKnownFileType = sourcecode.swift; name = Enemy.swift; path = CombatSystem/Enemy.swift; sourceTree = "<group>"; };
		A147A9B11978DD6E0073C61C /* Entity.swift */ = {isa = PBXFileReference; fileEncoding = 4; lastKnownFileType = sourcecode.swift; name = Entity.swift; path = CombatSystem/Entity.swift; sourceTree = "<group>"; };
		A147A9B51978F47A0073C61C /* enemies.json */ = {isa = PBXFileReference; fileEncoding = 4; lastKnownFileType = text.json; path = enemies.json; sourceTree = "<group>"; };
		A161E82B197C910D002D2901 /* CombatSystem.app */ = {isa = PBXFileReference; explicitFileType = wrapper.application; includeInIndex = 0; name = CombatSystem.app; path = "/Users/maxwellperlman/Documents/CombatSystem/build/Debug-iphoneos/CombatSystem.app"; sourceTree = "<absolute>"; };
		A161E82C197C910D002D2901 /* CombatSystemTests.xctest */ = {isa = PBXFileReference; explicitFileType = wrapper.cfbundle; includeInIndex = 0; name = CombatSystemTests.xctest; path = "/Users/maxwellperlman/Documents/CombatSystem/build/Debug-iphoneos/CombatSystemTests.xctest"; sourceTree = "<absolute>"; };
		A161E82F197C97D6002D2901 /* Job Code.txt */ = {isa = PBXFileReference; fileEncoding = 4; lastKnownFileType = text; path = "Job Code.txt"; sourceTree = "<group>"; };
		A1F4A6F81977A702001579BC /* Info.plist */ = {isa = PBXFileReference; lastKnownFileType = text.plist.xml; path = Info.plist; sourceTree = "<group>"; };
		A1F4A6F91977A702001579BC /* AppDelegate.swift */ = {isa = PBXFileReference; lastKnownFileType = sourcecode.swift; path = AppDelegate.swift; sourceTree = "<group>"; };
		A1F4A6FB1977A702001579BC /* ViewController.swift */ = {isa = PBXFileReference; lastKnownFileType = sourcecode.swift; path = ViewController.swift; sourceTree = "<group>"; };
		A1F4A6FE1977A702001579BC /* Base */ = {isa = PBXFileReference; lastKnownFileType = file.storyboard; name = Base; path = Base.lproj/Main.storyboard; sourceTree = "<group>"; };
		A1F4A7001977A702001579BC /* Images.xcassets */ = {isa = PBXFileReference; lastKnownFileType = folder.assetcatalog; path = Images.xcassets; sourceTree = "<group>"; };
		A1F4A70B1977A702001579BC /* Info.plist */ = {isa = PBXFileReference; lastKnownFileType = text.plist.xml; path = Info.plist; sourceTree = "<group>"; };
		A1F4A70C1977A702001579BC /* CombatSystemTests.swift */ = {isa = PBXFileReference; lastKnownFileType = sourcecode.swift; path = CombatSystemTests.swift; sourceTree = "<group>"; };
		A1F4A7181977A936001579BC /* Player.swift */ = {isa = PBXFileReference; fileEncoding = 4; lastKnownFileType = sourcecode.swift; name = Player.swift; path = CombatSystem/Player.swift; sourceTree = "<group>"; };
/* End PBXFileReference section */

/* Begin PBXFrameworksBuildPhase section */
		A1F4A6F11977A701001579BC /* Frameworks */ = {
			isa = PBXFrameworksBuildPhase;
			buildActionMask = 2147483647;
			files = (
			);
			runOnlyForDeploymentPostprocessing = 0;
		};
		A1F4A7031977A702001579BC /* Frameworks */ = {
			isa = PBXFrameworksBuildPhase;
			buildActionMask = 2147483647;
			files = (
			);
			runOnlyForDeploymentPostprocessing = 0;
		};
/* End PBXFrameworksBuildPhase section */

/* Begin PBXGroup section */
		A1F4A6EB1977A701001579BC = {
			isa = PBXGroup;
			children = (
				A1F4A7181977A936001579BC /* Player.swift */,
				A139CB1A197E1E3E00A1E8F4 /* Combat.swift */,
				A147A9AF1978C34C0073C61C /* Enemy.swift */,
				A147A9B11978DD6E0073C61C /* Entity.swift */,
				A139CB18197E1BAE00A1E8F4 /* Utility.swift */,
				A139CB14197E029300A1E8F4 /* Ability.swift */,
				A1F4A6F61977A702001579BC /* CombatSystem */,
				A1F4A7091977A702001579BC /* CombatSystemTests */,
			);
			sourceTree = "<group>";
		};
		A1F4A6F61977A702001579BC /* CombatSystem */ = {
			isa = PBXGroup;
			children = (
				A139CB20197E379A00A1E8F4 /* gameover.png */,
				A139CB1E197E36F700A1E8F4 /* dead.png */,
				A139CB1C197E30E600A1E8F4 /* slime.png */,
				A161E82F197C97D6002D2901 /* Job Code.txt */,
				A147A9B51978F47A0073C61C /* enemies.json */,
				A1F4A6F91977A702001579BC /* AppDelegate.swift */,
				A1F4A6FB1977A702001579BC /* ViewController.swift */,
				A1F4A6FD1977A702001579BC /* Main.storyboard */,
				A1F4A7001977A702001579BC /* Images.xcassets */,
				A1F4A6F71977A702001579BC /* Supporting Files */,
				A12A03691978A9E900A1DD0F /* CombatSystem-Bridging-Header.h */,
			);
			path = CombatSystem;
			sourceTree = "<group>";
		};
		A1F4A6F71977A702001579BC /* Supporting Files */ = {
			isa = PBXGroup;
			children = (
				A1F4A6F81977A702001579BC /* Info.plist */,
			);
			name = "Supporting Files";
			sourceTree = "<group>";
		};
		A1F4A7091977A702001579BC /* CombatSystemTests */ = {
			isa = PBXGroup;
			children = (
				A1F4A70C1977A702001579BC /* CombatSystemTests.swift */,
				A1F4A70A1977A702001579BC /* Supporting Files */,
			);
			path = CombatSystemTests;
			sourceTree = "<group>";
		};
		A1F4A70A1977A702001579BC /* Supporting Files */ = {
			isa = PBXGroup;
			children = (
				A1F4A70B1977A702001579BC /* Info.plist */,
			);
			name = "Supporting Files";
			sourceTree = "<group>";
		};
/* End PBXGroup section */

/* Begin PBXNativeTarget section */
		A1F4A6F31977A701001579BC /* CombatSystem */ = {
			isa = PBXNativeTarget;
			buildConfigurationList = A1F4A7101977A702001579BC /* Build configuration list for PBXNativeTarget "CombatSystem" */;
			buildPhases = (
				A1F4A6F01977A701001579BC /* Sources */,
				A1F4A6F11977A701001579BC /* Frameworks */,
				A1F4A6F21977A701001579BC /* Resources */,
			);
			buildRules = (
			);
			dependencies = (
			);
			name = CombatSystem;
			productName = CombatSystem;
			productReference = A161E82B197C910D002D2901 /* CombatSystem.app */;
			productType = "com.apple.product-type.application";
		};
		A1F4A7051977A702001579BC /* CombatSystemTests */ = {
			isa = PBXNativeTarget;
			buildConfigurationList = A1F4A7131977A702001579BC /* Build configuration list for PBXNativeTarget "CombatSystemTests" */;
			buildPhases = (
				A1F4A7021977A702001579BC /* Sources */,
				A1F4A7031977A702001579BC /* Frameworks */,
				A1F4A7041977A702001579BC /* Resources */,
			);
			buildRules = (
			);
			dependencies = (
				A1F4A7081977A702001579BC /* PBXTargetDependency */,
			);
			name = CombatSystemTests;
			productName = CombatSystemTests;
			productReference = A161E82C197C910D002D2901 /* CombatSystemTests.xctest */;
			productType = "com.apple.product-type.bundle.unit-test";
		};
/* End PBXNativeTarget section */

/* Begin PBXProject section */
		A1F4A6EC1977A701001579BC /* Project object */ = {
			isa = PBXProject;
			attributes = {
				LastUpgradeCheck = 0600;
				ORGANIZATIONNAME = "Maxwell Perlman";
				TargetAttributes = {
					A1F4A6F31977A701001579BC = {
						CreatedOnToolsVersion = 6.0;
					};
					A1F4A7051977A702001579BC = {
						CreatedOnToolsVersion = 6.0;
						TestTargetID = A1F4A6F31977A701001579BC;
					};
				};
			};
			buildConfigurationList = A1F4A6EF1977A701001579BC /* Build configuration list for PBXProject "CombatSystem" */;
			compatibilityVersion = "Xcode 3.2";
			developmentRegion = English;
			hasScannedForEncodings = 0;
			knownRegions = (
				en,
				Base,
			);
			mainGroup = A1F4A6EB1977A701001579BC;
			productRefGroup = A1F4A6EB1977A701001579BC;
			projectDirPath = "";
			projectRoot = "";
			targets = (
				A1F4A6F31977A701001579BC /* CombatSystem */,
				A1F4A7051977A702001579BC /* CombatSystemTests */,
			);
		};
/* End PBXProject section */

/* Begin PBXResourcesBuildPhase section */
		A1F4A6F21977A701001579BC /* Resources */ = {
			isa = PBXResourcesBuildPhase;
			buildActionMask = 2147483647;
			files = (
				A161E830197C97D6002D2901 /* Job Code.txt in Resources */,
				A1F4A6FF1977A702001579BC /* Main.storyboard in Resources */,
				A139CB1D197E30E600A1E8F4 /* slime.png in Resources */,
				A139CB21197E379A00A1E8F4 /* gameover.png in Resources */,
				A147A9B61978F47A0073C61C /* enemies.json in Resources */,
				A1F4A7011977A702001579BC /* Images.xcassets in Resources */,
				A139CB1F197E36F700A1E8F4 /* dead.png in Resources */,
			);
			runOnlyForDeploymentPostprocessing = 0;
		};
		A1F4A7041977A702001579BC /* Resources */ = {
			isa = PBXResourcesBuildPhase;
			buildActionMask = 2147483647;
			files = (
			);
			runOnlyForDeploymentPostprocessing = 0;
		};
/* End PBXResourcesBuildPhase section */

/* Begin PBXSourcesBuildPhase section */
		A1F4A6F01977A701001579BC /* Sources */ = {
			isa = PBXSourcesBuildPhase;
			buildActionMask = 2147483647;
			files = (
				A139CB19197E1BAE00A1E8F4 /* Utility.swift in Sources */,
				A147A9B01978C34C0073C61C /* Enemy.swift in Sources */,
				A147A9B21978DD6E0073C61C /* Entity.swift in Sources */,
				A1F4A6FC1977A702001579BC /* ViewController.swift in Sources */,
				A1F4A7191977A936001579BC /* Player.swift in Sources */,
				A139CB1B197E1E3E00A1E8F4 /* Combat.swift in Sources */,
				A139CB15197E029300A1E8F4 /* Ability.swift in Sources */,
				A1F4A6FA1977A702001579BC /* AppDelegate.swift in Sources */,
			);
			runOnlyForDeploymentPostprocessing = 0;
		};
		A1F4A7021977A702001579BC /* Sources */ = {
			isa = PBXSourcesBuildPhase;
			buildActionMask = 2147483647;
			files = (
				A1F4A70D1977A702001579BC /* CombatSystemTests.swift in Sources */,
			);
			runOnlyForDeploymentPostprocessing = 0;
		};
/* End PBXSourcesBuildPhase section */

/* Begin PBXTargetDependency section */
		A1F4A7081977A702001579BC /* PBXTargetDependency */ = {
			isa = PBXTargetDependency;
			target = A1F4A6F31977A701001579BC /* CombatSystem */;
			targetProxy = A1F4A7071977A702001579BC /* PBXContainerItemProxy */;
		};
/* End PBXTargetDependency section */

/* Begin PBXVariantGroup section */
		A1F4A6FD1977A702001579BC /* Main.storyboard */ = {
			isa = PBXVariantGroup;
			children = (
				A1F4A6FE1977A702001579BC /* Base */,
			);
			name = Main.storyboard;
			sourceTree = "<group>";
		};
/* End PBXVariantGroup section */

/* Begin XCBuildConfiguration section */
		A1F4A70E1977A702001579BC /* Debug */ = {
			isa = XCBuildConfiguration;
			buildSettings = {
				ALWAYS_SEARCH_USER_PATHS = NO;
				CLANG_CXX_LANGUAGE_STANDARD = "gnu++0x";
				CLANG_CXX_LIBRARY = "libc++";
				CLANG_ENABLE_MODULES = YES;
				CLANG_ENABLE_OBJC_ARC = YES;
				CLANG_WARN_BOOL_CONVERSION = YES;
				CLANG_WARN_CONSTANT_CONVERSION = YES;
				CLANG_WARN_DIRECT_OBJC_ISA_USAGE = YES_ERROR;
				CLANG_WARN_EMPTY_BODY = YES;
				CLANG_WARN_ENUM_CONVERSION = YES;
				CLANG_WARN_INT_CONVERSION = YES;
				CLANG_WARN_OBJC_ROOT_CLASS = YES_ERROR;
				CLANG_WARN_UNREACHABLE_CODE = YES;
				CLANG_WARN__DUPLICATE_METHOD_MATCH = YES;
				"CODE_SIGN_IDENTITY[sdk=iphoneos*]" = "iPhone Developer";
				COPY_PHASE_STRIP = NO;
				ENABLE_STRICT_OBJC_MSGSEND = YES;
				GCC_C_LANGUAGE_STANDARD = gnu99;
				GCC_DYNAMIC_NO_PIC = NO;
				GCC_OPTIMIZATION_LEVEL = 0;
				GCC_PREPROCESSOR_DEFINITIONS = (
					"DEBUG=1",
					"$(inherited)",
				);
				GCC_SYMBOLS_PRIVATE_EXTERN = NO;
				GCC_WARN_64_TO_32_BIT_CONVERSION = YES;
				GCC_WARN_ABOUT_RETURN_TYPE = YES_ERROR;
				GCC_WARN_UNDECLARED_SELECTOR = YES;
				GCC_WARN_UNINITIALIZED_AUTOS = YES_AGGRESSIVE;
				GCC_WARN_UNUSED_FUNCTION = YES;
				GCC_WARN_UNUSED_VARIABLE = YES;
				IPHONEOS_DEPLOYMENT_TARGET = 8.0;
				MTL_ENABLE_DEBUG_INFO = YES;
				ONLY_ACTIVE_ARCH = YES;
				SDKROOT = iphoneos;
				SWIFT_OPTIMIZATION_LEVEL = "-Onone";
			};
			name = Debug;
		};
		A1F4A70F1977A702001579BC /* Release */ = {
			isa = XCBuildConfiguration;
			buildSettings = {
				ALWAYS_SEARCH_USER_PATHS = NO;
				CLANG_CXX_LANGUAGE_STANDARD = "gnu++0x";
				CLANG_CXX_LIBRARY = "libc++";
				CLANG_ENABLE_MODULES = YES;
				CLANG_ENABLE_OBJC_ARC = YES;
				CLANG_WARN_BOOL_CONVERSION = YES;
				CLANG_WARN_CONSTANT_CONVERSION = YES;
				CLANG_WARN_DIRECT_OBJC_ISA_USAGE = YES_ERROR;
				CLANG_WARN_EMPTY_BODY = YES;
				CLANG_WARN_ENUM_CONVERSION = YES;
				CLANG_WARN_INT_CONVERSION = YES;
				CLANG_WARN_OBJC_ROOT_CLASS = YES_ERROR;
				CLANG_WARN_UNREACHABLE_CODE = YES;
				CLANG_WARN__DUPLICATE_METHOD_MATCH = YES;
				"CODE_SIGN_IDENTITY[sdk=iphoneos*]" = "iPhone Developer";
				COPY_PHASE_STRIP = YES;
				ENABLE_NS_ASSERTIONS = NO;
				ENABLE_STRICT_OBJC_MSGSEND = YES;
				GCC_C_LANGUAGE_STANDARD = gnu99;
				GCC_WARN_64_TO_32_BIT_CONVERSION = YES;
				GCC_WARN_ABOUT_RETURN_TYPE = YES_ERROR;
				GCC_WARN_UNDECLARED_SELECTOR = YES;
				GCC_WARN_UNINITIALIZED_AUTOS = YES_AGGRESSIVE;
				GCC_WARN_UNUSED_FUNCTION = YES;
				GCC_WARN_UNUSED_VARIABLE = YES;
				IPHONEOS_DEPLOYMENT_TARGET = 8.0;
				MTL_ENABLE_DEBUG_INFO = NO;
				SDKROOT = iphoneos;
				VALIDATE_PRODUCT = YES;
			};
			name = Release;
		};
		A1F4A7111977A702001579BC /* Debug */ = {
			isa = XCBuildConfiguration;
			buildSettings = {
				ASSETCATALOG_COMPILER_APPICON_NAME = AppIcon;
				ASSETCATALOG_COMPILER_LAUNCHIMAGE_NAME = LaunchImage;
				CLANG_ENABLE_MODULES = YES;
				INFOPLIST_FILE = CombatSystem/Info.plist;
				LD_RUNPATH_SEARCH_PATHS = "$(inherited) @executable_path/Frameworks";
				PRODUCT_NAME = "$(TARGET_NAME)";
				SWIFT_OBJC_BRIDGING_HEADER = "CombatSystem/CombatSystem-Bridging-Header.h";
				SWIFT_OPTIMIZATION_LEVEL = "-Onone";
			};
			name = Debug;
		};
		A1F4A7121977A702001579BC /* Release */ = {
			isa = XCBuildConfiguration;
			buildSettings = {
				ASSETCATALOG_COMPILER_APPICON_NAME = AppIcon;
				ASSETCATALOG_COMPILER_LAUNCHIMAGE_NAME = LaunchImage;
				CLANG_ENABLE_MODULES = YES;
				INFOPLIST_FILE = CombatSystem/Info.plist;
				LD_RUNPATH_SEARCH_PATHS = "$(inherited) @executable_path/Frameworks";
				PRODUCT_NAME = "$(TARGET_NAME)";
				SWIFT_OBJC_BRIDGING_HEADER = "CombatSystem/CombatSystem-Bridging-Header.h";
			};
			name = Release;
		};
		A1F4A7141977A702001579BC /* Debug */ = {
			isa = XCBuildConfiguration;
			buildSettings = {
				BUNDLE_LOADER = "$(BUILT_PRODUCTS_DIR)/CombatSystem.app/CombatSystem";
				FRAMEWORK_SEARCH_PATHS = (
					"$(SDKROOT)/Developer/Library/Frameworks",
					"$(inherited)",
				);
				GCC_PREPROCESSOR_DEFINITIONS = (
					"DEBUG=1",
					"$(inherited)",
				);
				INFOPLIST_FILE = CombatSystemTests/Info.plist;
				LD_RUNPATH_SEARCH_PATHS = "$(inherited) @executable_path/Frameworks @loader_path/Frameworks";
				PRODUCT_NAME = "$(TARGET_NAME)";
				TEST_HOST = "$(BUNDLE_LOADER)";
			};
			name = Debug;
		};
		A1F4A7151977A702001579BC /* Release */ = {
			isa = XCBuildConfiguration;
			buildSettings = {
				BUNDLE_LOADER = "$(BUILT_PRODUCTS_DIR)/CombatSystem.app/CombatSystem";
				FRAMEWORK_SEARCH_PATHS = (
					"$(SDKROOT)/Developer/Library/Frameworks",
					"$(inherited)",
				);
				INFOPLIST_FILE = CombatSystemTests/Info.plist;
				LD_RUNPATH_SEARCH_PATHS = "$(inherited) @executable_path/Frameworks @loader_path/Frameworks";
				PRODUCT_NAME = "$(TARGET_NAME)";
				TEST_HOST = "$(BUNDLE_LOADER)";
			};
			name = Release;
		};
/* End XCBuildConfiguration section */

/* Begin XCConfigurationList section */
		A1F4A6EF1977A701001579BC /* Build configuration list for PBXProject "CombatSystem" */ = {
			isa = XCConfigurationList;
			buildConfigurations = (
				A1F4A70E1977A702001579BC /* Debug */,
				A1F4A70F1977A702001579BC /* Release */,
			);
			defaultConfigurationIsVisible = 0;
			defaultConfigurationName = Release;
		};
		A1F4A7101977A702001579BC /* Build configuration list for PBXNativeTarget "CombatSystem" */ = {
			isa = XCConfigurationList;
			buildConfigurations = (
				A1F4A7111977A702001579BC /* Debug */,
				A1F4A7121977A702001579BC /* Release */,
			);
			defaultConfigurationIsVisible = 0;
			defaultConfigurationName = Release;
		};
		A1F4A7131977A702001579BC /* Build configuration list for PBXNativeTarget "CombatSystemTests" */ = {
			isa = XCConfigurationList;
			buildConfigurations = (
				A1F4A7141977A702001579BC /* Debug */,
				A1F4A7151977A702001579BC /* Release */,
			);
			defaultConfigurationIsVisible = 0;
			defaultConfigurationName = Release;
		};
/* End XCConfigurationList section */
	};
	rootObject = A1F4A6EC1977A701001579BC /* Project object */;
}
