// !$*UTF8*$!
{
	archiveVersion = 1;
	classes = {
	};
	objectVersion = 46;
	objects = {

/* Begin PBXBuildFile section */
		A12592A31994752D000196D6 /* AppDelegate.swift in Sources */ = {isa = PBXBuildFile; fileRef = A12592A21994752D000196D6 /* AppDelegate.swift */; };
		A12592A51994752D000196D6 /* GameScene.sks in Resources */ = {isa = PBXBuildFile; fileRef = A12592A41994752D000196D6 /* GameScene.sks */; };
		A12592A71994752D000196D6 /* GameScene.swift in Sources */ = {isa = PBXBuildFile; fileRef = A12592A61994752D000196D6 /* GameScene.swift */; };
		A12592A91994752D000196D6 /* GameViewController.swift in Sources */ = {isa = PBXBuildFile; fileRef = A12592A81994752D000196D6 /* GameViewController.swift */; };
		A12592AC1994752D000196D6 /* Main.storyboard in Resources */ = {isa = PBXBuildFile; fileRef = A12592AA1994752D000196D6 /* Main.storyboard */; };
		A12592AE1994752D000196D6 /* Images.xcassets in Resources */ = {isa = PBXBuildFile; fileRef = A12592AD1994752D000196D6 /* Images.xcassets */; };
		A12592BA1994752D000196D6 /* UIExampleTests.swift in Sources */ = {isa = PBXBuildFile; fileRef = A12592B91994752D000196D6 /* UIExampleTests.swift */; };
		A12592C5199475A1000196D6 /* background.png in Resources */ = {isa = PBXBuildFile; fileRef = A12592C4199475A1000196D6 /* background.png */; };
		A15E740F199496D3003B83DA /* enemy.png in Resources */ = {isa = PBXBuildFile; fileRef = A15E740E199496D3003B83DA /* enemy.png */; };
/* End PBXBuildFile section */

/* Begin PBXContainerItemProxy section */
		A12592B41994752D000196D6 /* PBXContainerItemProxy */ = {
			isa = PBXContainerItemProxy;
			containerPortal = A12592951994752D000196D6 /* Project object */;
			proxyType = 1;
			remoteGlobalIDString = A125929C1994752D000196D6;
			remoteInfo = UIExample;
		};
/* End PBXContainerItemProxy section */

/* Begin PBXFileReference section */
		A125929D1994752D000196D6 /* UIExample.app */ = {isa = PBXFileReference; explicitFileType = wrapper.application; includeInIndex = 0; path = UIExample.app; sourceTree = BUILT_PRODUCTS_DIR; };
		A12592A11994752D000196D6 /* Info.plist */ = {isa = PBXFileReference; lastKnownFileType = text.plist.xml; path = Info.plist; sourceTree = "<group>"; };
		A12592A21994752D000196D6 /* AppDelegate.swift */ = {isa = PBXFileReference; lastKnownFileType = sourcecode.swift; path = AppDelegate.swift; sourceTree = "<group>"; };
		A12592A41994752D000196D6 /* GameScene.sks */ = {isa = PBXFileReference; lastKnownFileType = file.sks; path = GameScene.sks; sourceTree = "<group>"; };
		A12592A61994752D000196D6 /* GameScene.swift */ = {isa = PBXFileReference; lastKnownFileType = sourcecode.swift; path = GameScene.swift; sourceTree = "<group>"; };
		A12592A81994752D000196D6 /* GameViewController.swift */ = {isa = PBXFileReference; lastKnownFileType = sourcecode.swift; path = GameViewController.swift; sourceTree = "<group>"; };
		A12592AB1994752D000196D6 /* Base */ = {isa = PBXFileReference; lastKnownFileType = file.storyboard; name = Base; path = Base.lproj/Main.storyboard; sourceTree = "<group>"; };
		A12592AD1994752D000196D6 /* Images.xcassets */ = {isa = PBXFileReference; lastKnownFileType = folder.assetcatalog; path = Images.xcassets; sourceTree = "<group>"; };
		A12592B31994752D000196D6 /* UIExampleTests.xctest */ = {isa = PBXFileReference; explicitFileType = wrapper.cfbundle; includeInIndex = 0; path = UIExampleTests.xctest; sourceTree = BUILT_PRODUCTS_DIR; };
		A12592B81994752D000196D6 /* Info.plist */ = {isa = PBXFileReference; lastKnownFileType = text.plist.xml; path = Info.plist; sourceTree = "<group>"; };
		A12592B91994752D000196D6 /* UIExampleTests.swift */ = {isa = PBXFileReference; lastKnownFileType = sourcecode.swift; path = UIExampleTests.swift; sourceTree = "<group>"; };
		A12592C4199475A1000196D6 /* background.png */ = {isa = PBXFileReference; lastKnownFileType = image.png; path = background.png; sourceTree = "<group>"; };
		A15E740E199496D3003B83DA /* enemy.png */ = {isa = PBXFileReference; lastKnownFileType = image.png; path = enemy.png; sourceTree = "<group>"; };
/* End PBXFileReference section */

/* Begin PBXFrameworksBuildPhase section */
		A125929A1994752D000196D6 /* Frameworks */ = {
			isa = PBXFrameworksBuildPhase;
			buildActionMask = 2147483647;
			files = (
			);
			runOnlyForDeploymentPostprocessing = 0;
		};
		A12592B01994752D000196D6 /* Frameworks */ = {
			isa = PBXFrameworksBuildPhase;
			buildActionMask = 2147483647;
			files = (
			);
			runOnlyForDeploymentPostprocessing = 0;
		};
/* End PBXFrameworksBuildPhase section */

/* Begin PBXGroup section */
		A12592941994752D000196D6 = {
			isa = PBXGroup;
			children = (
				A125929F1994752D000196D6 /* UIExample */,
				A12592B61994752D000196D6 /* UIExampleTests */,
				A125929E1994752D000196D6 /* Products */,
			);
			sourceTree = "<group>";
		};
		A125929E1994752D000196D6 /* Products */ = {
			isa = PBXGroup;
			children = (
				A125929D1994752D000196D6 /* UIExample.app */,
				A12592B31994752D000196D6 /* UIExampleTests.xctest */,
			);
			name = Products;
			sourceTree = "<group>";
		};
		A125929F1994752D000196D6 /* UIExample */ = {
			isa = PBXGroup;
			children = (
				A12592C3199475A1000196D6 /* Images */,
				A12592A21994752D000196D6 /* AppDelegate.swift */,
				A12592A41994752D000196D6 /* GameScene.sks */,
				A12592A61994752D000196D6 /* GameScene.swift */,
				A12592A81994752D000196D6 /* GameViewController.swift */,
				A12592AA1994752D000196D6 /* Main.storyboard */,
				A12592AD1994752D000196D6 /* Images.xcassets */,
				A12592A01994752D000196D6 /* Supporting Files */,
			);
			path = UIExample;
			sourceTree = "<group>";
		};
		A12592A01994752D000196D6 /* Supporting Files */ = {
			isa = PBXGroup;
			children = (
				A12592A11994752D000196D6 /* Info.plist */,
			);
			name = "Supporting Files";
			sourceTree = "<group>";
		};
		A12592B61994752D000196D6 /* UIExampleTests */ = {
			isa = PBXGroup;
			children = (
				A12592B91994752D000196D6 /* UIExampleTests.swift */,
				A12592B71994752D000196D6 /* Supporting Files */,
			);
			path = UIExampleTests;
			sourceTree = "<group>";
		};
		A12592B71994752D000196D6 /* Supporting Files */ = {
			isa = PBXGroup;
			children = (
				A12592B81994752D000196D6 /* Info.plist */,
			);
			name = "Supporting Files";
			sourceTree = "<group>";
		};
		A12592C3199475A1000196D6 /* Images */ = {
			isa = PBXGroup;
			children = (
				A15E740E199496D3003B83DA /* enemy.png */,
				A12592C4199475A1000196D6 /* background.png */,
			);
			path = Images;
			sourceTree = "<group>";
		};
/* End PBXGroup section */

/* Begin PBXNativeTarget section */
		A125929C1994752D000196D6 /* UIExample */ = {
			isa = PBXNativeTarget;
			buildConfigurationList = A12592BD1994752D000196D6 /* Build configuration list for PBXNativeTarget "UIExample" */;
			buildPhases = (
				A12592991994752D000196D6 /* Sources */,
				A125929A1994752D000196D6 /* Frameworks */,
				A125929B1994752D000196D6 /* Resources */,
			);
			buildRules = (
			);
			dependencies = (
			);
			name = UIExample;
			productName = UIExample;
			productReference = A125929D1994752D000196D6 /* UIExample.app */;
			productType = "com.apple.product-type.application";
		};
		A12592B21994752D000196D6 /* UIExampleTests */ = {
			isa = PBXNativeTarget;
			buildConfigurationList = A12592C01994752D000196D6 /* Build configuration list for PBXNativeTarget "UIExampleTests" */;
			buildPhases = (
				A12592AF1994752D000196D6 /* Sources */,
				A12592B01994752D000196D6 /* Frameworks */,
				A12592B11994752D000196D6 /* Resources */,
			);
			buildRules = (
			);
			dependencies = (
				A12592B51994752D000196D6 /* PBXTargetDependency */,
			);
			name = UIExampleTests;
			productName = UIExampleTests;
			productReference = A12592B31994752D000196D6 /* UIExampleTests.xctest */;
			productType = "com.apple.product-type.bundle.unit-test";
		};
/* End PBXNativeTarget section */

/* Begin PBXProject section */
		A12592951994752D000196D6 /* Project object */ = {
			isa = PBXProject;
			attributes = {
				LastUpgradeCheck = 0600;
				ORGANIZATIONNAME = "Maxwell Perlman";
				TargetAttributes = {
					A125929C1994752D000196D6 = {
						CreatedOnToolsVersion = 6.0;
					};
					A12592B21994752D000196D6 = {
						CreatedOnToolsVersion = 6.0;
						TestTargetID = A125929C1994752D000196D6;
					};
				};
			};
			buildConfigurationList = A12592981994752D000196D6 /* Build configuration list for PBXProject "UIExample" */;
			compatibilityVersion = "Xcode 3.2";
			developmentRegion = English;
			hasScannedForEncodings = 0;
			knownRegions = (
				en,
				Base,
			);
			mainGroup = A12592941994752D000196D6;
			productRefGroup = A125929E1994752D000196D6 /* Products */;
			projectDirPath = "";
			projectRoot = "";
			targets = (
				A125929C1994752D000196D6 /* UIExample */,
				A12592B21994752D000196D6 /* UIExampleTests */,
			);
		};
/* End PBXProject section */

/* Begin PBXResourcesBuildPhase section */
		A125929B1994752D000196D6 /* Resources */ = {
			isa = PBXResourcesBuildPhase;
			buildActionMask = 2147483647;
			files = (
				A12592AE1994752D000196D6 /* Images.xcassets in Resources */,
				A12592C5199475A1000196D6 /* background.png in Resources */,
				A15E740F199496D3003B83DA /* enemy.png in Resources */,
				A12592A51994752D000196D6 /* GameScene.sks in Resources */,
				A12592AC1994752D000196D6 /* Main.storyboard in Resources */,
			);
			runOnlyForDeploymentPostprocessing = 0;
		};
		A12592B11994752D000196D6 /* Resources */ = {
			isa = PBXResourcesBuildPhase;
			buildActionMask = 2147483647;
			files = (
			);
			runOnlyForDeploymentPostprocessing = 0;
		};
/* End PBXResourcesBuildPhase section */

/* Begin PBXSourcesBuildPhase section */
		A12592991994752D000196D6 /* Sources */ = {
			isa = PBXSourcesBuildPhase;
			buildActionMask = 2147483647;
			files = (
				A12592A71994752D000196D6 /* GameScene.swift in Sources */,
				A12592A91994752D000196D6 /* GameViewController.swift in Sources */,
				A12592A31994752D000196D6 /* AppDelegate.swift in Sources */,
			);
			runOnlyForDeploymentPostprocessing = 0;
		};
		A12592AF1994752D000196D6 /* Sources */ = {
			isa = PBXSourcesBuildPhase;
			buildActionMask = 2147483647;
			files = (
				A12592BA1994752D000196D6 /* UIExampleTests.swift in Sources */,
			);
			runOnlyForDeploymentPostprocessing = 0;
		};
/* End PBXSourcesBuildPhase section */

/* Begin PBXTargetDependency section */
		A12592B51994752D000196D6 /* PBXTargetDependency */ = {
			isa = PBXTargetDependency;
			target = A125929C1994752D000196D6 /* UIExample */;
			targetProxy = A12592B41994752D000196D6 /* PBXContainerItemProxy */;
		};
/* End PBXTargetDependency section */

/* Begin PBXVariantGroup section */
		A12592AA1994752D000196D6 /* Main.storyboard */ = {
			isa = PBXVariantGroup;
			children = (
				A12592AB1994752D000196D6 /* Base */,
			);
			name = Main.storyboard;
			sourceTree = "<group>";
		};
/* End PBXVariantGroup section */

/* Begin XCBuildConfiguration section */
		A12592BB1994752D000196D6 /* Debug */ = {
			isa = XCBuildConfiguration;
			buildSettings = {
				ALWAYS_SEARCH_USER_PATHS = NO;
				CLANG_CXX_LANGUAGE_STANDARD = "gnu++0x";
				CLANG_CXX_LIBRARY = "libc++";
				CLANG_ENABLE_MODULES = YES;
				CLANG_ENABLE_OBJC_ARC = YES;
				CLANG_WARN_BOOL_CONVERSION = YES;
				CLANG_WARN_CONSTANT_CONVERSION = YES;
				CLANG_WARN_DIRECT_OBJC_ISA_USAGE = YES_ERROR;
				CLANG_WARN_EMPTY_BODY = YES;
				CLANG_WARN_ENUM_CONVERSION = YES;
				CLANG_WARN_INT_CONVERSION = YES;
				CLANG_WARN_OBJC_ROOT_CLASS = YES_ERROR;
				CLANG_WARN_UNREACHABLE_CODE = YES;
				CLANG_WARN__DUPLICATE_METHOD_MATCH = YES;
				"CODE_SIGN_IDENTITY[sdk=iphoneos*]" = "iPhone Developer";
				COPY_PHASE_STRIP = NO;
				ENABLE_STRICT_OBJC_MSGSEND = YES;
				GCC_C_LANGUAGE_STANDARD = gnu99;
				GCC_DYNAMIC_NO_PIC = NO;
				GCC_OPTIMIZATION_LEVEL = 0;
				GCC_PREPROCESSOR_DEFINITIONS = (
					"DEBUG=1",
					"$(inherited)",
				);
				GCC_SYMBOLS_PRIVATE_EXTERN = NO;
				GCC_WARN_64_TO_32_BIT_CONVERSION = YES;
				GCC_WARN_ABOUT_RETURN_TYPE = YES_ERROR;
				GCC_WARN_UNDECLARED_SELECTOR = YES;
				GCC_WARN_UNINITIALIZED_AUTOS = YES_AGGRESSIVE;
				GCC_WARN_UNUSED_FUNCTION = YES;
				GCC_WARN_UNUSED_VARIABLE = YES;
				IPHONEOS_DEPLOYMENT_TARGET = 8.0;
				MTL_ENABLE_DEBUG_INFO = YES;
				ONLY_ACTIVE_ARCH = YES;
				SDKROOT = iphoneos;
				SWIFT_OPTIMIZATION_LEVEL = "-Onone";
			};
			name = Debug;
		};
		A12592BC1994752D000196D6 /* Release */ = {
			isa = XCBuildConfiguration;
			buildSettings = {
				ALWAYS_SEARCH_USER_PATHS = NO;
				CLANG_CXX_LANGUAGE_STANDARD = "gnu++0x";
				CLANG_CXX_LIBRARY = "libc++";
				CLANG_ENABLE_MODULES = YES;
				CLANG_ENABLE_OBJC_ARC = YES;
				CLANG_WARN_BOOL_CONVERSION = YES;
				CLANG_WARN_CONSTANT_CONVERSION = YES;
				CLANG_WARN_DIRECT_OBJC_ISA_USAGE = YES_ERROR;
				CLANG_WARN_EMPTY_BODY = YES;
				CLANG_WARN_ENUM_CONVERSION = YES;
				CLANG_WARN_INT_CONVERSION = YES;
				CLANG_WARN_OBJC_ROOT_CLASS = YES_ERROR;
				CLANG_WARN_UNREACHABLE_CODE = YES;
				CLANG_WARN__DUPLICATE_METHOD_MATCH = YES;
				"CODE_SIGN_IDENTITY[sdk=iphoneos*]" = "iPhone Developer";
				COPY_PHASE_STRIP = YES;
				ENABLE_NS_ASSERTIONS = NO;
				ENABLE_STRICT_OBJC_MSGSEND = YES;
				GCC_C_LANGUAGE_STANDARD = gnu99;
				GCC_WARN_64_TO_32_BIT_CONVERSION = YES;
				GCC_WARN_ABOUT_RETURN_TYPE = YES_ERROR;
				GCC_WARN_UNDECLARED_SELECTOR = YES;
				GCC_WARN_UNINITIALIZED_AUTOS = YES_AGGRESSIVE;
				GCC_WARN_UNUSED_FUNCTION = YES;
				GCC_WARN_UNUSED_VARIABLE = YES;
				IPHONEOS_DEPLOYMENT_TARGET = 8.0;
				MTL_ENABLE_DEBUG_INFO = NO;
				SDKROOT = iphoneos;
				VALIDATE_PRODUCT = YES;
			};
			name = Release;
		};
		A12592BE1994752D000196D6 /* Debug */ = {
			isa = XCBuildConfiguration;
			buildSettings = {
				ASSETCATALOG_COMPILER_APPICON_NAME = AppIcon;
				ASSETCATALOG_COMPILER_LAUNCHIMAGE_NAME = LaunchImage;
				INFOPLIST_FILE = UIExample/Info.plist;
				IPHONEOS_DEPLOYMENT_TARGET = 7.1;
				LD_RUNPATH_SEARCH_PATHS = "$(inherited) @executable_path/Frameworks";
				PRODUCT_NAME = "$(TARGET_NAME)";
				TARGETED_DEVICE_FAMILY = 1;
			};
			name = Debug;
		};
		A12592BF1994752D000196D6 /* Release */ = {
			isa = XCBuildConfiguration;
			buildSettings = {
				ASSETCATALOG_COMPILER_APPICON_NAME = AppIcon;
				ASSETCATALOG_COMPILER_LAUNCHIMAGE_NAME = LaunchImage;
				INFOPLIST_FILE = UIExample/Info.plist;
				IPHONEOS_DEPLOYMENT_TARGET = 7.1;
				LD_RUNPATH_SEARCH_PATHS = "$(inherited) @executable_path/Frameworks";
				PRODUCT_NAME = "$(TARGET_NAME)";
				TARGETED_DEVICE_FAMILY = 1;
			};
			name = Release;
		};
		A12592C11994752D000196D6 /* Debug */ = {
			isa = XCBuildConfiguration;
			buildSettings = {
				BUNDLE_LOADER = "$(BUILT_PRODUCTS_DIR)/UIExample.app/UIExample";
				FRAMEWORK_SEARCH_PATHS = (
					"$(SDKROOT)/Developer/Library/Frameworks",
					"$(inherited)",
				);
				GCC_PREPROCESSOR_DEFINITIONS = (
					"DEBUG=1",
					"$(inherited)",
				);
				INFOPLIST_FILE = UIExampleTests/Info.plist;
				LD_RUNPATH_SEARCH_PATHS = "$(inherited) @executable_path/Frameworks @loader_path/Frameworks";
				PRODUCT_NAME = "$(TARGET_NAME)";
				TEST_HOST = "$(BUNDLE_LOADER)";
			};
			name = Debug;
		};
		A12592C21994752D000196D6 /* Release */ = {
			isa = XCBuildConfiguration;
			buildSettings = {
				BUNDLE_LOADER = "$(BUILT_PRODUCTS_DIR)/UIExample.app/UIExample";
				FRAMEWORK_SEARCH_PATHS = (
					"$(SDKROOT)/Developer/Library/Frameworks",
					"$(inherited)",
				);
				INFOPLIST_FILE = UIExampleTests/Info.plist;
				LD_RUNPATH_SEARCH_PATHS = "$(inherited) @executable_path/Frameworks @loader_path/Frameworks";
				PRODUCT_NAME = "$(TARGET_NAME)";
				TEST_HOST = "$(BUNDLE_LOADER)";
			};
			name = Release;
		};
/* End XCBuildConfiguration section */

/* Begin XCConfigurationList section */
		A12592981994752D000196D6 /* Build configuration list for PBXProject "UIExample" */ = {
			isa = XCConfigurationList;
			buildConfigurations = (
				A12592BB1994752D000196D6 /* Debug */,
				A12592BC1994752D000196D6 /* Release */,
			);
			defaultConfigurationIsVisible = 0;
			defaultConfigurationName = Release;
		};
		A12592BD1994752D000196D6 /* Build configuration list for PBXNativeTarget "UIExample" */ = {
			isa = XCConfigurationList;
			buildConfigurations = (
				A12592BE1994752D000196D6 /* Debug */,
				A12592BF1994752D000196D6 /* Release */,
			);
			defaultConfigurationIsVisible = 0;
			defaultConfigurationName = Release;
		};
		A12592C01994752D000196D6 /* Build configuration list for PBXNativeTarget "UIExampleTests" */ = {
			isa = XCConfigurationList;
			buildConfigurations = (
				A12592C11994752D000196D6 /* Debug */,
				A12592C21994752D000196D6 /* Release */,
			);
			defaultConfigurationIsVisible = 0;
			defaultConfigurationName = Release;
		};
/* End XCConfigurationList section */
	};
	rootObject = A12592951994752D000196D6 /* Project object */;
}
