// !$*UTF8*$!
{
	archiveVersion = 1;
	classes = {
	};
	objectVersion = 46;
	objects = {

/* Begin PBXBuildFile section */
		F8A501CB1978E6C60026B408 /* AppDelegate.swift in Sources */ = {isa = PBXBuildFile; fileRef = F8A501CA1978E6C60026B408 /* AppDelegate.swift */; };
		F8A501CD1978E6C60026B408 /* ViewController.swift in Sources */ = {isa = PBXBuildFile; fileRef = F8A501CC1978E6C60026B408 /* ViewController.swift */; };
		F8A501D01978E6C60026B408 /* Main.storyboard in Resources */ = {isa = PBXBuildFile; fileRef = F8A501CE1978E6C60026B408 /* Main.storyboard */; };
		F8A501D21978E6C60026B408 /* Images.xcassets in Resources */ = {isa = PBXBuildFile; fileRef = F8A501D11978E6C60026B408 /* Images.xcassets */; };
		F8A501DE1978E6C60026B408 /* newServerBeaconProgramTests.swift in Sources */ = {isa = PBXBuildFile; fileRef = F8A501DD1978E6C60026B408 /* newServerBeaconProgramTests.swift */; };
		F8A501E81978E8920026B408 /* Accounts.framework in Frameworks */ = {isa = PBXBuildFile; fileRef = F8A501E71978E8920026B408 /* Accounts.framework */; };
		F8A501EA1978F0500026B408 /* CoreLocation.framework in Frameworks */ = {isa = PBXBuildFile; fileRef = F8A501E91978F0500026B408 /* CoreLocation.framework */; };
		F8A501EC1978F0560026B408 /* Foundation.framework in Frameworks */ = {isa = PBXBuildFile; fileRef = F8A501EB1978F0560026B408 /* Foundation.framework */; };
/* End PBXBuildFile section */

/* Begin PBXContainerItemProxy section */
		F8A501D81978E6C60026B408 /* PBXContainerItemProxy */ = {
			isa = PBXContainerItemProxy;
			containerPortal = F8A501BD1978E6C60026B408 /* Project object */;
			proxyType = 1;
			remoteGlobalIDString = F8A501C41978E6C60026B408;
			remoteInfo = newServerBeaconProgram;
		};
/* End PBXContainerItemProxy section */

/* Begin PBXFileReference section */
		F8A501C51978E6C60026B408 /* newServerBeaconProgram.app */ = {isa = PBXFileReference; explicitFileType = wrapper.application; includeInIndex = 0; path = newServerBeaconProgram.app; sourceTree = BUILT_PRODUCTS_DIR; };
		F8A501C91978E6C60026B408 /* Info.plist */ = {isa = PBXFileReference; lastKnownFileType = text.plist.xml; path = Info.plist; sourceTree = "<group>"; };
		F8A501CA1978E6C60026B408 /* AppDelegate.swift */ = {isa = PBXFileReference; lastKnownFileType = sourcecode.swift; path = AppDelegate.swift; sourceTree = "<group>"; };
		F8A501CC1978E6C60026B408 /* ViewController.swift */ = {isa = PBXFileReference; lastKnownFileType = sourcecode.swift; path = ViewController.swift; sourceTree = "<group>"; };
		F8A501CF1978E6C60026B408 /* Base */ = {isa = PBXFileReference; lastKnownFileType = file.storyboard; name = Base; path = Base.lproj/Main.storyboard; sourceTree = "<group>"; };
		F8A501D11978E6C60026B408 /* Images.xcassets */ = {isa = PBXFileReference; lastKnownFileType = folder.assetcatalog; path = Images.xcassets; sourceTree = "<group>"; };
		F8A501D71978E6C60026B408 /* newServerBeaconProgramTests.xctest */ = {isa = PBXFileReference; explicitFileType = wrapper.cfbundle; includeInIndex = 0; path = newServerBeaconProgramTests.xctest; sourceTree = BUILT_PRODUCTS_DIR; };
		F8A501DC1978E6C60026B408 /* Info.plist */ = {isa = PBXFileReference; lastKnownFileType = text.plist.xml; path = Info.plist; sourceTree = "<group>"; };
		F8A501DD1978E6C60026B408 /* newServerBeaconProgramTests.swift */ = {isa = PBXFileReference; lastKnownFileType = sourcecode.swift; path = newServerBeaconProgramTests.swift; sourceTree = "<group>"; };
		F8A501E71978E8920026B408 /* Accounts.framework */ = {isa = PBXFileReference; lastKnownFileType = wrapper.framework; name = Accounts.framework; path = System/Library/Frameworks/Accounts.framework; sourceTree = SDKROOT; };
		F8A501E91978F0500026B408 /* CoreLocation.framework */ = {isa = PBXFileReference; lastKnownFileType = wrapper.framework; name = CoreLocation.framework; path = System/Library/Frameworks/CoreLocation.framework; sourceTree = SDKROOT; };
		F8A501EB1978F0560026B408 /* Foundation.framework */ = {isa = PBXFileReference; lastKnownFileType = wrapper.framework; name = Foundation.framework; path = System/Library/Frameworks/Foundation.framework; sourceTree = SDKROOT; };
/* End PBXFileReference section */

/* Begin PBXFrameworksBuildPhase section */
		F8A501C21978E6C60026B408 /* Frameworks */ = {
			isa = PBXFrameworksBuildPhase;
			buildActionMask = 2147483647;
			files = (
				F8A501EC1978F0560026B408 /* Foundation.framework in Frameworks */,
				F8A501EA1978F0500026B408 /* CoreLocation.framework in Frameworks */,
				F8A501E81978E8920026B408 /* Accounts.framework in Frameworks */,
			);
			runOnlyForDeploymentPostprocessing = 0;
		};
		F8A501D41978E6C60026B408 /* Frameworks */ = {
			isa = PBXFrameworksBuildPhase;
			buildActionMask = 2147483647;
			files = (
			);
			runOnlyForDeploymentPostprocessing = 0;
		};
/* End PBXFrameworksBuildPhase section */

/* Begin PBXGroup section */
		F8A501BC1978E6C60026B408 = {
			isa = PBXGroup;
			children = (
				F8A501EB1978F0560026B408 /* Foundation.framework */,
				F8A501E91978F0500026B408 /* CoreLocation.framework */,
				F8A501E71978E8920026B408 /* Accounts.framework */,
				F8A501C71978E6C60026B408 /* newServerBeaconProgram */,
				F8A501DA1978E6C60026B408 /* newServerBeaconProgramTests */,
				F8A501C61978E6C60026B408 /* Products */,
			);
			sourceTree = "<group>";
		};
		F8A501C61978E6C60026B408 /* Products */ = {
			isa = PBXGroup;
			children = (
				F8A501C51978E6C60026B408 /* newServerBeaconProgram.app */,
				F8A501D71978E6C60026B408 /* newServerBeaconProgramTests.xctest */,
			);
			name = Products;
			sourceTree = "<group>";
		};
		F8A501C71978E6C60026B408 /* newServerBeaconProgram */ = {
			isa = PBXGroup;
			children = (
				F8A501CA1978E6C60026B408 /* AppDelegate.swift */,
				F8A501CC1978E6C60026B408 /* ViewController.swift */,
				F8A501CE1978E6C60026B408 /* Main.storyboard */,
				F8A501D11978E6C60026B408 /* Images.xcassets */,
				F8A501C81978E6C60026B408 /* Supporting Files */,
			);
			path = newServerBeaconProgram;
			sourceTree = "<group>";
		};
		F8A501C81978E6C60026B408 /* Supporting Files */ = {
			isa = PBXGroup;
			children = (
				F8A501C91978E6C60026B408 /* Info.plist */,
			);
			name = "Supporting Files";
			sourceTree = "<group>";
		};
		F8A501DA1978E6C60026B408 /* newServerBeaconProgramTests */ = {
			isa = PBXGroup;
			children = (
				F8A501DD1978E6C60026B408 /* newServerBeaconProgramTests.swift */,
				F8A501DB1978E6C60026B408 /* Supporting Files */,
			);
			path = newServerBeaconProgramTests;
			sourceTree = "<group>";
		};
		F8A501DB1978E6C60026B408 /* Supporting Files */ = {
			isa = PBXGroup;
			children = (
				F8A501DC1978E6C60026B408 /* Info.plist */,
			);
			name = "Supporting Files";
			sourceTree = "<group>";
		};
/* End PBXGroup section */

/* Begin PBXNativeTarget section */
		F8A501C41978E6C60026B408 /* newServerBeaconProgram */ = {
			isa = PBXNativeTarget;
			buildConfigurationList = F8A501E11978E6C60026B408 /* Build configuration list for PBXNativeTarget "newServerBeaconProgram" */;
			buildPhases = (
				F8A501C11978E6C60026B408 /* Sources */,
				F8A501C21978E6C60026B408 /* Frameworks */,
				F8A501C31978E6C60026B408 /* Resources */,
			);
			buildRules = (
			);
			dependencies = (
			);
			name = newServerBeaconProgram;
			productName = newServerBeaconProgram;
			productReference = F8A501C51978E6C60026B408 /* newServerBeaconProgram.app */;
			productType = "com.apple.product-type.application";
		};
		F8A501D61978E6C60026B408 /* newServerBeaconProgramTests */ = {
			isa = PBXNativeTarget;
			buildConfigurationList = F8A501E41978E6C60026B408 /* Build configuration list for PBXNativeTarget "newServerBeaconProgramTests" */;
			buildPhases = (
				F8A501D31978E6C60026B408 /* Sources */,
				F8A501D41978E6C60026B408 /* Frameworks */,
				F8A501D51978E6C60026B408 /* Resources */,
			);
			buildRules = (
			);
			dependencies = (
				F8A501D91978E6C60026B408 /* PBXTargetDependency */,
			);
			name = newServerBeaconProgramTests;
			productName = newServerBeaconProgramTests;
			productReference = F8A501D71978E6C60026B408 /* newServerBeaconProgramTests.xctest */;
			productType = "com.apple.product-type.bundle.unit-test";
		};
/* End PBXNativeTarget section */

/* Begin PBXProject section */
		F8A501BD1978E6C60026B408 /* Project object */ = {
			isa = PBXProject;
			attributes = {
				LastUpgradeCheck = 0600;
				ORGANIZATIONNAME = "ステファンアレクサンダー";
				TargetAttributes = {
					F8A501C41978E6C60026B408 = {
						CreatedOnToolsVersion = 6.0;
						DevelopmentTeam = 628U27X7NX;
					};
					F8A501D61978E6C60026B408 = {
						CreatedOnToolsVersion = 6.0;
						TestTargetID = F8A501C41978E6C60026B408;
					};
				};
			};
			buildConfigurationList = F8A501C01978E6C60026B408 /* Build configuration list for PBXProject "newServerBeaconProgram" */;
			compatibilityVersion = "Xcode 3.2";
			developmentRegion = English;
			hasScannedForEncodings = 0;
			knownRegions = (
				en,
				Base,
			);
			mainGroup = F8A501BC1978E6C60026B408;
			productRefGroup = F8A501C61978E6C60026B408 /* Products */;
			projectDirPath = "";
			projectRoot = "";
			targets = (
				F8A501C41978E6C60026B408 /* newServerBeaconProgram */,
				F8A501D61978E6C60026B408 /* newServerBeaconProgramTests */,
			);
		};
/* End PBXProject section */

/* Begin PBXResourcesBuildPhase section */
		F8A501C31978E6C60026B408 /* Resources */ = {
			isa = PBXResourcesBuildPhase;
			buildActionMask = 2147483647;
			files = (
				F8A501D01978E6C60026B408 /* Main.storyboard in Resources */,
				F8A501D21978E6C60026B408 /* Images.xcassets in Resources */,
			);
			runOnlyForDeploymentPostprocessing = 0;
		};
		F8A501D51978E6C60026B408 /* Resources */ = {
			isa = PBXResourcesBuildPhase;
			buildActionMask = 2147483647;
			files = (
			);
			runOnlyForDeploymentPostprocessing = 0;
		};
/* End PBXResourcesBuildPhase section */

/* Begin PBXSourcesBuildPhase section */
		F8A501C11978E6C60026B408 /* Sources */ = {
			isa = PBXSourcesBuildPhase;
			buildActionMask = 2147483647;
			files = (
				F8A501CD1978E6C60026B408 /* ViewController.swift in Sources */,
				F8A501CB1978E6C60026B408 /* AppDelegate.swift in Sources */,
			);
			runOnlyForDeploymentPostprocessing = 0;
		};
		F8A501D31978E6C60026B408 /* Sources */ = {
			isa = PBXSourcesBuildPhase;
			buildActionMask = 2147483647;
			files = (
				F8A501DE1978E6C60026B408 /* newServerBeaconProgramTests.swift in Sources */,
			);
			runOnlyForDeploymentPostprocessing = 0;
		};
/* End PBXSourcesBuildPhase section */

/* Begin PBXTargetDependency section */
		F8A501D91978E6C60026B408 /* PBXTargetDependency */ = {
			isa = PBXTargetDependency;
			target = F8A501C41978E6C60026B408 /* newServerBeaconProgram */;
			targetProxy = F8A501D81978E6C60026B408 /* PBXContainerItemProxy */;
		};
/* End PBXTargetDependency section */

/* Begin PBXVariantGroup section */
		F8A501CE1978E6C60026B408 /* Main.storyboard */ = {
			isa = PBXVariantGroup;
			children = (
				F8A501CF1978E6C60026B408 /* Base */,
			);
			name = Main.storyboard;
			sourceTree = "<group>";
		};
/* End PBXVariantGroup section */

/* Begin XCBuildConfiguration section */
		F8A501DF1978E6C60026B408 /* Debug */ = {
			isa = XCBuildConfiguration;
			buildSettings = {
				ALWAYS_SEARCH_USER_PATHS = NO;
				CLANG_CXX_LANGUAGE_STANDARD = "gnu++0x";
				CLANG_CXX_LIBRARY = "libc++";
				CLANG_ENABLE_MODULES = YES;
				CLANG_ENABLE_OBJC_ARC = YES;
				CLANG_WARN_BOOL_CONVERSION = YES;
				CLANG_WARN_CONSTANT_CONVERSION = YES;
				CLANG_WARN_DIRECT_OBJC_ISA_USAGE = YES_ERROR;
				CLANG_WARN_EMPTY_BODY = YES;
				CLANG_WARN_ENUM_CONVERSION = YES;
				CLANG_WARN_INT_CONVERSION = YES;
				CLANG_WARN_OBJC_ROOT_CLASS = YES_ERROR;
				CLANG_WARN_UNREACHABLE_CODE = YES;
				CLANG_WARN__DUPLICATE_METHOD_MATCH = YES;
				"CODE_SIGN_IDENTITY[sdk=iphoneos*]" = "iPhone Developer";
				COPY_PHASE_STRIP = NO;
				ENABLE_STRICT_OBJC_MSGSEND = YES;
				GCC_C_LANGUAGE_STANDARD = gnu99;
				GCC_DYNAMIC_NO_PIC = NO;
				GCC_OPTIMIZATION_LEVEL = 0;
				GCC_PREPROCESSOR_DEFINITIONS = (
					"DEBUG=1",
					"$(inherited)",
				);
				GCC_SYMBOLS_PRIVATE_EXTERN = NO;
				GCC_WARN_64_TO_32_BIT_CONVERSION = YES;
				GCC_WARN_ABOUT_RETURN_TYPE = YES_ERROR;
				GCC_WARN_UNDECLARED_SELECTOR = YES;
				GCC_WARN_UNINITIALIZED_AUTOS = YES_AGGRESSIVE;
				GCC_WARN_UNUSED_FUNCTION = YES;
				GCC_WARN_UNUSED_VARIABLE = YES;
				IPHONEOS_DEPLOYMENT_TARGET = 8.0;
				MTL_ENABLE_DEBUG_INFO = YES;
				ONLY_ACTIVE_ARCH = YES;
				SDKROOT = iphoneos;
				SWIFT_OPTIMIZATION_LEVEL = "-Onone";
			};
			name = Debug;
		};
		F8A501E01978E6C60026B408 /* Release */ = {
			isa = XCBuildConfiguration;
			buildSettings = {
				ALWAYS_SEARCH_USER_PATHS = NO;
				CLANG_CXX_LANGUAGE_STANDARD = "gnu++0x";
				CLANG_CXX_LIBRARY = "libc++";
				CLANG_ENABLE_MODULES = YES;
				CLANG_ENABLE_OBJC_ARC = YES;
				CLANG_WARN_BOOL_CONVERSION = YES;
				CLANG_WARN_CONSTANT_CONVERSION = YES;
				CLANG_WARN_DIRECT_OBJC_ISA_USAGE = YES_ERROR;
				CLANG_WARN_EMPTY_BODY = YES;
				CLANG_WARN_ENUM_CONVERSION = YES;
				CLANG_WARN_INT_CONVERSION = YES;
				CLANG_WARN_OBJC_ROOT_CLASS = YES_ERROR;
				CLANG_WARN_UNREACHABLE_CODE = YES;
				CLANG_WARN__DUPLICATE_METHOD_MATCH = YES;
				"CODE_SIGN_IDENTITY[sdk=iphoneos*]" = "iPhone Developer";
				COPY_PHASE_STRIP = YES;
				ENABLE_NS_ASSERTIONS = NO;
				ENABLE_STRICT_OBJC_MSGSEND = YES;
				GCC_C_LANGUAGE_STANDARD = gnu99;
				GCC_WARN_64_TO_32_BIT_CONVERSION = YES;
				GCC_WARN_ABOUT_RETURN_TYPE = YES_ERROR;
				GCC_WARN_UNDECLARED_SELECTOR = YES;
				GCC_WARN_UNINITIALIZED_AUTOS = YES_AGGRESSIVE;
				GCC_WARN_UNUSED_FUNCTION = YES;
				GCC_WARN_UNUSED_VARIABLE = YES;
				IPHONEOS_DEPLOYMENT_TARGET = 8.0;
				MTL_ENABLE_DEBUG_INFO = NO;
				SDKROOT = iphoneos;
				VALIDATE_PRODUCT = YES;
			};
			name = Release;
		};
		F8A501E21978E6C60026B408 /* Debug */ = {
			isa = XCBuildConfiguration;
			buildSettings = {
				ASSETCATALOG_COMPILER_APPICON_NAME = AppIcon;
				ASSETCATALOG_COMPILER_LAUNCHIMAGE_NAME = LaunchImage;
				CODE_SIGN_IDENTITY = "iPhone Developer: やまと 歌丸 (H4XC24B75K)";
				INFOPLIST_FILE = newServerBeaconProgram/Info.plist;
				IPHONEOS_DEPLOYMENT_TARGET = 7.1;
				LD_RUNPATH_SEARCH_PATHS = "$(inherited) @executable_path/Frameworks";
				PRODUCT_NAME = "$(TARGET_NAME)";
			};
			name = Debug;
		};
		F8A501E31978E6C60026B408 /* Release */ = {
			isa = XCBuildConfiguration;
			buildSettings = {
				ASSETCATALOG_COMPILER_APPICON_NAME = AppIcon;
				ASSETCATALOG_COMPILER_LAUNCHIMAGE_NAME = LaunchImage;
				CODE_SIGN_IDENTITY = "iPhone Developer: やまと 歌丸 (H4XC24B75K)";
				INFOPLIST_FILE = newServerBeaconProgram/Info.plist;
				IPHONEOS_DEPLOYMENT_TARGET = 7.1;
				LD_RUNPATH_SEARCH_PATHS = "$(inherited) @executable_path/Frameworks";
				PRODUCT_NAME = "$(TARGET_NAME)";
			};
			name = Release;
		};
		F8A501E51978E6C60026B408 /* Debug */ = {
			isa = XCBuildConfiguration;
			buildSettings = {
				BUNDLE_LOADER = "$(BUILT_PRODUCTS_DIR)/newServerBeaconProgram.app/newServerBeaconProgram";
				FRAMEWORK_SEARCH_PATHS = (
					"$(SDKROOT)/Developer/Library/Frameworks",
					"$(inherited)",
				);
				GCC_PREPROCESSOR_DEFINITIONS = (
					"DEBUG=1",
					"$(inherited)",
				);
				INFOPLIST_FILE = newServerBeaconProgramTests/Info.plist;
				LD_RUNPATH_SEARCH_PATHS = "$(inherited) @executable_path/Frameworks @loader_path/Frameworks";
				PRODUCT_NAME = "$(TARGET_NAME)";
				TEST_HOST = "$(BUNDLE_LOADER)";
			};
			name = Debug;
		};
		F8A501E61978E6C60026B408 /* Release */ = {
			isa = XCBuildConfiguration;
			buildSettings = {
				BUNDLE_LOADER = "$(BUILT_PRODUCTS_DIR)/newServerBeaconProgram.app/newServerBeaconProgram";
				FRAMEWORK_SEARCH_PATHS = (
					"$(SDKROOT)/Developer/Library/Frameworks",
					"$(inherited)",
				);
				INFOPLIST_FILE = newServerBeaconProgramTests/Info.plist;
				LD_RUNPATH_SEARCH_PATHS = "$(inherited) @executable_path/Frameworks @loader_path/Frameworks";
				PRODUCT_NAME = "$(TARGET_NAME)";
				TEST_HOST = "$(BUNDLE_LOADER)";
			};
			name = Release;
		};
/* End XCBuildConfiguration section */

/* Begin XCConfigurationList section */
		F8A501C01978E6C60026B408 /* Build configuration list for PBXProject "newServerBeaconProgram" */ = {
			isa = XCConfigurationList;
			buildConfigurations = (
				F8A501DF1978E6C60026B408 /* Debug */,
				F8A501E01978E6C60026B408 /* Release */,
			);
			defaultConfigurationIsVisible = 0;
			defaultConfigurationName = Release;
		};
		F8A501E11978E6C60026B408 /* Build configuration list for PBXNativeTarget "newServerBeaconProgram" */ = {
			isa = XCConfigurationList;
			buildConfigurations = (
				F8A501E21978E6C60026B408 /* Debug */,
				F8A501E31978E6C60026B408 /* Release */,
			);
			defaultConfigurationIsVisible = 0;
		};
		F8A501E41978E6C60026B408 /* Build configuration list for PBXNativeTarget "newServerBeaconProgramTests" */ = {
			isa = XCConfigurationList;
			buildConfigurations = (
				F8A501E51978E6C60026B408 /* Debug */,
				F8A501E61978E6C60026B408 /* Release */,
			);
			defaultConfigurationIsVisible = 0;
		};
/* End XCConfigurationList section */
	};
	rootObject = F8A501BD1978E6C60026B408 /* Project object */;
}
